{
  "version": 4,
  "terraform_version": "1.9.5",
  "serial": 292,
  "lineage": "cbdd0191-7185-3705-b185-a162c0fc3cb3",
  "outputs": {
    "vm_details": {
      "value": {
        "cfg-01": {
          "hostname": "birdbath-test-cfg-01",
          "vm_ips": "10.42.36.81"
        },
        "jmp-01": {
          "hostname": "birdbath-test-jmp-01",
          "vm_ips": "10.42.36.66"
        },
        "jmp-02": {
          "hostname": "birdbath-test-jmp-02",
          "vm_ips": "10.42.36.109"
        },
        "log-01": {
          "hostname": "birdbath-test-log-01",
          "vm_ips": "10.42.36.121"
        },
        "mon-01": {
          "hostname": "birdbath-test-mon-01",
          "vm_ips": "10.42.36.107"
        },
        "netsvc-01": {
          "hostname": "birdbath-test-netsvc-01",
          "vm_ips": "10.42.36.110"
        },
        "openscrch-01": {
          "hostname": "birdbath-test-openscrch-01",
          "vm_ips": "10.42.36.112"
        },
        "openscrch-02": {
          "hostname": "birdbath-test-openscrch-02",
          "vm_ips": "10.42.36.108"
        },
        "openscrch-03": {
          "hostname": "birdbath-test-openscrch-03",
          "vm_ips": "10.42.36.113"
        }
      },
      "type": [
        "object",
        {
          "cfg-01": [
            "object",
            {
              "hostname": "string",
              "vm_ips": "string"
            }
          ],
          "jmp-01": [
            "object",
            {
              "hostname": "string",
              "vm_ips": "string"
            }
          ],
          "jmp-02": [
            "object",
            {
              "hostname": "string",
              "vm_ips": "string"
            }
          ],
          "log-01": [
            "object",
            {
              "hostname": "string",
              "vm_ips": "string"
            }
          ],
          "mon-01": [
            "object",
            {
              "hostname": "string",
              "vm_ips": "string"
            }
          ],
          "netsvc-01": [
            "object",
            {
              "hostname": "string",
              "vm_ips": "string"
            }
          ],
          "openscrch-01": [
            "object",
            {
              "hostname": "string",
              "vm_ips": "string"
            }
          ],
          "openscrch-02": [
            "object",
            {
              "hostname": "string",
              "vm_ips": "string"
            }
          ],
          "openscrch-03": [
            "object",
            {
              "hostname": "string",
              "vm_ips": "string"
            }
          ]
        }
      ]
    }
  },
  "resources": [
    {
      "module": "module.cfg-01",
      "mode": "managed",
      "type": "nutanix_virtual_machine",
      "name": "vm",
      "provider": "provider[\"registry.terraform.io/nutanix/nutanix\"]",
      "instances": [
        {
          "schema_version": 1,
          "attributes": {
            "api_version": "3.1",
            "availability_zone_reference": {},
            "boot_device_disk_address": {},
            "boot_device_mac_address": "",
            "boot_device_order_list": [],
            "boot_type": "",
            "categories": [],
            "cloud_init_cdrom_uuid": "2b0e7668-8e7c-4aa8-bba1-b285e52b797d",
            "cluster_name": "PHX-POC036",
            "cluster_uuid": "00062139-bb4d-225a-0000-00000002ad3c",
            "description": "My Terraform managed VM",
            "disk_list": [
              {
                "data_source_reference": {
                  "kind": "image",
                  "uuid": "4fe6a7d3-35ee-4158-932a-070dadd7bc78"
                },
                "device_properties": [
                  {
                    "device_type": "DISK",
                    "disk_address": {
                      "adapter_type": "SCSI",
                      "device_index": "0"
                    }
                  }
                ],
                "disk_size_bytes": 3758096384,
                "disk_size_mib": 3584,
                "storage_config": [
                  {
                    "flash_mode": "",
                    "storage_container_reference": [
                      {
                        "kind": "storage_container",
                        "name": "SelfServiceContainer",
                        "url": "",
                        "uuid": "13c0e787-e618-46b3-869e-32b630fc7a03"
                      }
                    ]
                  }
                ],
                "uuid": "47e46c12-95ea-4a55-a944-801515e4978c",
                "volume_group_reference": {}
              },
              {
                "data_source_reference": {},
                "device_properties": [
                  {
                    "device_type": "DISK",
                    "disk_address": {
                      "adapter_type": "SCSI",
                      "device_index": "1"
                    }
                  }
                ],
                "disk_size_bytes": 42949672960,
                "disk_size_mib": 40960,
                "storage_config": [
                  {
                    "flash_mode": "",
                    "storage_container_reference": [
                      {
                        "kind": "storage_container",
                        "name": "SelfServiceContainer",
                        "url": "",
                        "uuid": "13c0e787-e618-46b3-869e-32b630fc7a03"
                      }
                    ]
                  }
                ],
                "uuid": "33d92de0-2beb-46d6-90ee-f53355082b9e",
                "volume_group_reference": {}
              }
            ],
            "enable_cpu_passthrough": false,
            "enable_script_exec": false,
            "gpu_list": [],
            "guest_customization_cloud_init_custom_key_values": {},
            "guest_customization_cloud_init_meta_data": "",
            "guest_customization_cloud_init_user_data": "I2Nsb3VkLWNvbmZpZw0KdmVyc2lvbjogMQ0KcGFja2FnZV91cGRhdGU6IHRydWUNCmhvc3RuYW1lOiBiaXJkYmF0aC10ZXN0LWNmZy0wMQ0KbWFuYWdlX2V0Y19ob3N0czogdHJ1ZQ0KcGFja2FnZXM6DQogIC0gZ2l0DQogIC0gcHl0aG9uLWlzLXB5dGhvbjMNCiAgLSBweXRob24zLWdudXBnDQp3cml0ZV9maWxlczoNCiAgLSBwYXRoOiAvZXRjL2hvc3RzDQogICAgY29udGVudDogfA0KICAgICAgMTI3LjAuMC4xIGxvY2FsaG9zdA0KICAgICAge3stIHJhbmdlICR2bSBpbiB2bV9kZXRhaWxzIH19DQogICAgICB7eyAkdm0uaXAgfX0ge3sgJHZtLmhvc3RuYW1lIH19DQogICAgICB7ey0gZW5kIH19DQogIC0gcGF0aDogL2V0Yy9yZXNvbHYuY29uZg0KICAgIGNvbnRlbnQ6IHwNCiAgICAgIG5hbWVzZXJ2ZXIgOC44LjguOA0KICAgICAgbmFtZXNlcnZlciA4LjguNC40DQojIFNhbHQgQm9vdHN0cmFwIHNjcmlwdA0KICAtIHBhdGg6IC90bXAvZ21pdHMvc2FsdF9pbml0LnNoDQogICAgcGVybWlzc2lvbnM6ICcwNTAwJw0KICAgIGNvbnRlbnQ6IHwNCiAgICAgICMhL2Jpbi9iYXNoDQogICAgICANCiAgICAgIGV4cG9ydCBERUJJQU5fRlJPTlRFTkQ9bm9uaW50ZXJhY3RpdmUNCg0KICAgICAgR0NUT09MU19VUkw9J2h0dHBzOi8vZ2Vycml0Lmdvb2dsZXNvdXJjZS5jb20vZ2NvbXB1dGUtdG9vbHMnDQogICAgICBHUEdIT01FPScvZXRjL3NhbHQvZ3Bna2V5cycNCiAgICAgIEdNSVRTX0dJVD0naHR0cHM6Ly9nbWl0cy1pbnRlcm5hbC5nb29nbGVzb3VyY2UuY29tL3NhbHRzdGFjaycNCiAgICAgIFNBTFRfR1BHX1VSTD0naHR0cHM6Ly9yZXBvLnNhbHRwcm9qZWN0LmlvL3NhbHQvcHkzL3VidW50dS8yMi4wNC9hbWQ2NC9TQUxULVBST0pFQ1QtR1BHLVBVQktFWS0yMDIzLmdwZycNCiAgICAgIFNBTFRfUkVQT19VUkw9J2h0dHBzOi8vcmVwby5zYWx0cHJvamVjdC5pby9zYWx0L3B5My91YnVudHUvMjIuMDQvYW1kNjQvbGF0ZXN0Jw0KICAgICAgS0VZUklOR19ESVI9Jy9ldGMvYXB0L2tleXJpbmdzJw0KDQogICAgICBnaXQgY2xvbmUgJEdDVE9PTFNfVVJMDQogICAgICBzbGVlcCAxMA0KICAgICAgLi9nY29tcHV0ZS10b29scy9naXQtY29va2llLWF1dGhkYWVtb24NCiAgICAgIHNsZWVwIDEwDQogICAgICBnaXQgY2xvbmUgLWIgbWFpbiAgJEdNSVRTX0dJVCAvc3J2DQogICAgICBybSAtcmYgL3Nydi8uZ2l0IC9zcnYvUkVBRE1FLm1kIC9zcnYvLmdpdGlnbm9yZQ0KDQogICAgICBjdXJsIC1mc1NMIC1vICRLRVlSSU5HX0RJUi9zYWx0LWFyY2hpdmUta2V5cmluZy0yMDIzLmdwZyAkU0FMVF9HUEdfVVJMDQogICAgICBlY2hvICJkZWIgW3NpZ25lZC1ieT0kS0VZUklOR19ESVIvc2FsdC1hcmNoaXZlLWtleXJpbmctMjAyMy5ncGcgYXJjaD1hbWQ2NF0gJFNBTFRfUkVQT19VUkwgamFtbXkgbWFpbiIgfCB0ZWUgL2V0Yy9hcHQvc291cmNlcy5saXN0LmQvc2FsdC5saXN0DQoNCiAgICAgIG1rZGlyIC1wICRHUEdIT01FICYmIGNobW9kIC1SIDA3MDAgJEdQR0hPTUUNCiAgICAgIHRvdWNoICRHUEdIT01FL3ByaXZrZXkuZ3BnDQogICAgICBncGcgLS1ob21lZGlyICRHUEdIT01FIC0taW1wb3J0ICRHUEdIT01FL3B1YmtleS5ncGcNCiAgICAgIGdwZyAtLWltcG9ydCAkR1BHSE9NRS9wdWJrZXkuZ3BnDQogICAgICBncGcgLS1ob21lZGlyICRHUEdIT01FIC0taW1wb3J0LW93bmVydHJ1c3QgJEdQR0hPTUUvdHJ1c3QuZ3BnDQoNCiAgICAgIGFwdC1nZXQgLXFxIHVwZGF0ZQ0KICAgICAgYXB0LWdldCAtcXEgaW5zdGFsbCBzYWx0LW1hc3RlciBzYWx0LW1pbmlvbiAteQ0KICAgICAgY2hvd24gLVIgc2FsdCAkR1BHSE9NRQ0KICAgICAgc3lzdGVtY3RsIHN0YXJ0IHNhbHQtbWFzdGVyLnNlcnZpY2UNCiAgICAgIHN5c3RlbWN0bCBlbmFibGUgc2FsdC1tYXN0ZXIuc2VydmljZQ0KIyBTYWx0IG1pbmlvbiBjb25maWcgZmlsZXMNCiAgLSBwYXRoOiAvZXRjL3NhbHQvbWluaW9uLmQvOTktbWFzdGVyLWFkZHJlc3MuY29uZg0KICAgIHBlcm1pc3Npb25zOiAnMDY0NCcNCiAgICBjb250ZW50OiB8DQogICAgICBtYXN0ZXI6IGJpcmRiYXRoLXRlc3QtY2ZnLTAxDQogIC0gcGF0aDogL2V0Yy9zYWx0L21pbmlvbi5kL21pbmlvbl9pZC5jb25mDQogICAgcGVybWlzc2lvbnM6ICcwNjQ0Jw0KICAgIGNvbnRlbnQ6IHwNCiAgICAgIGlkOiBiaXJkYmF0aC10ZXN0LWNmZy0wMQ0KICAtIHBhdGg6IC9ldGMvc2FsdC9taW5pb24uZC94NTA5LmNvbmYNCiAgICBwZXJtaXNzaW9uczogJzA2NDQnDQogICAgY29udGVudDogfA0KICAgICAgZmVhdHVyZXM6DQogICAgICAgIHg1MDlfdjI6IHRydWUgICAgICANCiMgTWFzdGVyIGNvbmZpZyBmaWxlcw0KICAtIHBhdGg6IC9ldGMvc2FsdC9tYXN0ZXIuZC9wZWVyLmNvbmYNCiAgICBwZXJtaXNzaW9uczogJzA2MDAnDQogICAgY29udGVudDogfA0KICAgICAgcGVlcjoNCiAgICAgICAgLio6DQogICAgICAgICAgLSB4NTA5LnNpZ25fcmVtb3RlX2NlcnRpZmljYXRlDQogIC0gcGF0aDogL2V0Yy9zYWx0L21hc3Rlci5kL3Jvb3RzLmNvbmYNCiAgICBwZXJtaXNzaW9uczogJzA2MDAnDQogICAgY29udGVudDogfA0KICAgICAgZmlsZV9yb290czoNCiAgICAgICAgYmFzZToNCiAgICAgICAgICAtIC9zcnYvc2FsdC8NCiAgICAgICAgICAtIC9zcnYvZmlsZXMvDQogICAgICBwaWxsYXJfcm9vdHM6DQogICAgICAgIGJhc2U6DQogICAgICAgICAgLSAvc3J2L3BpbGxhci8NCiAgLSBwYXRoOiAvZXRjL3NhbHQvbWFzdGVyLmQvcGVlci5jb25mDQogICAgcGVybWlzc2lvbnM6ICcwNjAwJw0KICAgIGNvbnRlbnQ6IHwNCiAgICAgIGdwZ19rZXlkaXI6IC9ldGMvc2FsdC9ncGdrZXlzICAgIA0KICAtIHBhdGg6IC9ldGMvc2FsdC9tYXN0ZXIuZC9wZWVyLmNvbmYNCiAgICBwZXJtaXNzaW9uczogJzA2MDAnDQogICAgY29udGVudDogfA0KICAgICAgZmVhdHVyZXM6DQogICAgICAgIHg1MDlfdjI6IHRydWUNCg0KICAtIHBhdGg6IC9ldGMvc2FsdC9ncGdrZXlzL3B1YmtleS5ncGcNCiAgICBwZXJtaXNzaW9uczogJzA2MDAnDQogICAgY29udGVudDogfA0KICAgICAgLS0tLS1CRUdJTiBQR1AgUFVCTElDIEtFWSBCTE9DSy0tLS0tDQoNCiAgICAgIG1RR05CR1hCVkdnQkRBQ3BBdkdUL2p4UWN0REhoUDVUQitJS3l1T2hPMnF6d2QrWDdUamN3YUoxU0grSC9pcmsNCiAgICAgIENGRFByUzgzWVF4aDBzTHZpTWw5RUxVY3F3aVlTTEJVYlQ3S1pPNW53NFNuai85UHlOamZvY1dxbVFpVjdoUGsNCiAgICAgIGlMMjhwbk0xeGZOUHVYTXNGMkg5a1duVWZ4RHJteE91OFJHekpHWHY2TGJCc0kya1dNNzdCSnFzQWpwazYxN3oNCiAgICAgIFhKeElZM3lUUWpaQU1lRHNCWko4OExXMG10VDV4bUVjUTRoMFdyZkFkaEcxa1ZPMFpnbWVabisrMkVya3ZyMFUNCiAgICAgIE5ielNUYkpUV3RaS1RXN3cwcW8vcnZVZzdBKzdJN0JNdjVZRkZCejYxaXBLekcxNEN5TVFpZUVFdTNwOWd5Z1gNCiAgICAgIFVueVNsK1hOL2VXeGJzL3BvUWpWQ2xIWWhFcENha2F3c0dnbW5ueVNxOThEVmlwRkxONmphcU1lQk5td0tFVUsNCiAgICAgIDlRSjA0a1NMdGlMODE3Q0JRYUp3QmtTY003L2p1ZmFITTZQNDZRdWVnVFRKTnZ1d2NkSnlZdVJ6WEdvQjZUK3cNCiAgICAgIDArRytnMTU5TXo1K3F6OUpBNlBlWm81eGxGV25RR0F0c0M4UTFmT2dtTTgxUmh3QVRjOEtpdjRzMDIxbTBIeFcNCiAgICAgIGc0azAxa2psT282a1FlVUFFUUVBQWJRSVltbHlaR0poZEdpSkFkUUVFd0VLQUQ0V0lRUWRyWXNuV1FkQ1d5WHINCiAgICAgIExRVHRXNDNGZWVmdXFBVUNaY0ZVYUFJYkF3VUpBOEpuQUFVTENRZ0hBZ1lWQ2drSUN3SUVGZ0lEQVFJZUFRSVgNCiAgICAgIGdBQUtDUkR0VzQzRmVlZnVxQ0pXQy80di9rT0NBSEdsSjAxTWlwM2w3TjA4Q3JVaSs2OVFxdkJ1MnRCalNneGYNCiAgICAgIDRjNkgvM1A4azBIdWlpTTZMc1MrVy9sVnJzSWx6VjlwMFN2MjdoZFY4VU9uOENuMWJleXNOV09YaEZOV3hSYjcNCiAgICAgIGVMMm9KT1FFYVhMblo1OHY0SjRjNkJ0SGdiR1hXMElSNEpvWk1vK3JYNEhydzZrbzhiVTlNMjYxSEVSM3hiazcNCiAgICAgIE5pU1dtSFZWNU1vbkFyNjlnUUk2RE1YK2hFM1FrZUdETnZNOUd3UXlMK1Zib0RnVkU3MnE3ZE1ER1g2Ly9pNUYNCiAgICAgIHIvdjN4MWxocnp0c0lEeDJSbkh6WEsyQUxWV0VLSDh4aFNtZ3BWVW4yY2tscmQxTk40eDlFSGcrclpnMGZ2dmENCiAgICAgIGZ2RThuVC9UVFljb0ZwQkhxQWhGUGtVSHY4Q2x2RjlYZDZMMUNRa1I0dkN3d0ZmTVBITEhydUNXN1ExcGRIMmoNCiAgICAgIFVKcFByOFQ5OENpK3hyR0QxSWIxamVucDZlcWlaWjFqUTVrMVBYYTNQdDhHRjRldkt5S2VLdE02L2xXSEhuZHYNCiAgICAgIHAwNmJBRENVcjNjQURRZVYwaE1yaGhDNnhOd20xRUpYR3Zxam16ekRqNStzeDZnZWxIZHlNSk56ZmRaamdHUjYNCiAgICAgIFU5dWJtd2xpWFJrN2VVT1orVW5pdGRDNUFZMEVaY0ZVYUFFTUFORUJEeWhML1psK3IzR3VoR1lDZGZ1LzZNTmYNCiAgICAgIGFLQ09sQmNJOG1UUjZlc3ZJRndTR1l5bWtsanlaQkI1L3hhN1ROcS9IcHpDRmRXaVhTMnhVTWtIemlKWUJHKzgNCiAgICAgIGVPSmtZOExkN1BBakZ5b3F2NjBPTTBTRDU2aFZjRzFUcjFmTnRYMEJqa1NheXdYQ1ovdUFqK2pTN3NicjNvQWoNCiAgICAgIDIxZTlndllOUktEVjJpNmpRZGhjVEg1R0k3KytramE3UTY5Vm5xS1QzYnNnU04rcDNwMmxPTnJGVE5UandoeUENCiAgICAgIHE3TXNRVnZEZDJYMDJya2tSejVVWkxjZ0FtQU5ZdkdUdGs2ZU4rQmJCKzJqbElXNm9jTzUrcXgyanlZZGVxU2kNCiAgICAgIERMTVI3MnYxSkhuTWsyUjRMbE84QnRpYkttQUxrMzBDK0w2Wmh1UmNkOG1mbThuZmtRTjhVZnkzRUdJdkNMOU8NCiAgICAgIHE0cSs3ZWpZaVRxMTZDdDZuY0FzRVh3VkNqU2E1cnJUOEZtbFhGcEFwRWt0c3JSODlSUVVPeGNMbnYrV2lialENCiAgICAgIDRSTmhPT2NVbXJaQ2N2QXVubWdDQVl6T281Z3djdm9XeTNxT1BjbEpTTTl4YzNhK1BLWEdzdVJMOWM3Ty9GdjgNCiAgICAgIHZicklkSWxGOEdYbHp1T1BLMXNMZGJXZGV1RVRFMlFLLzQyS0V3QVJBUUFCaVFHOEJCZ0JDZ0FtRmlFRUhhMkwNCiAgICAgIEoxa0hRbHNsNnkwRTdWdU54WG5uN3FnRkFtWEJWR2dDR3d3RkNRUENad0FBQ2drUTdWdU54WG5uN3FqR01RdjcNCiAgICAgIEIwekZGUE9EYzJYMEtGeWg3cTFhN2dGYjNyM3Q5V1ZtTXQ3THpZRFFuMjBsTVk2OVNSbTBodnVFUEFwLzlGaVANCiAgICAgIExYdmVkemJjaUw4VkxvaUNpMDdsL2dNTThyV0lldlUveTBLbDNIRm53bjFnVzlxM3hMelhrL0QyNE44NlV6TW8NCiAgICAgIE1iYVkvbk85RWpHOXcrdEZvM002R1dDNEthd1g0MHRBbVorbVFOQmQ5TmIwTlNxNElYckpsRnlpRGtleEttV20NCiAgICAgIDVaNXQ3S2cyYkhJdTlVSUcxVERqYUZxL0FaWS92Q2p4c1piQXRKOUMwRjl1MFAwQklmN3FiY1crYjFSQ0o0ZHYNCiAgICAgIFJwK1UxWEtIY0JWQU1YdmlycnJLMUZUUGRzZTVRcnJ6UDV1cElEUk5mZ205REpkSzgvdjA1N2Z0dzRxY2syQWQNCiAgICAgICsyRk9qR1hZanNhQitjZzlMVDMzdjdIa20wWmxkeEFCWUpFTmpXNFBUeW5VOHRtWlpqeVdxYUVrcFMyZm9YTlkNCiAgICAgIGdrVDJEQmZxZjkyYXlHTTJ0aXJQWjFEUkxXSXFmS29UdjFEamk5QWMrcjRZeTh0Mm1EbHhENEhsWHFLNktvZEoNCiAgICAgIFhyV0U0a2FwaGJDbGplYldWcU9EOWpxUFBJKzhobmRrUGUyZ2xWQk0wcnZiVW4xWUhtMU9uSGVhcHNNc0JYaHINCiAgICAgID03UGg4DQogICAgICAtLS0tLUVORCBQR1AgUFVCTElDIEtFWSBCTE9DSy0tLS0tDQogIC0gcGF0aDogL2V0Yy9zYWx0L2dwZ2tleXMvdHJ1c3QuZ3BnDQogICAgcGVybWlzc2lvbnM6ICcwNjAwJw0KICAgIGNvbnRlbnQ6IHwNCiAgICAgIDFEQUQ4QjI3NTkwNzQyNUIyNUVCMkQwNEVENUI4REM1NzlFN0VFQTg6NjoNCg0KcnVuY21kOg0KICAtIHN1ZG8gLi90bXAvZ21pdHMvc2FsdF9pbml0LnNoDQogIC0gc3VkbyBob3N0bmFtZWN0bCBzZXQtaG9zdG5hbWUgYmlyZGJhdGgtdGVzdC1jZmctMDENCiAgLSBlY2hvICJVcGRhdGVkIC9ldGMvaG9zdHMgZmlsZSB3aXRoIGR5bmFtaWMgSVAgYW5kIGhvc3RuYW1lIGVudHJpZXMuIg0K",
            "guest_customization_is_overridable": false,
            "guest_customization_sysprep": {},
            "guest_customization_sysprep_custom_key_values": {},
            "guest_os_id": "",
            "hardware_clock_timezone": "UTC",
            "host_reference": {
              "kind": "host",
              "name": "10.42.36.26",
              "uuid": "43e9bfa4-1662-48d9-97ff-050f46d8ab13"
            },
            "hypervisor_type": null,
            "id": "1dc8bd88-6a65-42e6-bb3e-5336bce58a1d",
            "is_vcpu_hard_pinned": false,
            "machine_type": "PC",
            "memory_size_mib": 4096,
            "metadata": {
              "creation_time": "2024-09-06 10:44:30 +0000 UTC",
              "last_update_time": "2024-09-06 10:44:30 +0000 UTC",
              "name": "",
              "spec_hash": "",
              "spec_version": "0",
              "uuid": "1dc8bd88-6a65-42e6-bb3e-5336bce58a1d"
            },
            "name": "birdbath-test-cfg-01",
            "ngt_credentials": {},
            "ngt_enabled_capability_list": [],
            "nic_list": [
              {
                "ip_endpoint_list": [
                  {
                    "ip": "10.42.36.81",
                    "type": "ASSIGNED"
                  }
                ],
                "is_connected": "true",
                "mac_address": "50:6b:8d:a7:bf:95",
                "model": "",
                "network_function_chain_reference": {},
                "network_function_nic_type": "",
                "nic_type": "NORMAL_NIC",
                "num_queues": 0,
                "subnet_name": "primary",
                "subnet_uuid": "cf2006f1-9acf-47a9-b8fa-18d87e72af5d",
                "uuid": "e081dd0b-85b2-4bf3-9a9b-32a8e4ebe329"
              }
            ],
            "nic_list_status": [
              {
                "floating_ip": "",
                "ip_endpoint_list": [
                  {
                    "ip": "10.42.36.81",
                    "type": "ASSIGNED"
                  }
                ],
                "is_connected": "true",
                "mac_address": "50:6b:8d:a7:bf:95",
                "model": "",
                "network_function_chain_reference": {},
                "network_function_nic_type": "",
                "nic_type": "NORMAL_NIC",
                "num_queues": 0,
                "subnet_name": "primary",
                "subnet_uuid": "cf2006f1-9acf-47a9-b8fa-18d87e72af5d",
                "uuid": "e081dd0b-85b2-4bf3-9a9b-32a8e4ebe329"
              }
            ],
            "num_sockets": 1,
            "num_vcpus_per_socket": 2,
            "num_vnuma_nodes": 0,
            "nutanix_guest_tools": {},
            "owner_reference": {
              "kind": "user",
              "name": "admin",
              "uuid": "00000000-0000-0000-0000-000000000000"
            },
            "parent_reference": {},
            "power_state": "ON",
            "power_state_mechanism": "HARD",
            "project_reference": {
              "kind": "project",
              "name": "_internal",
              "uuid": "638f7fe8-11c2-4f10-b14d-8410ffd22958"
            },
            "serial_port_list": [],
            "should_fail_on_script_failure": false,
            "state": "COMPLETE",
            "timeouts": null,
            "use_hot_add": true,
            "vga_console_enabled": true
          },
          "sensitive_attributes": [],
          "private": "eyJlMmJmYjczMC1lY2FhLTExZTYtOGY4OC0zNDM2M2JjN2M0YzAiOnsiY3JlYXRlIjozNjAwMDAwMDAwMDAwLCJkZWxldGUiOjM2MDAwMDAwMDAwMDAsInVwZGF0ZSI6MzYwMDAwMDAwMDAwMH0sInNjaGVtYV92ZXJzaW9uIjoiMSJ9"
        }
      ]
    },
    {
      "module": "module.jmp-01",
      "mode": "managed",
      "type": "nutanix_virtual_machine",
      "name": "vm",
      "provider": "provider[\"registry.terraform.io/nutanix/nutanix\"]",
      "instances": [
        {
          "schema_version": 1,
          "attributes": {
            "api_version": "3.1",
            "availability_zone_reference": {},
            "boot_device_disk_address": {},
            "boot_device_mac_address": "",
            "boot_device_order_list": [],
            "boot_type": "",
            "categories": [],
            "cloud_init_cdrom_uuid": "d29201ec-9011-4bbc-b1f1-a03251c0562d",
            "cluster_name": "PHX-POC036",
            "cluster_uuid": "00062139-bb4d-225a-0000-00000002ad3c",
            "description": "My Terraform managed VM",
            "disk_list": [
              {
                "data_source_reference": {
                  "kind": "image",
                  "uuid": "4fe6a7d3-35ee-4158-932a-070dadd7bc78"
                },
                "device_properties": [
                  {
                    "device_type": "DISK",
                    "disk_address": {
                      "adapter_type": "SCSI",
                      "device_index": "0"
                    }
                  }
                ],
                "disk_size_bytes": 3758096384,
                "disk_size_mib": 3584,
                "storage_config": [
                  {
                    "flash_mode": "",
                    "storage_container_reference": [
                      {
                        "kind": "storage_container",
                        "name": "SelfServiceContainer",
                        "url": "",
                        "uuid": "13c0e787-e618-46b3-869e-32b630fc7a03"
                      }
                    ]
                  }
                ],
                "uuid": "0062e2ad-de2c-4a46-bedb-e40599dde450",
                "volume_group_reference": {}
              },
              {
                "data_source_reference": {},
                "device_properties": [
                  {
                    "device_type": "DISK",
                    "disk_address": {
                      "adapter_type": "SCSI",
                      "device_index": "1"
                    }
                  }
                ],
                "disk_size_bytes": 42949672960,
                "disk_size_mib": 40960,
                "storage_config": [
                  {
                    "flash_mode": "",
                    "storage_container_reference": [
                      {
                        "kind": "storage_container",
                        "name": "SelfServiceContainer",
                        "url": "",
                        "uuid": "13c0e787-e618-46b3-869e-32b630fc7a03"
                      }
                    ]
                  }
                ],
                "uuid": "b1ee9967-d536-46e0-b1ab-5ada1572f946",
                "volume_group_reference": {}
              }
            ],
            "enable_cpu_passthrough": false,
            "enable_script_exec": false,
            "gpu_list": [],
            "guest_customization_cloud_init_custom_key_values": {},
            "guest_customization_cloud_init_meta_data": "",
            "guest_customization_cloud_init_user_data": "I2Nsb3VkLWNvbmZpZw0KdmVyc2lvbjogMQ0KcGFja2FnZV91cGRhdGU6IHRydWUNCmhvc3RuYW1lOiBiaXJkYmF0aC10ZXN0LWptcC0wMQ0KbWFuYWdlX2V0Y19ob3N0czogdHJ1ZQ0KcGFja2FnZXM6DQogIC0gZ2l0DQogIC0gcHl0aG9uLWlzLXB5dGhvbjMNCiAgLSBweXRob24zLWdudXBnDQp3cml0ZV9maWxlczoNCiAgLSBwYXRoOiAvZXRjL2hvc3RzDQogICAgY29udGVudDogfA0KICAgICAgMTI3LjAuMC4xIGxvY2FsaG9zdA0KICAgICAge3stIHJhbmdlICR2bSBpbiB2bV9kZXRhaWxzIH19DQogICAgICB7eyAkdm0uaXAgfX0ge3sgJHZtLmhvc3RuYW1lIH19DQogICAgICB7ey0gZW5kIH19DQogIC0gcGF0aDogL2V0Yy9yZXNvbHYuY29uZg0KICAgIGNvbnRlbnQ6IHwNCiAgICAgIG5hbWVzZXJ2ZXIgOC44LjguOA0KICAgICAgbmFtZXNlcnZlciA4LjguNC40DQojIFNhbHQgQm9vdHN0cmFwIHNjcmlwdA0KICAtIHBhdGg6IC90bXAvZ21pdHMvc2FsdF9pbml0LnNoDQogICAgcGVybWlzc2lvbnM6ICcwNTAwJw0KICAgIGNvbnRlbnQ6IHwNCiAgICAgICMhL2Jpbi9iYXNoDQogICAgICANCiAgICAgIGV4cG9ydCBERUJJQU5fRlJPTlRFTkQ9bm9uaW50ZXJhY3RpdmUNCg0KICAgICAgU0FMVF9HUEdfVVJMPSdodHRwczovL3JlcG8uc2FsdHByb2plY3QuaW8vc2FsdC9weTMvdWJ1bnR1LzIyLjA0L2FtZDY0L1NBTFQtUFJPSkVDVC1HUEctUFVCS0VZLTIwMjMuZ3BnJw0KICAgICAgU0FMVF9SRVBPX1VSTD0naHR0cHM6Ly9yZXBvLnNhbHRwcm9qZWN0LmlvL3NhbHQvcHkzL3VidW50dS8yMi4wNC9hbWQ2NC9sYXRlc3QnDQogICAgICBLRVlSSU5HX0RJUj0nL2V0Yy9hcHQva2V5cmluZ3MnDQoNCiAgICAgIGN1cmwgLWZzU0wgLW8gJEtFWVJJTkdfRElSL3NhbHQtYXJjaGl2ZS1rZXlyaW5nLTIwMjMuZ3BnICRTQUxUX0dQR19VUkwNCiAgICAgIGVjaG8gImRlYiBbc2lnbmVkLWJ5PSRLRVlSSU5HX0RJUi9zYWx0LWFyY2hpdmUta2V5cmluZy0yMDIzLmdwZyBhcmNoPWFtZDY0XSAkU0FMVF9SRVBPX1VSTCBqYW1teSBtYWluIiB8IHRlZSAvZXRjL2FwdC9zb3VyY2VzLmxpc3QuZC9zYWx0Lmxpc3QNCg0KICAgICAgYXB0LWdldCB1cGRhdGUgJiYgYXB0LWdldCBpbnN0YWxsIC1xcSBzYWx0LW1pbmlvbiAteQ0KIyBTYWx0IG1pbmlvbiBjb25maWcgZmlsZXMNCiAgLSBwYXRoOiAvZXRjL3NhbHQvbWluaW9uLmQvOTktbWFzdGVyLWFkZHJlc3MuY29uZg0KICAgIHBlcm1pc3Npb25zOiAnMDY0NCcNCiAgICBjb250ZW50OiB8DQogICAgICBtYXN0ZXI6IGJpcmRiYXRoLXRlc3QtY2ZnLTAxDQogIC0gcGF0aDogL2V0Yy9zYWx0L21pbmlvbi5kL21pbmlvbl9pZC5jb25mDQogICAgcGVybWlzc2lvbnM6ICcwNjQ0Jw0KICAgIGNvbnRlbnQ6IHwNCiAgICAgIGlkOiBiaXJkYmF0aC10ZXN0LWptcC0wMQ0KICAtIHBhdGg6IC9ldGMvc2FsdC9taW5pb24uZC94NTA5LmNvbmYNCiAgICBwZXJtaXNzaW9uczogJzA2NDQnDQogICAgY29udGVudDogfA0KICAgICAgZmVhdHVyZXM6DQogICAgICAgIHg1MDlfdjI6IHRydWUNCg0KcnVuY21kOg0KICAtIHN1ZG8gLi90bXAvZ21pdHMvc2FsdF9pbml0LnNoDQogIC0gc3VkbyBob3N0bmFtZWN0bCBzZXQtaG9zdG5hbWUgYmlyZGJhdGgtdGVzdC1qbXAtMDEgDQogIC0gZWNobyAiVXBkYXRlZCAvZXRjL2hvc3RzIGZpbGUgd2l0aCBkeW5hbWljIElQIGFuZCBob3N0bmFtZSBlbnRyaWVzLiINCg==",
            "guest_customization_is_overridable": false,
            "guest_customization_sysprep": {},
            "guest_customization_sysprep_custom_key_values": {},
            "guest_os_id": "",
            "hardware_clock_timezone": "UTC",
            "host_reference": {
              "kind": "host",
              "name": "10.42.36.28",
              "uuid": "b7c0426f-f7f5-4722-a7ce-451b7d0c8cc6"
            },
            "hypervisor_type": null,
            "id": "78247c8d-27b6-4d89-b32e-3ff58fd52fee",
            "is_vcpu_hard_pinned": false,
            "machine_type": "PC",
            "memory_size_mib": 4096,
            "metadata": {
              "creation_time": "2024-09-06 10:44:27 +0000 UTC",
              "last_update_time": "2024-09-06 10:44:27 +0000 UTC",
              "name": "",
              "spec_hash": "",
              "spec_version": "0",
              "uuid": "78247c8d-27b6-4d89-b32e-3ff58fd52fee"
            },
            "name": "birdbath-test-jmp-01",
            "ngt_credentials": {},
            "ngt_enabled_capability_list": [],
            "nic_list": [
              {
                "ip_endpoint_list": [
                  {
                    "ip": "10.42.36.66",
                    "type": "ASSIGNED"
                  }
                ],
                "is_connected": "true",
                "mac_address": "50:6b:8d:96:77:61",
                "model": "",
                "network_function_chain_reference": {},
                "network_function_nic_type": "",
                "nic_type": "NORMAL_NIC",
                "num_queues": 0,
                "subnet_name": "primary",
                "subnet_uuid": "cf2006f1-9acf-47a9-b8fa-18d87e72af5d",
                "uuid": "ba9efc4f-8fc1-4fe9-8249-94d4c7d40ad0"
              }
            ],
            "nic_list_status": [
              {
                "floating_ip": "",
                "ip_endpoint_list": [
                  {
                    "ip": "10.42.36.66",
                    "type": "ASSIGNED"
                  }
                ],
                "is_connected": "true",
                "mac_address": "50:6b:8d:96:77:61",
                "model": "",
                "network_function_chain_reference": {},
                "network_function_nic_type": "",
                "nic_type": "NORMAL_NIC",
                "num_queues": 0,
                "subnet_name": "primary",
                "subnet_uuid": "cf2006f1-9acf-47a9-b8fa-18d87e72af5d",
                "uuid": "ba9efc4f-8fc1-4fe9-8249-94d4c7d40ad0"
              }
            ],
            "num_sockets": 1,
            "num_vcpus_per_socket": 2,
            "num_vnuma_nodes": 0,
            "nutanix_guest_tools": {},
            "owner_reference": {
              "kind": "user",
              "name": "admin",
              "uuid": "00000000-0000-0000-0000-000000000000"
            },
            "parent_reference": {},
            "power_state": "ON",
            "power_state_mechanism": "HARD",
            "project_reference": {
              "kind": "project",
              "name": "_internal",
              "uuid": "638f7fe8-11c2-4f10-b14d-8410ffd22958"
            },
            "serial_port_list": [],
            "should_fail_on_script_failure": false,
            "state": "COMPLETE",
            "timeouts": null,
            "use_hot_add": true,
            "vga_console_enabled": true
          },
          "sensitive_attributes": [],
          "private": "eyJlMmJmYjczMC1lY2FhLTExZTYtOGY4OC0zNDM2M2JjN2M0YzAiOnsiY3JlYXRlIjozNjAwMDAwMDAwMDAwLCJkZWxldGUiOjM2MDAwMDAwMDAwMDAsInVwZGF0ZSI6MzYwMDAwMDAwMDAwMH0sInNjaGVtYV92ZXJzaW9uIjoiMSJ9"
        }
      ]
    },
    {
      "module": "module.jmp-02",
      "mode": "managed",
      "type": "nutanix_virtual_machine",
      "name": "vm",
      "provider": "provider[\"registry.terraform.io/nutanix/nutanix\"]",
      "instances": [
        {
          "schema_version": 1,
          "attributes": {
            "api_version": "3.1",
            "availability_zone_reference": {},
            "boot_device_disk_address": {},
            "boot_device_mac_address": "",
            "boot_device_order_list": [],
            "boot_type": "",
            "categories": [],
            "cloud_init_cdrom_uuid": "65b45f80-ac51-4379-bd98-d349b95e74a7",
            "cluster_name": "PHX-POC036",
            "cluster_uuid": "00062139-bb4d-225a-0000-00000002ad3c",
            "description": "My Terraform managed VM",
            "disk_list": [
              {
                "data_source_reference": {
                  "kind": "image",
                  "uuid": "4fe6a7d3-35ee-4158-932a-070dadd7bc78"
                },
                "device_properties": [
                  {
                    "device_type": "DISK",
                    "disk_address": {
                      "adapter_type": "SCSI",
                      "device_index": "0"
                    }
                  }
                ],
                "disk_size_bytes": 3758096384,
                "disk_size_mib": 3584,
                "storage_config": [
                  {
                    "flash_mode": "",
                    "storage_container_reference": [
                      {
                        "kind": "storage_container",
                        "name": "SelfServiceContainer",
                        "url": "",
                        "uuid": "13c0e787-e618-46b3-869e-32b630fc7a03"
                      }
                    ]
                  }
                ],
                "uuid": "7bfa1836-7951-4653-8ab5-e287b0f2db23",
                "volume_group_reference": {}
              },
              {
                "data_source_reference": {},
                "device_properties": [
                  {
                    "device_type": "DISK",
                    "disk_address": {
                      "adapter_type": "SCSI",
                      "device_index": "1"
                    }
                  }
                ],
                "disk_size_bytes": 42949672960,
                "disk_size_mib": 40960,
                "storage_config": [
                  {
                    "flash_mode": "",
                    "storage_container_reference": [
                      {
                        "kind": "storage_container",
                        "name": "SelfServiceContainer",
                        "url": "",
                        "uuid": "13c0e787-e618-46b3-869e-32b630fc7a03"
                      }
                    ]
                  }
                ],
                "uuid": "f851303f-7ecc-443c-a11d-d333a00032e1",
                "volume_group_reference": {}
              }
            ],
            "enable_cpu_passthrough": false,
            "enable_script_exec": false,
            "gpu_list": [],
            "guest_customization_cloud_init_custom_key_values": {},
            "guest_customization_cloud_init_meta_data": "",
            "guest_customization_cloud_init_user_data": "I2Nsb3VkLWNvbmZpZw0KdmVyc2lvbjogMQ0KcGFja2FnZV91cGRhdGU6IHRydWUNCmhvc3RuYW1lOiBiaXJkYmF0aC10ZXN0LWptcC0wMg0KbWFuYWdlX2V0Y19ob3N0czogdHJ1ZQ0KcGFja2FnZXM6DQogIC0gZ2l0DQogIC0gcHl0aG9uLWlzLXB5dGhvbjMNCiAgLSBweXRob24zLWdudXBnDQp3cml0ZV9maWxlczoNCiAgLSBwYXRoOiAvZXRjL2hvc3RzDQogICAgY29udGVudDogfA0KICAgICAgMTI3LjAuMC4xIGxvY2FsaG9zdA0KICAgICAge3stIHJhbmdlICR2bSBpbiB2bV9kZXRhaWxzIH19DQogICAgICB7eyAkdm0uaXAgfX0ge3sgJHZtLmhvc3RuYW1lIH19DQogICAgICB7ey0gZW5kIH19DQogIC0gcGF0aDogL2V0Yy9yZXNvbHYuY29uZg0KICAgIGNvbnRlbnQ6IHwNCiAgICAgIG5hbWVzZXJ2ZXIgOC44LjguOA0KICAgICAgbmFtZXNlcnZlciA4LjguNC40DQojIFNhbHQgQm9vdHN0cmFwIHNjcmlwdA0KICAtIHBhdGg6IC90bXAvZ21pdHMvc2FsdF9pbml0LnNoDQogICAgcGVybWlzc2lvbnM6ICcwNTAwJw0KICAgIGNvbnRlbnQ6IHwNCiAgICAgICMhL2Jpbi9iYXNoDQogICAgICANCiAgICAgIGV4cG9ydCBERUJJQU5fRlJPTlRFTkQ9bm9uaW50ZXJhY3RpdmUNCg0KICAgICAgU0FMVF9HUEdfVVJMPSdodHRwczovL3JlcG8uc2FsdHByb2plY3QuaW8vc2FsdC9weTMvdWJ1bnR1LzIyLjA0L2FtZDY0L1NBTFQtUFJPSkVDVC1HUEctUFVCS0VZLTIwMjMuZ3BnJw0KICAgICAgU0FMVF9SRVBPX1VSTD0naHR0cHM6Ly9yZXBvLnNhbHRwcm9qZWN0LmlvL3NhbHQvcHkzL3VidW50dS8yMi4wNC9hbWQ2NC9sYXRlc3QnDQogICAgICBLRVlSSU5HX0RJUj0nL2V0Yy9hcHQva2V5cmluZ3MnDQoNCiAgICAgIGN1cmwgLWZzU0wgLW8gJEtFWVJJTkdfRElSL3NhbHQtYXJjaGl2ZS1rZXlyaW5nLTIwMjMuZ3BnICRTQUxUX0dQR19VUkwNCiAgICAgIGVjaG8gImRlYiBbc2lnbmVkLWJ5PSRLRVlSSU5HX0RJUi9zYWx0LWFyY2hpdmUta2V5cmluZy0yMDIzLmdwZyBhcmNoPWFtZDY0XSAkU0FMVF9SRVBPX1VSTCBqYW1teSBtYWluIiB8IHRlZSAvZXRjL2FwdC9zb3VyY2VzLmxpc3QuZC9zYWx0Lmxpc3QNCg0KICAgICAgYXB0LWdldCB1cGRhdGUgJiYgYXB0LWdldCBpbnN0YWxsIC1xcSBzYWx0LW1pbmlvbiAteQ0KIyBTYWx0IG1pbmlvbiBjb25maWcgZmlsZXMNCiAgLSBwYXRoOiAvZXRjL3NhbHQvbWluaW9uLmQvOTktbWFzdGVyLWFkZHJlc3MuY29uZg0KICAgIHBlcm1pc3Npb25zOiAnMDY0NCcNCiAgICBjb250ZW50OiB8DQogICAgICBtYXN0ZXI6IGJpcmRiYXRoLXRlc3QtY2ZnLTAxDQogIC0gcGF0aDogL2V0Yy9zYWx0L21pbmlvbi5kL21pbmlvbl9pZC5jb25mDQogICAgcGVybWlzc2lvbnM6ICcwNjQ0Jw0KICAgIGNvbnRlbnQ6IHwNCiAgICAgIGlkOiBiaXJkYmF0aC10ZXN0LWptcC0wMg0KICAtIHBhdGg6IC9ldGMvc2FsdC9taW5pb24uZC94NTA5LmNvbmYNCiAgICBwZXJtaXNzaW9uczogJzA2NDQnDQogICAgY29udGVudDogfA0KICAgICAgZmVhdHVyZXM6DQogICAgICAgIHg1MDlfdjI6IHRydWUNCg0KcnVuY21kOg0KICAtIHN1ZG8gLi90bXAvZ21pdHMvc2FsdF9pbml0LnNoDQogIC0gc3VkbyBob3N0bmFtZWN0bCBzZXQtaG9zdG5hbWUgYmlyZGJhdGgtdGVzdC1qbXAtMDIgDQogIC0gZWNobyAiVXBkYXRlZCAvZXRjL2hvc3RzIGZpbGUgd2l0aCBkeW5hbWljIElQIGFuZCBob3N0bmFtZSBlbnRyaWVzLiINCg==",
            "guest_customization_is_overridable": false,
            "guest_customization_sysprep": {},
            "guest_customization_sysprep_custom_key_values": {},
            "guest_os_id": "",
            "hardware_clock_timezone": "UTC",
            "host_reference": {
              "kind": "host",
              "name": "10.42.36.26",
              "uuid": "43e9bfa4-1662-48d9-97ff-050f46d8ab13"
            },
            "hypervisor_type": null,
            "id": "420b6051-a2ac-4a71-9ed7-8f6cbdb4ffa0",
            "is_vcpu_hard_pinned": false,
            "machine_type": "PC",
            "memory_size_mib": 4096,
            "metadata": {
              "creation_time": "2024-09-06 10:44:29 +0000 UTC",
              "last_update_time": "2024-09-06 10:44:29 +0000 UTC",
              "name": "",
              "spec_hash": "",
              "spec_version": "0",
              "uuid": "420b6051-a2ac-4a71-9ed7-8f6cbdb4ffa0"
            },
            "name": "birdbath-test-jmp-02",
            "ngt_credentials": {},
            "ngt_enabled_capability_list": [],
            "nic_list": [
              {
                "ip_endpoint_list": [
                  {
                    "ip": "10.42.36.109",
                    "type": "ASSIGNED"
                  }
                ],
                "is_connected": "true",
                "mac_address": "50:6b:8d:f5:08:5b",
                "model": "",
                "network_function_chain_reference": {},
                "network_function_nic_type": "",
                "nic_type": "NORMAL_NIC",
                "num_queues": 0,
                "subnet_name": "primary",
                "subnet_uuid": "cf2006f1-9acf-47a9-b8fa-18d87e72af5d",
                "uuid": "859ff418-9ca6-428c-8dff-f653e6af8396"
              }
            ],
            "nic_list_status": [
              {
                "floating_ip": "",
                "ip_endpoint_list": [
                  {
                    "ip": "10.42.36.109",
                    "type": "ASSIGNED"
                  }
                ],
                "is_connected": "true",
                "mac_address": "50:6b:8d:f5:08:5b",
                "model": "",
                "network_function_chain_reference": {},
                "network_function_nic_type": "",
                "nic_type": "NORMAL_NIC",
                "num_queues": 0,
                "subnet_name": "primary",
                "subnet_uuid": "cf2006f1-9acf-47a9-b8fa-18d87e72af5d",
                "uuid": "859ff418-9ca6-428c-8dff-f653e6af8396"
              }
            ],
            "num_sockets": 1,
            "num_vcpus_per_socket": 2,
            "num_vnuma_nodes": 0,
            "nutanix_guest_tools": {},
            "owner_reference": {
              "kind": "user",
              "name": "admin",
              "uuid": "00000000-0000-0000-0000-000000000000"
            },
            "parent_reference": {},
            "power_state": "ON",
            "power_state_mechanism": "HARD",
            "project_reference": {
              "kind": "project",
              "name": "_internal",
              "uuid": "638f7fe8-11c2-4f10-b14d-8410ffd22958"
            },
            "serial_port_list": [],
            "should_fail_on_script_failure": false,
            "state": "COMPLETE",
            "timeouts": null,
            "use_hot_add": true,
            "vga_console_enabled": true
          },
          "sensitive_attributes": [],
          "private": "eyJlMmJmYjczMC1lY2FhLTExZTYtOGY4OC0zNDM2M2JjN2M0YzAiOnsiY3JlYXRlIjozNjAwMDAwMDAwMDAwLCJkZWxldGUiOjM2MDAwMDAwMDAwMDAsInVwZGF0ZSI6MzYwMDAwMDAwMDAwMH0sInNjaGVtYV92ZXJzaW9uIjoiMSJ9"
        }
      ]
    },
    {
      "module": "module.log-01",
      "mode": "managed",
      "type": "nutanix_virtual_machine",
      "name": "vm",
      "provider": "provider[\"registry.terraform.io/nutanix/nutanix\"]",
      "instances": [
        {
          "schema_version": 1,
          "attributes": {
            "api_version": "3.1",
            "availability_zone_reference": {},
            "boot_device_disk_address": {},
            "boot_device_mac_address": "",
            "boot_device_order_list": [],
            "boot_type": "",
            "categories": [],
            "cloud_init_cdrom_uuid": "b942f86b-1f9d-45d2-9ff0-6136ee7f9f22",
            "cluster_name": "PHX-POC036",
            "cluster_uuid": "00062139-bb4d-225a-0000-00000002ad3c",
            "description": "My Terraform managed VM",
            "disk_list": [
              {
                "data_source_reference": {
                  "kind": "image",
                  "uuid": "4fe6a7d3-35ee-4158-932a-070dadd7bc78"
                },
                "device_properties": [
                  {
                    "device_type": "DISK",
                    "disk_address": {
                      "adapter_type": "SCSI",
                      "device_index": "0"
                    }
                  }
                ],
                "disk_size_bytes": 3758096384,
                "disk_size_mib": 3584,
                "storage_config": [
                  {
                    "flash_mode": "",
                    "storage_container_reference": [
                      {
                        "kind": "storage_container",
                        "name": "SelfServiceContainer",
                        "url": "",
                        "uuid": "13c0e787-e618-46b3-869e-32b630fc7a03"
                      }
                    ]
                  }
                ],
                "uuid": "ad00807a-79bf-4573-a58f-ce1be010d1b7",
                "volume_group_reference": {}
              },
              {
                "data_source_reference": {},
                "device_properties": [
                  {
                    "device_type": "DISK",
                    "disk_address": {
                      "adapter_type": "SCSI",
                      "device_index": "1"
                    }
                  }
                ],
                "disk_size_bytes": 42949672960,
                "disk_size_mib": 40960,
                "storage_config": [
                  {
                    "flash_mode": "",
                    "storage_container_reference": [
                      {
                        "kind": "storage_container",
                        "name": "SelfServiceContainer",
                        "url": "",
                        "uuid": "13c0e787-e618-46b3-869e-32b630fc7a03"
                      }
                    ]
                  }
                ],
                "uuid": "0ad6c0dd-3f09-449c-95fa-f8b353f3f808",
                "volume_group_reference": {}
              }
            ],
            "enable_cpu_passthrough": false,
            "enable_script_exec": false,
            "gpu_list": [],
            "guest_customization_cloud_init_custom_key_values": {},
            "guest_customization_cloud_init_meta_data": "",
            "guest_customization_cloud_init_user_data": "I2Nsb3VkLWNvbmZpZw0KdmVyc2lvbjogMQ0KcGFja2FnZV91cGRhdGU6IHRydWUNCmhvc3RuYW1lOiBiaXJkYmF0aC10ZXN0LWxvZy0wMQ0KbWFuYWdlX2V0Y19ob3N0czogdHJ1ZQ0KcGFja2FnZXM6DQogIC0gZ2l0DQogIC0gcHl0aG9uLWlzLXB5dGhvbjMNCiAgLSBweXRob24zLWdudXBnDQp3cml0ZV9maWxlczoNCiAgLSBwYXRoOiAvZXRjL2hvc3RzDQogICAgY29udGVudDogfA0KICAgICAgMTI3LjAuMC4xIGxvY2FsaG9zdA0KICAgICAge3stIHJhbmdlICR2bSBpbiB2bV9kZXRhaWxzIH19DQogICAgICB7eyAkdm0uaXAgfX0ge3sgJHZtLmhvc3RuYW1lIH19DQogICAgICB7ey0gZW5kIH19DQogIC0gcGF0aDogL2V0Yy9yZXNvbHYuY29uZg0KICAgIGNvbnRlbnQ6IHwNCiAgICAgIG5hbWVzZXJ2ZXIgOC44LjguOA0KICAgICAgbmFtZXNlcnZlciA4LjguNC40DQojIFNhbHQgQm9vdHN0cmFwIHNjcmlwdA0KICAtIHBhdGg6IC90bXAvZ21pdHMvc2FsdF9pbml0LnNoDQogICAgcGVybWlzc2lvbnM6ICcwNTAwJw0KICAgIGNvbnRlbnQ6IHwNCiAgICAgICMhL2Jpbi9iYXNoDQogICAgICANCiAgICAgIGV4cG9ydCBERUJJQU5fRlJPTlRFTkQ9bm9uaW50ZXJhY3RpdmUNCg0KICAgICAgU0FMVF9HUEdfVVJMPSdodHRwczovL3JlcG8uc2FsdHByb2plY3QuaW8vc2FsdC9weTMvdWJ1bnR1LzIyLjA0L2FtZDY0L1NBTFQtUFJPSkVDVC1HUEctUFVCS0VZLTIwMjMuZ3BnJw0KICAgICAgU0FMVF9SRVBPX1VSTD0naHR0cHM6Ly9yZXBvLnNhbHRwcm9qZWN0LmlvL3NhbHQvcHkzL3VidW50dS8yMi4wNC9hbWQ2NC9sYXRlc3QnDQogICAgICBLRVlSSU5HX0RJUj0nL2V0Yy9hcHQva2V5cmluZ3MnDQoNCiAgICAgIGN1cmwgLWZzU0wgLW8gJEtFWVJJTkdfRElSL3NhbHQtYXJjaGl2ZS1rZXlyaW5nLTIwMjMuZ3BnICRTQUxUX0dQR19VUkwNCiAgICAgIGVjaG8gImRlYiBbc2lnbmVkLWJ5PSRLRVlSSU5HX0RJUi9zYWx0LWFyY2hpdmUta2V5cmluZy0yMDIzLmdwZyBhcmNoPWFtZDY0XSAkU0FMVF9SRVBPX1VSTCBqYW1teSBtYWluIiB8IHRlZSAvZXRjL2FwdC9zb3VyY2VzLmxpc3QuZC9zYWx0Lmxpc3QNCg0KICAgICAgYXB0LWdldCB1cGRhdGUgJiYgYXB0LWdldCBpbnN0YWxsIC1xcSBzYWx0LW1pbmlvbiAteQ0KIyBTYWx0IG1pbmlvbiBjb25maWcgZmlsZXMNCiAgLSBwYXRoOiAvZXRjL3NhbHQvbWluaW9uLmQvOTktbWFzdGVyLWFkZHJlc3MuY29uZg0KICAgIHBlcm1pc3Npb25zOiAnMDY0NCcNCiAgICBjb250ZW50OiB8DQogICAgICBtYXN0ZXI6IGJpcmRiYXRoLXRlc3QtY2ZnLTAxDQogIC0gcGF0aDogL2V0Yy9zYWx0L21pbmlvbi5kL21pbmlvbl9pZC5jb25mDQogICAgcGVybWlzc2lvbnM6ICcwNjQ0Jw0KICAgIGNvbnRlbnQ6IHwNCiAgICAgIGlkOiBiaXJkYmF0aC10ZXN0LWxvZy0wMQ0KICAtIHBhdGg6IC9ldGMvc2FsdC9taW5pb24uZC94NTA5LmNvbmYNCiAgICBwZXJtaXNzaW9uczogJzA2NDQnDQogICAgY29udGVudDogfA0KICAgICAgZmVhdHVyZXM6DQogICAgICAgIHg1MDlfdjI6IHRydWUNCg0KcnVuY21kOg0KICAtIHN1ZG8gLi90bXAvZ21pdHMvc2FsdF9pbml0LnNoDQogIC0gc3VkbyBob3N0bmFtZWN0bCBzZXQtaG9zdG5hbWUgYmlyZGJhdGgtdGVzdC1sb2ctMDEgDQogIC0gZWNobyAiVXBkYXRlZCAvZXRjL2hvc3RzIGZpbGUgd2l0aCBkeW5hbWljIElQIGFuZCBob3N0bmFtZSBlbnRyaWVzLiINCg==",
            "guest_customization_is_overridable": false,
            "guest_customization_sysprep": {},
            "guest_customization_sysprep_custom_key_values": {},
            "guest_os_id": "",
            "hardware_clock_timezone": "UTC",
            "host_reference": {
              "kind": "host",
              "name": "10.42.36.28",
              "uuid": "b7c0426f-f7f5-4722-a7ce-451b7d0c8cc6"
            },
            "hypervisor_type": null,
            "id": "858960ec-31f2-4780-9603-c9a57b84ded3",
            "is_vcpu_hard_pinned": false,
            "machine_type": "PC",
            "memory_size_mib": 4096,
            "metadata": {
              "creation_time": "2024-09-06 10:44:28 +0000 UTC",
              "last_update_time": "2024-09-06 10:44:28 +0000 UTC",
              "name": "",
              "spec_hash": "",
              "spec_version": "0",
              "uuid": "858960ec-31f2-4780-9603-c9a57b84ded3"
            },
            "name": "birdbath-test-log-01",
            "ngt_credentials": {},
            "ngt_enabled_capability_list": [],
            "nic_list": [
              {
                "ip_endpoint_list": [
                  {
                    "ip": "10.42.36.121",
                    "type": "ASSIGNED"
                  }
                ],
                "is_connected": "true",
                "mac_address": "50:6b:8d:82:bd:bb",
                "model": "",
                "network_function_chain_reference": {},
                "network_function_nic_type": "",
                "nic_type": "NORMAL_NIC",
                "num_queues": 0,
                "subnet_name": "primary",
                "subnet_uuid": "cf2006f1-9acf-47a9-b8fa-18d87e72af5d",
                "uuid": "efab9a02-443e-42a4-9d0b-0eafb7f340ea"
              }
            ],
            "nic_list_status": [
              {
                "floating_ip": "",
                "ip_endpoint_list": [
                  {
                    "ip": "10.42.36.121",
                    "type": "ASSIGNED"
                  }
                ],
                "is_connected": "true",
                "mac_address": "50:6b:8d:82:bd:bb",
                "model": "",
                "network_function_chain_reference": {},
                "network_function_nic_type": "",
                "nic_type": "NORMAL_NIC",
                "num_queues": 0,
                "subnet_name": "primary",
                "subnet_uuid": "cf2006f1-9acf-47a9-b8fa-18d87e72af5d",
                "uuid": "efab9a02-443e-42a4-9d0b-0eafb7f340ea"
              }
            ],
            "num_sockets": 1,
            "num_vcpus_per_socket": 2,
            "num_vnuma_nodes": 0,
            "nutanix_guest_tools": {},
            "owner_reference": {
              "kind": "user",
              "name": "admin",
              "uuid": "00000000-0000-0000-0000-000000000000"
            },
            "parent_reference": {},
            "power_state": "ON",
            "power_state_mechanism": "HARD",
            "project_reference": {
              "kind": "project",
              "name": "_internal",
              "uuid": "638f7fe8-11c2-4f10-b14d-8410ffd22958"
            },
            "serial_port_list": [],
            "should_fail_on_script_failure": false,
            "state": "COMPLETE",
            "timeouts": null,
            "use_hot_add": true,
            "vga_console_enabled": true
          },
          "sensitive_attributes": [],
          "private": "eyJlMmJmYjczMC1lY2FhLTExZTYtOGY4OC0zNDM2M2JjN2M0YzAiOnsiY3JlYXRlIjozNjAwMDAwMDAwMDAwLCJkZWxldGUiOjM2MDAwMDAwMDAwMDAsInVwZGF0ZSI6MzYwMDAwMDAwMDAwMH0sInNjaGVtYV92ZXJzaW9uIjoiMSJ9"
        }
      ]
    },
    {
      "module": "module.mon-01",
      "mode": "managed",
      "type": "nutanix_virtual_machine",
      "name": "vm",
      "provider": "provider[\"registry.terraform.io/nutanix/nutanix\"]",
      "instances": [
        {
          "schema_version": 1,
          "attributes": {
            "api_version": "3.1",
            "availability_zone_reference": {},
            "boot_device_disk_address": {},
            "boot_device_mac_address": "",
            "boot_device_order_list": [],
            "boot_type": "",
            "categories": [],
            "cloud_init_cdrom_uuid": "eebe0341-8a3d-4fe4-8257-efaddff5acfb",
            "cluster_name": "PHX-POC036",
            "cluster_uuid": "00062139-bb4d-225a-0000-00000002ad3c",
            "description": "My Terraform managed VM",
            "disk_list": [
              {
                "data_source_reference": {
                  "kind": "image",
                  "uuid": "4fe6a7d3-35ee-4158-932a-070dadd7bc78"
                },
                "device_properties": [
                  {
                    "device_type": "DISK",
                    "disk_address": {
                      "adapter_type": "SCSI",
                      "device_index": "0"
                    }
                  }
                ],
                "disk_size_bytes": 3758096384,
                "disk_size_mib": 3584,
                "storage_config": [
                  {
                    "flash_mode": "",
                    "storage_container_reference": [
                      {
                        "kind": "storage_container",
                        "name": "SelfServiceContainer",
                        "url": "",
                        "uuid": "13c0e787-e618-46b3-869e-32b630fc7a03"
                      }
                    ]
                  }
                ],
                "uuid": "16c0094a-ab56-40d5-b571-3354ac4790bc",
                "volume_group_reference": {}
              },
              {
                "data_source_reference": {},
                "device_properties": [
                  {
                    "device_type": "DISK",
                    "disk_address": {
                      "adapter_type": "SCSI",
                      "device_index": "1"
                    }
                  }
                ],
                "disk_size_bytes": 42949672960,
                "disk_size_mib": 40960,
                "storage_config": [
                  {
                    "flash_mode": "",
                    "storage_container_reference": [
                      {
                        "kind": "storage_container",
                        "name": "SelfServiceContainer",
                        "url": "",
                        "uuid": "13c0e787-e618-46b3-869e-32b630fc7a03"
                      }
                    ]
                  }
                ],
                "uuid": "88f40231-1158-4dc8-9626-22407e6d83f1",
                "volume_group_reference": {}
              }
            ],
            "enable_cpu_passthrough": false,
            "enable_script_exec": false,
            "gpu_list": [],
            "guest_customization_cloud_init_custom_key_values": {},
            "guest_customization_cloud_init_meta_data": "",
            "guest_customization_cloud_init_user_data": "I2Nsb3VkLWNvbmZpZw0KdmVyc2lvbjogMQ0KcGFja2FnZV91cGRhdGU6IHRydWUNCmhvc3RuYW1lOiBiaXJkYmF0aC10ZXN0LW1vbi0wMQ0KbWFuYWdlX2V0Y19ob3N0czogdHJ1ZQ0KcGFja2FnZXM6DQogIC0gZ2l0DQogIC0gcHl0aG9uLWlzLXB5dGhvbjMNCiAgLSBweXRob24zLWdudXBnDQp3cml0ZV9maWxlczoNCiAgLSBwYXRoOiAvZXRjL2hvc3RzDQogICAgY29udGVudDogfA0KICAgICAgMTI3LjAuMC4xIGxvY2FsaG9zdA0KICAgICAge3stIHJhbmdlICR2bSBpbiB2bV9kZXRhaWxzIH19DQogICAgICB7eyAkdm0uaXAgfX0ge3sgJHZtLmhvc3RuYW1lIH19DQogICAgICB7ey0gZW5kIH19DQogIC0gcGF0aDogL2V0Yy9yZXNvbHYuY29uZg0KICAgIGNvbnRlbnQ6IHwNCiAgICAgIG5hbWVzZXJ2ZXIgOC44LjguOA0KICAgICAgbmFtZXNlcnZlciA4LjguNC40DQojIFNhbHQgQm9vdHN0cmFwIHNjcmlwdA0KICAtIHBhdGg6IC90bXAvZ21pdHMvc2FsdF9pbml0LnNoDQogICAgcGVybWlzc2lvbnM6ICcwNTAwJw0KICAgIGNvbnRlbnQ6IHwNCiAgICAgICMhL2Jpbi9iYXNoDQogICAgICANCiAgICAgIGV4cG9ydCBERUJJQU5fRlJPTlRFTkQ9bm9uaW50ZXJhY3RpdmUNCg0KICAgICAgU0FMVF9HUEdfVVJMPSdodHRwczovL3JlcG8uc2FsdHByb2plY3QuaW8vc2FsdC9weTMvdWJ1bnR1LzIyLjA0L2FtZDY0L1NBTFQtUFJPSkVDVC1HUEctUFVCS0VZLTIwMjMuZ3BnJw0KICAgICAgU0FMVF9SRVBPX1VSTD0naHR0cHM6Ly9yZXBvLnNhbHRwcm9qZWN0LmlvL3NhbHQvcHkzL3VidW50dS8yMi4wNC9hbWQ2NC9sYXRlc3QnDQogICAgICBLRVlSSU5HX0RJUj0nL2V0Yy9hcHQva2V5cmluZ3MnDQoNCiAgICAgIGN1cmwgLWZzU0wgLW8gJEtFWVJJTkdfRElSL3NhbHQtYXJjaGl2ZS1rZXlyaW5nLTIwMjMuZ3BnICRTQUxUX0dQR19VUkwNCiAgICAgIGVjaG8gImRlYiBbc2lnbmVkLWJ5PSRLRVlSSU5HX0RJUi9zYWx0LWFyY2hpdmUta2V5cmluZy0yMDIzLmdwZyBhcmNoPWFtZDY0XSAkU0FMVF9SRVBPX1VSTCBqYW1teSBtYWluIiB8IHRlZSAvZXRjL2FwdC9zb3VyY2VzLmxpc3QuZC9zYWx0Lmxpc3QNCg0KICAgICAgYXB0LWdldCB1cGRhdGUgJiYgYXB0LWdldCBpbnN0YWxsIC1xcSBzYWx0LW1pbmlvbiAteQ0KIyBTYWx0IG1pbmlvbiBjb25maWcgZmlsZXMNCiAgLSBwYXRoOiAvZXRjL3NhbHQvbWluaW9uLmQvOTktbWFzdGVyLWFkZHJlc3MuY29uZg0KICAgIHBlcm1pc3Npb25zOiAnMDY0NCcNCiAgICBjb250ZW50OiB8DQogICAgICBtYXN0ZXI6IGJpcmRiYXRoLXRlc3QtY2ZnLTAxDQogIC0gcGF0aDogL2V0Yy9zYWx0L21pbmlvbi5kL21pbmlvbl9pZC5jb25mDQogICAgcGVybWlzc2lvbnM6ICcwNjQ0Jw0KICAgIGNvbnRlbnQ6IHwNCiAgICAgIGlkOiBiaXJkYmF0aC10ZXN0LW1vbi0wMQ0KICAtIHBhdGg6IC9ldGMvc2FsdC9taW5pb24uZC94NTA5LmNvbmYNCiAgICBwZXJtaXNzaW9uczogJzA2NDQnDQogICAgY29udGVudDogfA0KICAgICAgZmVhdHVyZXM6DQogICAgICAgIHg1MDlfdjI6IHRydWUNCg0KcnVuY21kOg0KICAtIHN1ZG8gLi90bXAvZ21pdHMvc2FsdF9pbml0LnNoDQogIC0gc3VkbyBob3N0bmFtZWN0bCBzZXQtaG9zdG5hbWUgYmlyZGJhdGgtdGVzdC1tb24tMDEgDQogIC0gZWNobyAiVXBkYXRlZCAvZXRjL2hvc3RzIGZpbGUgd2l0aCBkeW5hbWljIElQIGFuZCBob3N0bmFtZSBlbnRyaWVzLiINCg==",
            "guest_customization_is_overridable": false,
            "guest_customization_sysprep": {},
            "guest_customization_sysprep_custom_key_values": {},
            "guest_os_id": "",
            "hardware_clock_timezone": "UTC",
            "host_reference": {
              "kind": "host",
              "name": "10.42.36.28",
              "uuid": "b7c0426f-f7f5-4722-a7ce-451b7d0c8cc6"
            },
            "hypervisor_type": null,
            "id": "014601e5-5f40-45eb-9d0f-95b41150cc65",
            "is_vcpu_hard_pinned": false,
            "machine_type": "PC",
            "memory_size_mib": 4096,
            "metadata": {
              "creation_time": "2024-09-06 10:44:25 +0000 UTC",
              "last_update_time": "2024-09-06 10:44:25 +0000 UTC",
              "name": "",
              "spec_hash": "",
              "spec_version": "0",
              "uuid": "014601e5-5f40-45eb-9d0f-95b41150cc65"
            },
            "name": "birdbath-test-mon-01",
            "ngt_credentials": {},
            "ngt_enabled_capability_list": [],
            "nic_list": [
              {
                "ip_endpoint_list": [
                  {
                    "ip": "10.42.36.107",
                    "type": "ASSIGNED"
                  }
                ],
                "is_connected": "true",
                "mac_address": "50:6b:8d:de:6b:76",
                "model": "",
                "network_function_chain_reference": {},
                "network_function_nic_type": "",
                "nic_type": "NORMAL_NIC",
                "num_queues": 0,
                "subnet_name": "primary",
                "subnet_uuid": "cf2006f1-9acf-47a9-b8fa-18d87e72af5d",
                "uuid": "3d400f1c-8d09-49f6-9f93-35aef22c9394"
              }
            ],
            "nic_list_status": [
              {
                "floating_ip": "",
                "ip_endpoint_list": [
                  {
                    "ip": "10.42.36.107",
                    "type": "ASSIGNED"
                  }
                ],
                "is_connected": "true",
                "mac_address": "50:6b:8d:de:6b:76",
                "model": "",
                "network_function_chain_reference": {},
                "network_function_nic_type": "",
                "nic_type": "NORMAL_NIC",
                "num_queues": 0,
                "subnet_name": "primary",
                "subnet_uuid": "cf2006f1-9acf-47a9-b8fa-18d87e72af5d",
                "uuid": "3d400f1c-8d09-49f6-9f93-35aef22c9394"
              }
            ],
            "num_sockets": 1,
            "num_vcpus_per_socket": 2,
            "num_vnuma_nodes": 0,
            "nutanix_guest_tools": {},
            "owner_reference": {
              "kind": "user",
              "name": "admin",
              "uuid": "00000000-0000-0000-0000-000000000000"
            },
            "parent_reference": {},
            "power_state": "ON",
            "power_state_mechanism": "HARD",
            "project_reference": {
              "kind": "project",
              "name": "_internal",
              "uuid": "638f7fe8-11c2-4f10-b14d-8410ffd22958"
            },
            "serial_port_list": [],
            "should_fail_on_script_failure": false,
            "state": "COMPLETE",
            "timeouts": null,
            "use_hot_add": true,
            "vga_console_enabled": true
          },
          "sensitive_attributes": [],
          "private": "eyJlMmJmYjczMC1lY2FhLTExZTYtOGY4OC0zNDM2M2JjN2M0YzAiOnsiY3JlYXRlIjozNjAwMDAwMDAwMDAwLCJkZWxldGUiOjM2MDAwMDAwMDAwMDAsInVwZGF0ZSI6MzYwMDAwMDAwMDAwMH0sInNjaGVtYV92ZXJzaW9uIjoiMSJ9"
        }
      ]
    },
    {
      "module": "module.netsvc-01",
      "mode": "managed",
      "type": "nutanix_virtual_machine",
      "name": "vm",
      "provider": "provider[\"registry.terraform.io/nutanix/nutanix\"]",
      "instances": [
        {
          "schema_version": 1,
          "attributes": {
            "api_version": "3.1",
            "availability_zone_reference": {},
            "boot_device_disk_address": {},
            "boot_device_mac_address": "",
            "boot_device_order_list": [],
            "boot_type": "",
            "categories": [],
            "cloud_init_cdrom_uuid": "c81cb946-ee83-4820-a888-f7c7aa8bc7eb",
            "cluster_name": "PHX-POC036",
            "cluster_uuid": "00062139-bb4d-225a-0000-00000002ad3c",
            "description": "My Terraform managed VM",
            "disk_list": [
              {
                "data_source_reference": {
                  "kind": "image",
                  "uuid": "4fe6a7d3-35ee-4158-932a-070dadd7bc78"
                },
                "device_properties": [
                  {
                    "device_type": "DISK",
                    "disk_address": {
                      "adapter_type": "SCSI",
                      "device_index": "0"
                    }
                  }
                ],
                "disk_size_bytes": 3758096384,
                "disk_size_mib": 3584,
                "storage_config": [
                  {
                    "flash_mode": "",
                    "storage_container_reference": [
                      {
                        "kind": "storage_container",
                        "name": "SelfServiceContainer",
                        "url": "",
                        "uuid": "13c0e787-e618-46b3-869e-32b630fc7a03"
                      }
                    ]
                  }
                ],
                "uuid": "4929735d-da20-4b3e-88ba-21244161d918",
                "volume_group_reference": {}
              },
              {
                "data_source_reference": {},
                "device_properties": [
                  {
                    "device_type": "DISK",
                    "disk_address": {
                      "adapter_type": "SCSI",
                      "device_index": "1"
                    }
                  }
                ],
                "disk_size_bytes": 42949672960,
                "disk_size_mib": 40960,
                "storage_config": [
                  {
                    "flash_mode": "",
                    "storage_container_reference": [
                      {
                        "kind": "storage_container",
                        "name": "SelfServiceContainer",
                        "url": "",
                        "uuid": "13c0e787-e618-46b3-869e-32b630fc7a03"
                      }
                    ]
                  }
                ],
                "uuid": "d35ac718-6d2b-47a4-aad1-887fc32f97c2",
                "volume_group_reference": {}
              }
            ],
            "enable_cpu_passthrough": false,
            "enable_script_exec": false,
            "gpu_list": [],
            "guest_customization_cloud_init_custom_key_values": {},
            "guest_customization_cloud_init_meta_data": "",
            "guest_customization_cloud_init_user_data": "I2Nsb3VkLWNvbmZpZw0KdmVyc2lvbjogMQ0KcGFja2FnZV91cGRhdGU6IHRydWUNCmhvc3RuYW1lOiBiaXJkYmF0aC10ZXN0LW5ldHN2Yy0wMQ0KbWFuYWdlX2V0Y19ob3N0czogdHJ1ZQ0KcGFja2FnZXM6DQogIC0gZ2l0DQogIC0gcHl0aG9uLWlzLXB5dGhvbjMNCiAgLSBweXRob24zLWdudXBnDQp3cml0ZV9maWxlczoNCiAgLSBwYXRoOiAvZXRjL2hvc3RzDQogICAgY29udGVudDogfA0KICAgICAgMTI3LjAuMC4xIGxvY2FsaG9zdA0KICAgICAge3stIHJhbmdlICR2bSBpbiB2bV9kZXRhaWxzIH19DQogICAgICB7eyAkdm0uaXAgfX0ge3sgJHZtLmhvc3RuYW1lIH19DQogICAgICB7ey0gZW5kIH19DQogIC0gcGF0aDogL2V0Yy9yZXNvbHYuY29uZg0KICAgIGNvbnRlbnQ6IHwNCiAgICAgIG5hbWVzZXJ2ZXIgOC44LjguOA0KICAgICAgbmFtZXNlcnZlciA4LjguNC40DQojIFNhbHQgQm9vdHN0cmFwIHNjcmlwdA0KICAtIHBhdGg6IC90bXAvZ21pdHMvc2FsdF9pbml0LnNoDQogICAgcGVybWlzc2lvbnM6ICcwNTAwJw0KICAgIGNvbnRlbnQ6IHwNCiAgICAgICMhL2Jpbi9iYXNoDQogICAgICANCiAgICAgIGV4cG9ydCBERUJJQU5fRlJPTlRFTkQ9bm9uaW50ZXJhY3RpdmUNCg0KICAgICAgU0FMVF9HUEdfVVJMPSdodHRwczovL3JlcG8uc2FsdHByb2plY3QuaW8vc2FsdC9weTMvdWJ1bnR1LzIyLjA0L2FtZDY0L1NBTFQtUFJPSkVDVC1HUEctUFVCS0VZLTIwMjMuZ3BnJw0KICAgICAgU0FMVF9SRVBPX1VSTD0naHR0cHM6Ly9yZXBvLnNhbHRwcm9qZWN0LmlvL3NhbHQvcHkzL3VidW50dS8yMi4wNC9hbWQ2NC9sYXRlc3QnDQogICAgICBLRVlSSU5HX0RJUj0nL2V0Yy9hcHQva2V5cmluZ3MnDQoNCiAgICAgIGN1cmwgLWZzU0wgLW8gJEtFWVJJTkdfRElSL3NhbHQtYXJjaGl2ZS1rZXlyaW5nLTIwMjMuZ3BnICRTQUxUX0dQR19VUkwNCiAgICAgIGVjaG8gImRlYiBbc2lnbmVkLWJ5PSRLRVlSSU5HX0RJUi9zYWx0LWFyY2hpdmUta2V5cmluZy0yMDIzLmdwZyBhcmNoPWFtZDY0XSAkU0FMVF9SRVBPX1VSTCBqYW1teSBtYWluIiB8IHRlZSAvZXRjL2FwdC9zb3VyY2VzLmxpc3QuZC9zYWx0Lmxpc3QNCg0KICAgICAgYXB0LWdldCB1cGRhdGUgJiYgYXB0LWdldCBpbnN0YWxsIC1xcSBzYWx0LW1pbmlvbiAteQ0KIyBTYWx0IG1pbmlvbiBjb25maWcgZmlsZXMNCiAgLSBwYXRoOiAvZXRjL3NhbHQvbWluaW9uLmQvOTktbWFzdGVyLWFkZHJlc3MuY29uZg0KICAgIHBlcm1pc3Npb25zOiAnMDY0NCcNCiAgICBjb250ZW50OiB8DQogICAgICBtYXN0ZXI6IGJpcmRiYXRoLXRlc3QtY2ZnLTAxDQogIC0gcGF0aDogL2V0Yy9zYWx0L21pbmlvbi5kL21pbmlvbl9pZC5jb25mDQogICAgcGVybWlzc2lvbnM6ICcwNjQ0Jw0KICAgIGNvbnRlbnQ6IHwNCiAgICAgIGlkOiBiaXJkYmF0aC10ZXN0LW5ldHN2Yy0wMQ0KICAtIHBhdGg6IC9ldGMvc2FsdC9taW5pb24uZC94NTA5LmNvbmYNCiAgICBwZXJtaXNzaW9uczogJzA2NDQnDQogICAgY29udGVudDogfA0KICAgICAgZmVhdHVyZXM6DQogICAgICAgIHg1MDlfdjI6IHRydWUNCg0KcnVuY21kOg0KICAtIHN1ZG8gLi90bXAvZ21pdHMvc2FsdF9pbml0LnNoDQogIC0gc3VkbyBob3N0bmFtZWN0bCBzZXQtaG9zdG5hbWUgYmlyZGJhdGgtdGVzdC1uZXRzdmMtMDEgDQogIC0gZWNobyAiVXBkYXRlZCAvZXRjL2hvc3RzIGZpbGUgd2l0aCBkeW5hbWljIElQIGFuZCBob3N0bmFtZSBlbnRyaWVzLiINCg==",
            "guest_customization_is_overridable": false,
            "guest_customization_sysprep": {},
            "guest_customization_sysprep_custom_key_values": {},
            "guest_os_id": "",
            "hardware_clock_timezone": "UTC",
            "host_reference": {
              "kind": "host",
              "name": "10.42.36.28",
              "uuid": "b7c0426f-f7f5-4722-a7ce-451b7d0c8cc6"
            },
            "hypervisor_type": null,
            "id": "85baa315-237d-4426-8ae0-59c6bee8d33c",
            "is_vcpu_hard_pinned": false,
            "machine_type": "PC",
            "memory_size_mib": 4096,
            "metadata": {
              "creation_time": "2024-09-06 10:44:31 +0000 UTC",
              "last_update_time": "2024-09-06 10:44:31 +0000 UTC",
              "name": "",
              "spec_hash": "",
              "spec_version": "0",
              "uuid": "85baa315-237d-4426-8ae0-59c6bee8d33c"
            },
            "name": "birdbath-test-netsvc-01",
            "ngt_credentials": {},
            "ngt_enabled_capability_list": [],
            "nic_list": [
              {
                "ip_endpoint_list": [
                  {
                    "ip": "10.42.36.110",
                    "type": "ASSIGNED"
                  }
                ],
                "is_connected": "true",
                "mac_address": "50:6b:8d:91:3c:8b",
                "model": "",
                "network_function_chain_reference": {},
                "network_function_nic_type": "",
                "nic_type": "NORMAL_NIC",
                "num_queues": 0,
                "subnet_name": "primary",
                "subnet_uuid": "cf2006f1-9acf-47a9-b8fa-18d87e72af5d",
                "uuid": "bb5dbe67-d23a-4ce2-b2f8-ce6cc52eabbb"
              }
            ],
            "nic_list_status": [
              {
                "floating_ip": "",
                "ip_endpoint_list": [
                  {
                    "ip": "10.42.36.110",
                    "type": "ASSIGNED"
                  }
                ],
                "is_connected": "true",
                "mac_address": "50:6b:8d:91:3c:8b",
                "model": "",
                "network_function_chain_reference": {},
                "network_function_nic_type": "",
                "nic_type": "NORMAL_NIC",
                "num_queues": 0,
                "subnet_name": "primary",
                "subnet_uuid": "cf2006f1-9acf-47a9-b8fa-18d87e72af5d",
                "uuid": "bb5dbe67-d23a-4ce2-b2f8-ce6cc52eabbb"
              }
            ],
            "num_sockets": 1,
            "num_vcpus_per_socket": 2,
            "num_vnuma_nodes": 0,
            "nutanix_guest_tools": {},
            "owner_reference": {
              "kind": "user",
              "name": "admin",
              "uuid": "00000000-0000-0000-0000-000000000000"
            },
            "parent_reference": {},
            "power_state": "ON",
            "power_state_mechanism": "HARD",
            "project_reference": {
              "kind": "project",
              "name": "_internal",
              "uuid": "638f7fe8-11c2-4f10-b14d-8410ffd22958"
            },
            "serial_port_list": [],
            "should_fail_on_script_failure": false,
            "state": "COMPLETE",
            "timeouts": null,
            "use_hot_add": true,
            "vga_console_enabled": true
          },
          "sensitive_attributes": [],
          "private": "eyJlMmJmYjczMC1lY2FhLTExZTYtOGY4OC0zNDM2M2JjN2M0YzAiOnsiY3JlYXRlIjozNjAwMDAwMDAwMDAwLCJkZWxldGUiOjM2MDAwMDAwMDAwMDAsInVwZGF0ZSI6MzYwMDAwMDAwMDAwMH0sInNjaGVtYV92ZXJzaW9uIjoiMSJ9"
        }
      ]
    },
    {
      "module": "module.opensrch-01",
      "mode": "managed",
      "type": "nutanix_virtual_machine",
      "name": "vm",
      "provider": "provider[\"registry.terraform.io/nutanix/nutanix\"]",
      "instances": [
        {
          "schema_version": 1,
          "attributes": {
            "api_version": "3.1",
            "availability_zone_reference": {},
            "boot_device_disk_address": {},
            "boot_device_mac_address": "",
            "boot_device_order_list": [],
            "boot_type": "",
            "categories": [],
            "cloud_init_cdrom_uuid": "506a1e4b-d0c7-4569-921c-056bf47c5b80",
            "cluster_name": "PHX-POC036",
            "cluster_uuid": "00062139-bb4d-225a-0000-00000002ad3c",
            "description": "My Terraform managed VM",
            "disk_list": [
              {
                "data_source_reference": {
                  "kind": "image",
                  "uuid": "4fe6a7d3-35ee-4158-932a-070dadd7bc78"
                },
                "device_properties": [
                  {
                    "device_type": "DISK",
                    "disk_address": {
                      "adapter_type": "SCSI",
                      "device_index": "0"
                    }
                  }
                ],
                "disk_size_bytes": 3758096384,
                "disk_size_mib": 3584,
                "storage_config": [
                  {
                    "flash_mode": "",
                    "storage_container_reference": [
                      {
                        "kind": "storage_container",
                        "name": "SelfServiceContainer",
                        "url": "",
                        "uuid": "13c0e787-e618-46b3-869e-32b630fc7a03"
                      }
                    ]
                  }
                ],
                "uuid": "51d9f29b-c0f8-4da9-a073-41026dec8c8a",
                "volume_group_reference": {}
              },
              {
                "data_source_reference": {},
                "device_properties": [
                  {
                    "device_type": "DISK",
                    "disk_address": {
                      "adapter_type": "SCSI",
                      "device_index": "1"
                    }
                  }
                ],
                "disk_size_bytes": 42949672960,
                "disk_size_mib": 40960,
                "storage_config": [
                  {
                    "flash_mode": "",
                    "storage_container_reference": [
                      {
                        "kind": "storage_container",
                        "name": "SelfServiceContainer",
                        "url": "",
                        "uuid": "13c0e787-e618-46b3-869e-32b630fc7a03"
                      }
                    ]
                  }
                ],
                "uuid": "fe57d7d2-e301-400b-92f2-795ee5135a30",
                "volume_group_reference": {}
              }
            ],
            "enable_cpu_passthrough": false,
            "enable_script_exec": false,
            "gpu_list": [],
            "guest_customization_cloud_init_custom_key_values": {},
            "guest_customization_cloud_init_meta_data": "",
            "guest_customization_cloud_init_user_data": "I2Nsb3VkLWNvbmZpZw0KdmVyc2lvbjogMQ0KcGFja2FnZV91cGRhdGU6IHRydWUNCmhvc3RuYW1lOiBiaXJkYmF0aC10ZXN0LW9wZW5zY3JjaC0wMQ0KbWFuYWdlX2V0Y19ob3N0czogdHJ1ZQ0KcGFja2FnZXM6DQogIC0gZ2l0DQogIC0gcHl0aG9uLWlzLXB5dGhvbjMNCiAgLSBweXRob24zLWdudXBnDQp3cml0ZV9maWxlczoNCiAgLSBwYXRoOiAvZXRjL2hvc3RzDQogICAgY29udGVudDogfA0KICAgICAgMTI3LjAuMC4xIGxvY2FsaG9zdA0KICAgICAge3stIHJhbmdlICR2bSBpbiB2bV9kZXRhaWxzIH19DQogICAgICB7eyAkdm0uaXAgfX0ge3sgJHZtLmhvc3RuYW1lIH19DQogICAgICB7ey0gZW5kIH19DQogIC0gcGF0aDogL2V0Yy9yZXNvbHYuY29uZg0KICAgIGNvbnRlbnQ6IHwNCiAgICAgIG5hbWVzZXJ2ZXIgOC44LjguOA0KICAgICAgbmFtZXNlcnZlciA4LjguNC40DQojIFNhbHQgQm9vdHN0cmFwIHNjcmlwdA0KICAtIHBhdGg6IC90bXAvZ21pdHMvc2FsdF9pbml0LnNoDQogICAgcGVybWlzc2lvbnM6ICcwNTAwJw0KICAgIGNvbnRlbnQ6IHwNCiAgICAgICMhL2Jpbi9iYXNoDQogICAgICANCiAgICAgIGV4cG9ydCBERUJJQU5fRlJPTlRFTkQ9bm9uaW50ZXJhY3RpdmUNCg0KICAgICAgU0FMVF9HUEdfVVJMPSdodHRwczovL3JlcG8uc2FsdHByb2plY3QuaW8vc2FsdC9weTMvdWJ1bnR1LzIyLjA0L2FtZDY0L1NBTFQtUFJPSkVDVC1HUEctUFVCS0VZLTIwMjMuZ3BnJw0KICAgICAgU0FMVF9SRVBPX1VSTD0naHR0cHM6Ly9yZXBvLnNhbHRwcm9qZWN0LmlvL3NhbHQvcHkzL3VidW50dS8yMi4wNC9hbWQ2NC9sYXRlc3QnDQogICAgICBLRVlSSU5HX0RJUj0nL2V0Yy9hcHQva2V5cmluZ3MnDQoNCiAgICAgIGN1cmwgLWZzU0wgLW8gJEtFWVJJTkdfRElSL3NhbHQtYXJjaGl2ZS1rZXlyaW5nLTIwMjMuZ3BnICRTQUxUX0dQR19VUkwNCiAgICAgIGVjaG8gImRlYiBbc2lnbmVkLWJ5PSRLRVlSSU5HX0RJUi9zYWx0LWFyY2hpdmUta2V5cmluZy0yMDIzLmdwZyBhcmNoPWFtZDY0XSAkU0FMVF9SRVBPX1VSTCBqYW1teSBtYWluIiB8IHRlZSAvZXRjL2FwdC9zb3VyY2VzLmxpc3QuZC9zYWx0Lmxpc3QNCg0KICAgICAgYXB0LWdldCB1cGRhdGUgJiYgYXB0LWdldCBpbnN0YWxsIC1xcSBzYWx0LW1pbmlvbiAteQ0KIyBTYWx0IG1pbmlvbiBjb25maWcgZmlsZXMNCiAgLSBwYXRoOiAvZXRjL3NhbHQvbWluaW9uLmQvOTktbWFzdGVyLWFkZHJlc3MuY29uZg0KICAgIHBlcm1pc3Npb25zOiAnMDY0NCcNCiAgICBjb250ZW50OiB8DQogICAgICBtYXN0ZXI6IGJpcmRiYXRoLXRlc3QtY2ZnLTAxDQogIC0gcGF0aDogL2V0Yy9zYWx0L21pbmlvbi5kL21pbmlvbl9pZC5jb25mDQogICAgcGVybWlzc2lvbnM6ICcwNjQ0Jw0KICAgIGNvbnRlbnQ6IHwNCiAgICAgIGlkOiBiaXJkYmF0aC10ZXN0LW9wZW5zY3JjaC0wMQ0KICAtIHBhdGg6IC9ldGMvc2FsdC9taW5pb24uZC94NTA5LmNvbmYNCiAgICBwZXJtaXNzaW9uczogJzA2NDQnDQogICAgY29udGVudDogfA0KICAgICAgZmVhdHVyZXM6DQogICAgICAgIHg1MDlfdjI6IHRydWUNCg0KcnVuY21kOg0KICAtIHN1ZG8gLi90bXAvZ21pdHMvc2FsdF9pbml0LnNoDQogIC0gc3VkbyBob3N0bmFtZWN0bCBzZXQtaG9zdG5hbWUgYmlyZGJhdGgtdGVzdC1vcGVuc2NyY2gtMDEgDQogIC0gZWNobyAiVXBkYXRlZCAvZXRjL2hvc3RzIGZpbGUgd2l0aCBkeW5hbWljIElQIGFuZCBob3N0bmFtZSBlbnRyaWVzLiINCg==",
            "guest_customization_is_overridable": false,
            "guest_customization_sysprep": {},
            "guest_customization_sysprep_custom_key_values": {},
            "guest_os_id": "",
            "hardware_clock_timezone": "UTC",
            "host_reference": {
              "kind": "host",
              "name": "10.42.36.28",
              "uuid": "b7c0426f-f7f5-4722-a7ce-451b7d0c8cc6"
            },
            "hypervisor_type": null,
            "id": "95d5d329-9849-4fd1-a867-1fda363837b0",
            "is_vcpu_hard_pinned": false,
            "machine_type": "PC",
            "memory_size_mib": 4096,
            "metadata": {
              "creation_time": "2024-09-06 10:44:29 +0000 UTC",
              "last_update_time": "2024-09-06 10:44:29 +0000 UTC",
              "name": "",
              "spec_hash": "",
              "spec_version": "0",
              "uuid": "95d5d329-9849-4fd1-a867-1fda363837b0"
            },
            "name": "birdbath-test-openscrch-01",
            "ngt_credentials": {},
            "ngt_enabled_capability_list": [],
            "nic_list": [
              {
                "ip_endpoint_list": [
                  {
                    "ip": "10.42.36.112",
                    "type": "ASSIGNED"
                  }
                ],
                "is_connected": "true",
                "mac_address": "50:6b:8d:ca:1d:c4",
                "model": "",
                "network_function_chain_reference": {},
                "network_function_nic_type": "",
                "nic_type": "NORMAL_NIC",
                "num_queues": 0,
                "subnet_name": "primary",
                "subnet_uuid": "cf2006f1-9acf-47a9-b8fa-18d87e72af5d",
                "uuid": "801b81de-49bc-4b19-be11-4c2398602c7b"
              }
            ],
            "nic_list_status": [
              {
                "floating_ip": "",
                "ip_endpoint_list": [
                  {
                    "ip": "10.42.36.112",
                    "type": "ASSIGNED"
                  }
                ],
                "is_connected": "true",
                "mac_address": "50:6b:8d:ca:1d:c4",
                "model": "",
                "network_function_chain_reference": {},
                "network_function_nic_type": "",
                "nic_type": "NORMAL_NIC",
                "num_queues": 0,
                "subnet_name": "primary",
                "subnet_uuid": "cf2006f1-9acf-47a9-b8fa-18d87e72af5d",
                "uuid": "801b81de-49bc-4b19-be11-4c2398602c7b"
              }
            ],
            "num_sockets": 1,
            "num_vcpus_per_socket": 2,
            "num_vnuma_nodes": 0,
            "nutanix_guest_tools": {},
            "owner_reference": {
              "kind": "user",
              "name": "admin",
              "uuid": "00000000-0000-0000-0000-000000000000"
            },
            "parent_reference": {},
            "power_state": "ON",
            "power_state_mechanism": "HARD",
            "project_reference": {
              "kind": "project",
              "name": "_internal",
              "uuid": "638f7fe8-11c2-4f10-b14d-8410ffd22958"
            },
            "serial_port_list": [],
            "should_fail_on_script_failure": false,
            "state": "COMPLETE",
            "timeouts": null,
            "use_hot_add": true,
            "vga_console_enabled": true
          },
          "sensitive_attributes": [],
          "private": "eyJlMmJmYjczMC1lY2FhLTExZTYtOGY4OC0zNDM2M2JjN2M0YzAiOnsiY3JlYXRlIjozNjAwMDAwMDAwMDAwLCJkZWxldGUiOjM2MDAwMDAwMDAwMDAsInVwZGF0ZSI6MzYwMDAwMDAwMDAwMH0sInNjaGVtYV92ZXJzaW9uIjoiMSJ9"
        }
      ]
    },
    {
      "module": "module.opensrch-02",
      "mode": "managed",
      "type": "nutanix_virtual_machine",
      "name": "vm",
      "provider": "provider[\"registry.terraform.io/nutanix/nutanix\"]",
      "instances": [
        {
          "schema_version": 1,
          "attributes": {
            "api_version": "3.1",
            "availability_zone_reference": {},
            "boot_device_disk_address": {},
            "boot_device_mac_address": "",
            "boot_device_order_list": [],
            "boot_type": "",
            "categories": [],
            "cloud_init_cdrom_uuid": "944327d5-8456-4af0-b593-47b585843ba1",
            "cluster_name": "PHX-POC036",
            "cluster_uuid": "00062139-bb4d-225a-0000-00000002ad3c",
            "description": "My Terraform managed VM",
            "disk_list": [
              {
                "data_source_reference": {
                  "kind": "image",
                  "uuid": "4fe6a7d3-35ee-4158-932a-070dadd7bc78"
                },
                "device_properties": [
                  {
                    "device_type": "DISK",
                    "disk_address": {
                      "adapter_type": "SCSI",
                      "device_index": "0"
                    }
                  }
                ],
                "disk_size_bytes": 3758096384,
                "disk_size_mib": 3584,
                "storage_config": [
                  {
                    "flash_mode": "",
                    "storage_container_reference": [
                      {
                        "kind": "storage_container",
                        "name": "SelfServiceContainer",
                        "url": "",
                        "uuid": "13c0e787-e618-46b3-869e-32b630fc7a03"
                      }
                    ]
                  }
                ],
                "uuid": "7893246e-5346-4aa0-a980-d7ec566efa90",
                "volume_group_reference": {}
              },
              {
                "data_source_reference": {},
                "device_properties": [
                  {
                    "device_type": "DISK",
                    "disk_address": {
                      "adapter_type": "SCSI",
                      "device_index": "1"
                    }
                  }
                ],
                "disk_size_bytes": 42949672960,
                "disk_size_mib": 40960,
                "storage_config": [
                  {
                    "flash_mode": "",
                    "storage_container_reference": [
                      {
                        "kind": "storage_container",
                        "name": "SelfServiceContainer",
                        "url": "",
                        "uuid": "13c0e787-e618-46b3-869e-32b630fc7a03"
                      }
                    ]
                  }
                ],
                "uuid": "b7277fb5-fc98-4fab-b82a-4a52f20f4fb5",
                "volume_group_reference": {}
              }
            ],
            "enable_cpu_passthrough": false,
            "enable_script_exec": false,
            "gpu_list": [],
            "guest_customization_cloud_init_custom_key_values": {},
            "guest_customization_cloud_init_meta_data": "",
            "guest_customization_cloud_init_user_data": "I2Nsb3VkLWNvbmZpZw0KdmVyc2lvbjogMQ0KcGFja2FnZV91cGRhdGU6IHRydWUNCmhvc3RuYW1lOiBiaXJkYmF0aC10ZXN0LW9wZW5zY3JjaC0wMg0KbWFuYWdlX2V0Y19ob3N0czogdHJ1ZQ0KcGFja2FnZXM6DQogIC0gZ2l0DQogIC0gcHl0aG9uLWlzLXB5dGhvbjMNCiAgLSBweXRob24zLWdudXBnDQp3cml0ZV9maWxlczoNCiAgLSBwYXRoOiAvZXRjL2hvc3RzDQogICAgY29udGVudDogfA0KICAgICAgMTI3LjAuMC4xIGxvY2FsaG9zdA0KICAgICAge3stIHJhbmdlICR2bSBpbiB2bV9kZXRhaWxzIH19DQogICAgICB7eyAkdm0uaXAgfX0ge3sgJHZtLmhvc3RuYW1lIH19DQogICAgICB7ey0gZW5kIH19DQogIC0gcGF0aDogL2V0Yy9yZXNvbHYuY29uZg0KICAgIGNvbnRlbnQ6IHwNCiAgICAgIG5hbWVzZXJ2ZXIgOC44LjguOA0KICAgICAgbmFtZXNlcnZlciA4LjguNC40DQojIFNhbHQgQm9vdHN0cmFwIHNjcmlwdA0KICAtIHBhdGg6IC90bXAvZ21pdHMvc2FsdF9pbml0LnNoDQogICAgcGVybWlzc2lvbnM6ICcwNTAwJw0KICAgIGNvbnRlbnQ6IHwNCiAgICAgICMhL2Jpbi9iYXNoDQogICAgICANCiAgICAgIGV4cG9ydCBERUJJQU5fRlJPTlRFTkQ9bm9uaW50ZXJhY3RpdmUNCg0KICAgICAgU0FMVF9HUEdfVVJMPSdodHRwczovL3JlcG8uc2FsdHByb2plY3QuaW8vc2FsdC9weTMvdWJ1bnR1LzIyLjA0L2FtZDY0L1NBTFQtUFJPSkVDVC1HUEctUFVCS0VZLTIwMjMuZ3BnJw0KICAgICAgU0FMVF9SRVBPX1VSTD0naHR0cHM6Ly9yZXBvLnNhbHRwcm9qZWN0LmlvL3NhbHQvcHkzL3VidW50dS8yMi4wNC9hbWQ2NC9sYXRlc3QnDQogICAgICBLRVlSSU5HX0RJUj0nL2V0Yy9hcHQva2V5cmluZ3MnDQoNCiAgICAgIGN1cmwgLWZzU0wgLW8gJEtFWVJJTkdfRElSL3NhbHQtYXJjaGl2ZS1rZXlyaW5nLTIwMjMuZ3BnICRTQUxUX0dQR19VUkwNCiAgICAgIGVjaG8gImRlYiBbc2lnbmVkLWJ5PSRLRVlSSU5HX0RJUi9zYWx0LWFyY2hpdmUta2V5cmluZy0yMDIzLmdwZyBhcmNoPWFtZDY0XSAkU0FMVF9SRVBPX1VSTCBqYW1teSBtYWluIiB8IHRlZSAvZXRjL2FwdC9zb3VyY2VzLmxpc3QuZC9zYWx0Lmxpc3QNCg0KICAgICAgYXB0LWdldCB1cGRhdGUgJiYgYXB0LWdldCBpbnN0YWxsIC1xcSBzYWx0LW1pbmlvbiAteQ0KIyBTYWx0IG1pbmlvbiBjb25maWcgZmlsZXMNCiAgLSBwYXRoOiAvZXRjL3NhbHQvbWluaW9uLmQvOTktbWFzdGVyLWFkZHJlc3MuY29uZg0KICAgIHBlcm1pc3Npb25zOiAnMDY0NCcNCiAgICBjb250ZW50OiB8DQogICAgICBtYXN0ZXI6IGJpcmRiYXRoLXRlc3QtY2ZnLTAxDQogIC0gcGF0aDogL2V0Yy9zYWx0L21pbmlvbi5kL21pbmlvbl9pZC5jb25mDQogICAgcGVybWlzc2lvbnM6ICcwNjQ0Jw0KICAgIGNvbnRlbnQ6IHwNCiAgICAgIGlkOiBiaXJkYmF0aC10ZXN0LW9wZW5zY3JjaC0wMg0KICAtIHBhdGg6IC9ldGMvc2FsdC9taW5pb24uZC94NTA5LmNvbmYNCiAgICBwZXJtaXNzaW9uczogJzA2NDQnDQogICAgY29udGVudDogfA0KICAgICAgZmVhdHVyZXM6DQogICAgICAgIHg1MDlfdjI6IHRydWUNCg0KcnVuY21kOg0KICAtIHN1ZG8gLi90bXAvZ21pdHMvc2FsdF9pbml0LnNoDQogIC0gc3VkbyBob3N0bmFtZWN0bCBzZXQtaG9zdG5hbWUgYmlyZGJhdGgtdGVzdC1vcGVuc2NyY2gtMDIgDQogIC0gZWNobyAiVXBkYXRlZCAvZXRjL2hvc3RzIGZpbGUgd2l0aCBkeW5hbWljIElQIGFuZCBob3N0bmFtZSBlbnRyaWVzLiINCg==",
            "guest_customization_is_overridable": false,
            "guest_customization_sysprep": {},
            "guest_customization_sysprep_custom_key_values": {},
            "guest_os_id": "",
            "hardware_clock_timezone": "UTC",
            "host_reference": {
              "kind": "host",
              "name": "10.42.36.28",
              "uuid": "b7c0426f-f7f5-4722-a7ce-451b7d0c8cc6"
            },
            "hypervisor_type": null,
            "id": "e4d05bad-a179-4f64-96c8-756701a61d28",
            "is_vcpu_hard_pinned": false,
            "machine_type": "PC",
            "memory_size_mib": 4096,
            "metadata": {
              "creation_time": "2024-09-06 10:44:26 +0000 UTC",
              "last_update_time": "2024-09-06 10:44:26 +0000 UTC",
              "name": "",
              "spec_hash": "",
              "spec_version": "0",
              "uuid": "e4d05bad-a179-4f64-96c8-756701a61d28"
            },
            "name": "birdbath-test-openscrch-02",
            "ngt_credentials": {},
            "ngt_enabled_capability_list": [],
            "nic_list": [
              {
                "ip_endpoint_list": [
                  {
                    "ip": "10.42.36.108",
                    "type": "ASSIGNED"
                  }
                ],
                "is_connected": "true",
                "mac_address": "50:6b:8d:99:56:4f",
                "model": "",
                "network_function_chain_reference": {},
                "network_function_nic_type": "",
                "nic_type": "NORMAL_NIC",
                "num_queues": 0,
                "subnet_name": "primary",
                "subnet_uuid": "cf2006f1-9acf-47a9-b8fa-18d87e72af5d",
                "uuid": "352df256-024c-4fd3-b0b1-292d551adb11"
              }
            ],
            "nic_list_status": [
              {
                "floating_ip": "",
                "ip_endpoint_list": [
                  {
                    "ip": "10.42.36.108",
                    "type": "ASSIGNED"
                  }
                ],
                "is_connected": "true",
                "mac_address": "50:6b:8d:99:56:4f",
                "model": "",
                "network_function_chain_reference": {},
                "network_function_nic_type": "",
                "nic_type": "NORMAL_NIC",
                "num_queues": 0,
                "subnet_name": "primary",
                "subnet_uuid": "cf2006f1-9acf-47a9-b8fa-18d87e72af5d",
                "uuid": "352df256-024c-4fd3-b0b1-292d551adb11"
              }
            ],
            "num_sockets": 1,
            "num_vcpus_per_socket": 2,
            "num_vnuma_nodes": 0,
            "nutanix_guest_tools": {},
            "owner_reference": {
              "kind": "user",
              "name": "admin",
              "uuid": "00000000-0000-0000-0000-000000000000"
            },
            "parent_reference": {},
            "power_state": "ON",
            "power_state_mechanism": "HARD",
            "project_reference": {
              "kind": "project",
              "name": "_internal",
              "uuid": "638f7fe8-11c2-4f10-b14d-8410ffd22958"
            },
            "serial_port_list": [],
            "should_fail_on_script_failure": false,
            "state": "COMPLETE",
            "timeouts": null,
            "use_hot_add": true,
            "vga_console_enabled": true
          },
          "sensitive_attributes": [],
          "private": "eyJlMmJmYjczMC1lY2FhLTExZTYtOGY4OC0zNDM2M2JjN2M0YzAiOnsiY3JlYXRlIjozNjAwMDAwMDAwMDAwLCJkZWxldGUiOjM2MDAwMDAwMDAwMDAsInVwZGF0ZSI6MzYwMDAwMDAwMDAwMH0sInNjaGVtYV92ZXJzaW9uIjoiMSJ9"
        }
      ]
    },
    {
      "module": "module.opensrch-03",
      "mode": "managed",
      "type": "nutanix_virtual_machine",
      "name": "vm",
      "provider": "provider[\"registry.terraform.io/nutanix/nutanix\"]",
      "instances": [
        {
          "schema_version": 1,
          "attributes": {
            "api_version": "3.1",
            "availability_zone_reference": {},
            "boot_device_disk_address": {},
            "boot_device_mac_address": "",
            "boot_device_order_list": [],
            "boot_type": "",
            "categories": [],
            "cloud_init_cdrom_uuid": "b78f0d88-023d-497e-93c1-07b68b3ee00e",
            "cluster_name": "PHX-POC036",
            "cluster_uuid": "00062139-bb4d-225a-0000-00000002ad3c",
            "description": "My Terraform managed VM",
            "disk_list": [
              {
                "data_source_reference": {
                  "kind": "image",
                  "uuid": "4fe6a7d3-35ee-4158-932a-070dadd7bc78"
                },
                "device_properties": [
                  {
                    "device_type": "DISK",
                    "disk_address": {
                      "adapter_type": "SCSI",
                      "device_index": "0"
                    }
                  }
                ],
                "disk_size_bytes": 3758096384,
                "disk_size_mib": 3584,
                "storage_config": [
                  {
                    "flash_mode": "",
                    "storage_container_reference": [
                      {
                        "kind": "storage_container",
                        "name": "SelfServiceContainer",
                        "url": "",
                        "uuid": "13c0e787-e618-46b3-869e-32b630fc7a03"
                      }
                    ]
                  }
                ],
                "uuid": "6a9e2283-ec24-4792-a9a5-5392b3a1c889",
                "volume_group_reference": {}
              },
              {
                "data_source_reference": {},
                "device_properties": [
                  {
                    "device_type": "DISK",
                    "disk_address": {
                      "adapter_type": "SCSI",
                      "device_index": "1"
                    }
                  }
                ],
                "disk_size_bytes": 42949672960,
                "disk_size_mib": 40960,
                "storage_config": [
                  {
                    "flash_mode": "",
                    "storage_container_reference": [
                      {
                        "kind": "storage_container",
                        "name": "SelfServiceContainer",
                        "url": "",
                        "uuid": "13c0e787-e618-46b3-869e-32b630fc7a03"
                      }
                    ]
                  }
                ],
                "uuid": "e34d49d7-4fe5-4e9f-bbc5-77b004352204",
                "volume_group_reference": {}
              }
            ],
            "enable_cpu_passthrough": false,
            "enable_script_exec": false,
            "gpu_list": [],
            "guest_customization_cloud_init_custom_key_values": {},
            "guest_customization_cloud_init_meta_data": "",
            "guest_customization_cloud_init_user_data": "I2Nsb3VkLWNvbmZpZw0KdmVyc2lvbjogMQ0KcGFja2FnZV91cGRhdGU6IHRydWUNCmhvc3RuYW1lOiBiaXJkYmF0aC10ZXN0LW9wZW5zY3JjaC0wMw0KbWFuYWdlX2V0Y19ob3N0czogdHJ1ZQ0KcGFja2FnZXM6DQogIC0gZ2l0DQogIC0gcHl0aG9uLWlzLXB5dGhvbjMNCiAgLSBweXRob24zLWdudXBnDQp3cml0ZV9maWxlczoNCiAgLSBwYXRoOiAvZXRjL2hvc3RzDQogICAgY29udGVudDogfA0KICAgICAgMTI3LjAuMC4xIGxvY2FsaG9zdA0KICAgICAge3stIHJhbmdlICR2bSBpbiB2bV9kZXRhaWxzIH19DQogICAgICB7eyAkdm0uaXAgfX0ge3sgJHZtLmhvc3RuYW1lIH19DQogICAgICB7ey0gZW5kIH19DQogIC0gcGF0aDogL2V0Yy9yZXNvbHYuY29uZg0KICAgIGNvbnRlbnQ6IHwNCiAgICAgIG5hbWVzZXJ2ZXIgOC44LjguOA0KICAgICAgbmFtZXNlcnZlciA4LjguNC40DQojIFNhbHQgQm9vdHN0cmFwIHNjcmlwdA0KICAtIHBhdGg6IC90bXAvZ21pdHMvc2FsdF9pbml0LnNoDQogICAgcGVybWlzc2lvbnM6ICcwNTAwJw0KICAgIGNvbnRlbnQ6IHwNCiAgICAgICMhL2Jpbi9iYXNoDQogICAgICANCiAgICAgIGV4cG9ydCBERUJJQU5fRlJPTlRFTkQ9bm9uaW50ZXJhY3RpdmUNCg0KICAgICAgU0FMVF9HUEdfVVJMPSdodHRwczovL3JlcG8uc2FsdHByb2plY3QuaW8vc2FsdC9weTMvdWJ1bnR1LzIyLjA0L2FtZDY0L1NBTFQtUFJPSkVDVC1HUEctUFVCS0VZLTIwMjMuZ3BnJw0KICAgICAgU0FMVF9SRVBPX1VSTD0naHR0cHM6Ly9yZXBvLnNhbHRwcm9qZWN0LmlvL3NhbHQvcHkzL3VidW50dS8yMi4wNC9hbWQ2NC9sYXRlc3QnDQogICAgICBLRVlSSU5HX0RJUj0nL2V0Yy9hcHQva2V5cmluZ3MnDQoNCiAgICAgIGN1cmwgLWZzU0wgLW8gJEtFWVJJTkdfRElSL3NhbHQtYXJjaGl2ZS1rZXlyaW5nLTIwMjMuZ3BnICRTQUxUX0dQR19VUkwNCiAgICAgIGVjaG8gImRlYiBbc2lnbmVkLWJ5PSRLRVlSSU5HX0RJUi9zYWx0LWFyY2hpdmUta2V5cmluZy0yMDIzLmdwZyBhcmNoPWFtZDY0XSAkU0FMVF9SRVBPX1VSTCBqYW1teSBtYWluIiB8IHRlZSAvZXRjL2FwdC9zb3VyY2VzLmxpc3QuZC9zYWx0Lmxpc3QNCg0KICAgICAgYXB0LWdldCB1cGRhdGUgJiYgYXB0LWdldCBpbnN0YWxsIC1xcSBzYWx0LW1pbmlvbiAteQ0KIyBTYWx0IG1pbmlvbiBjb25maWcgZmlsZXMNCiAgLSBwYXRoOiAvZXRjL3NhbHQvbWluaW9uLmQvOTktbWFzdGVyLWFkZHJlc3MuY29uZg0KICAgIHBlcm1pc3Npb25zOiAnMDY0NCcNCiAgICBjb250ZW50OiB8DQogICAgICBtYXN0ZXI6IGJpcmRiYXRoLXRlc3QtY2ZnLTAxDQogIC0gcGF0aDogL2V0Yy9zYWx0L21pbmlvbi5kL21pbmlvbl9pZC5jb25mDQogICAgcGVybWlzc2lvbnM6ICcwNjQ0Jw0KICAgIGNvbnRlbnQ6IHwNCiAgICAgIGlkOiBiaXJkYmF0aC10ZXN0LW9wZW5zY3JjaC0wMw0KICAtIHBhdGg6IC9ldGMvc2FsdC9taW5pb24uZC94NTA5LmNvbmYNCiAgICBwZXJtaXNzaW9uczogJzA2NDQnDQogICAgY29udGVudDogfA0KICAgICAgZmVhdHVyZXM6DQogICAgICAgIHg1MDlfdjI6IHRydWUNCg0KcnVuY21kOg0KICAtIHN1ZG8gLi90bXAvZ21pdHMvc2FsdF9pbml0LnNoDQogIC0gc3VkbyBob3N0bmFtZWN0bCBzZXQtaG9zdG5hbWUgYmlyZGJhdGgtdGVzdC1vcGVuc2NyY2gtMDMgDQogIC0gZWNobyAiVXBkYXRlZCAvZXRjL2hvc3RzIGZpbGUgd2l0aCBkeW5hbWljIElQIGFuZCBob3N0bmFtZSBlbnRyaWVzLiINCg==",
            "guest_customization_is_overridable": false,
            "guest_customization_sysprep": {},
            "guest_customization_sysprep_custom_key_values": {},
            "guest_os_id": "",
            "hardware_clock_timezone": "UTC",
            "host_reference": {
              "kind": "host",
              "name": "10.42.36.28",
              "uuid": "b7c0426f-f7f5-4722-a7ce-451b7d0c8cc6"
            },
            "hypervisor_type": null,
            "id": "bc7d724c-f4d8-4f9c-a29a-74b57e3846e0",
            "is_vcpu_hard_pinned": false,
            "machine_type": "PC",
            "memory_size_mib": 4096,
            "metadata": {
              "creation_time": "2024-09-06 10:44:30 +0000 UTC",
              "last_update_time": "2024-09-06 10:44:30 +0000 UTC",
              "name": "",
              "spec_hash": "",
              "spec_version": "0",
              "uuid": "bc7d724c-f4d8-4f9c-a29a-74b57e3846e0"
            },
            "name": "birdbath-test-openscrch-03",
            "ngt_credentials": {},
            "ngt_enabled_capability_list": [],
            "nic_list": [
              {
                "ip_endpoint_list": [
                  {
                    "ip": "10.42.36.113",
                    "type": "ASSIGNED"
                  }
                ],
                "is_connected": "true",
                "mac_address": "50:6b:8d:f7:52:92",
                "model": "",
                "network_function_chain_reference": {},
                "network_function_nic_type": "",
                "nic_type": "NORMAL_NIC",
                "num_queues": 0,
                "subnet_name": "primary",
                "subnet_uuid": "cf2006f1-9acf-47a9-b8fa-18d87e72af5d",
                "uuid": "a9a363ed-aa32-467b-953f-c04c3ff33ad1"
              }
            ],
            "nic_list_status": [
              {
                "floating_ip": "",
                "ip_endpoint_list": [
                  {
                    "ip": "10.42.36.113",
                    "type": "ASSIGNED"
                  }
                ],
                "is_connected": "true",
                "mac_address": "50:6b:8d:f7:52:92",
                "model": "",
                "network_function_chain_reference": {},
                "network_function_nic_type": "",
                "nic_type": "NORMAL_NIC",
                "num_queues": 0,
                "subnet_name": "primary",
                "subnet_uuid": "cf2006f1-9acf-47a9-b8fa-18d87e72af5d",
                "uuid": "a9a363ed-aa32-467b-953f-c04c3ff33ad1"
              }
            ],
            "num_sockets": 1,
            "num_vcpus_per_socket": 2,
            "num_vnuma_nodes": 0,
            "nutanix_guest_tools": {},
            "owner_reference": {
              "kind": "user",
              "name": "admin",
              "uuid": "00000000-0000-0000-0000-000000000000"
            },
            "parent_reference": {},
            "power_state": "ON",
            "power_state_mechanism": "HARD",
            "project_reference": {
              "kind": "project",
              "name": "_internal",
              "uuid": "638f7fe8-11c2-4f10-b14d-8410ffd22958"
            },
            "serial_port_list": [],
            "should_fail_on_script_failure": false,
            "state": "COMPLETE",
            "timeouts": null,
            "use_hot_add": true,
            "vga_console_enabled": true
          },
          "sensitive_attributes": [],
          "private": "eyJlMmJmYjczMC1lY2FhLTExZTYtOGY4OC0zNDM2M2JjN2M0YzAiOnsiY3JlYXRlIjozNjAwMDAwMDAwMDAwLCJkZWxldGUiOjM2MDAwMDAwMDAwMDAsInVwZGF0ZSI6MzYwMDAwMDAwMDAwMH0sInNjaGVtYV92ZXJzaW9uIjoiMSJ9"
        }
      ]
    }
  ],
  "check_results": null
}
