{
  "version": 4,
  "terraform_version": "1.9.5",
  "serial": 311,
  "lineage": "cbdd0191-7185-3705-b185-a162c0fc3cb3",
  "outputs": {
    "vm_details": {
      "value": {
        "cfg-01": {
          "hostname": "birdbath-test-cfg-01",
          "vm_ips": "10.42.36.57"
        },
        "jmp-01": {
          "hostname": "birdbath-test-jmp-01",
          "vm_ips": "10.42.36.88"
        },
        "jmp-02": {
          "hostname": "birdbath-test-jmp-02",
          "vm_ips": "10.42.36.91"
        },
        "log-01": {
          "hostname": "birdbath-test-log-01",
          "vm_ips": "10.42.36.92"
        },
        "mon-01": {
          "hostname": "birdbath-test-mon-01",
          "vm_ips": "10.42.36.103"
        },
        "netsvc-01": {
          "hostname": "birdbath-test-netsvc-01",
          "vm_ips": "10.42.36.119"
        },
        "openscrch-01": {
          "hostname": "birdbath-test-openscrch-01",
          "vm_ips": "10.42.36.81"
        },
        "openscrch-02": {
          "hostname": "birdbath-test-openscrch-02",
          "vm_ips": "10.42.36.89"
        },
        "openscrch-03": {
          "hostname": "birdbath-test-openscrch-03",
          "vm_ips": "10.42.36.90"
        }
      },
      "type": [
        "object",
        {
          "cfg-01": [
            "object",
            {
              "hostname": "string",
              "vm_ips": "string"
            }
          ],
          "jmp-01": [
            "object",
            {
              "hostname": "string",
              "vm_ips": "string"
            }
          ],
          "jmp-02": [
            "object",
            {
              "hostname": "string",
              "vm_ips": "string"
            }
          ],
          "log-01": [
            "object",
            {
              "hostname": "string",
              "vm_ips": "string"
            }
          ],
          "mon-01": [
            "object",
            {
              "hostname": "string",
              "vm_ips": "string"
            }
          ],
          "netsvc-01": [
            "object",
            {
              "hostname": "string",
              "vm_ips": "string"
            }
          ],
          "openscrch-01": [
            "object",
            {
              "hostname": "string",
              "vm_ips": "string"
            }
          ],
          "openscrch-02": [
            "object",
            {
              "hostname": "string",
              "vm_ips": "string"
            }
          ],
          "openscrch-03": [
            "object",
            {
              "hostname": "string",
              "vm_ips": "string"
            }
          ]
        }
      ]
    }
  },
  "resources": [
    {
      "module": "module.cfg-01",
      "mode": "managed",
      "type": "nutanix_virtual_machine",
      "name": "vm",
      "provider": "provider[\"registry.terraform.io/nutanix/nutanix\"]",
      "instances": [
        {
          "schema_version": 1,
          "attributes": {
            "api_version": "3.1",
            "availability_zone_reference": {},
            "boot_device_disk_address": {},
            "boot_device_mac_address": "",
            "boot_device_order_list": [],
            "boot_type": "",
            "categories": [],
            "cloud_init_cdrom_uuid": "9d601b95-5c2b-4959-9488-da3efb9acc1d",
            "cluster_name": "PHX-POC036",
            "cluster_uuid": "00062139-bb4d-225a-0000-00000002ad3c",
            "description": "My Terraform managed VM",
            "disk_list": [
              {
                "data_source_reference": {
                  "kind": "image",
                  "uuid": "4fe6a7d3-35ee-4158-932a-070dadd7bc78"
                },
                "device_properties": [
                  {
                    "device_type": "DISK",
                    "disk_address": {
                      "adapter_type": "SCSI",
                      "device_index": "0"
                    }
                  }
                ],
                "disk_size_bytes": 3758096384,
                "disk_size_mib": 3584,
                "storage_config": [
                  {
                    "flash_mode": "",
                    "storage_container_reference": [
                      {
                        "kind": "storage_container",
                        "name": "SelfServiceContainer",
                        "url": "",
                        "uuid": "13c0e787-e618-46b3-869e-32b630fc7a03"
                      }
                    ]
                  }
                ],
                "uuid": "aa6b014e-d402-434e-b0f8-3b1ccad82849",
                "volume_group_reference": {}
              },
              {
                "data_source_reference": {},
                "device_properties": [
                  {
                    "device_type": "DISK",
                    "disk_address": {
                      "adapter_type": "SCSI",
                      "device_index": "1"
                    }
                  }
                ],
                "disk_size_bytes": 42949672960,
                "disk_size_mib": 40960,
                "storage_config": [
                  {
                    "flash_mode": "",
                    "storage_container_reference": [
                      {
                        "kind": "storage_container",
                        "name": "SelfServiceContainer",
                        "url": "",
                        "uuid": "13c0e787-e618-46b3-869e-32b630fc7a03"
                      }
                    ]
                  }
                ],
                "uuid": "91e161a1-7b16-43c9-9d14-aa3f80c9cf03",
                "volume_group_reference": {}
              }
            ],
            "enable_cpu_passthrough": false,
            "enable_script_exec": false,
            "gpu_list": [],
            "guest_customization_cloud_init_custom_key_values": {},
            "guest_customization_cloud_init_meta_data": "",
            "guest_customization_cloud_init_user_data": "I2Nsb3VkLWNvbmZpZw0KdmVyc2lvbjogMQ0KcGFja2FnZV91cGRhdGU6IHRydWUNCmhvc3RuYW1lOiBiaXJkYmF0aC10ZXN0LWNmZy0wMQ0KbWFuYWdlX2V0Y19ob3N0czogdHJ1ZQ0KcGFja2FnZXM6DQogIC0gZ2l0DQogIC0gcHl0aG9uLWlzLXB5dGhvbjMNCiAgLSBweXRob24zLWdudXBnDQp3cml0ZV9maWxlczoNCiAgLSBwYXRoOiAvZXRjL3Jlc29sdi5jb25mDQogICAgcGVybWlzc2lvbnM6ICcwNjQ0Jw0KICAgIGNvbnRlbnQ6IHwNCiAgICAgIDguOC44LjgNCiAgICAgIDguOC40LjQNCiANCiMgU2FsdCBCb290c3RyYXAgc2NyaXB0DQogIC0gcGF0aDogL3RtcC9nbWl0cy9zYWx0X2luaXQuc2gNCiAgICBwZXJtaXNzaW9uczogJzA1MDAnDQogICAgY29udGVudDogfA0KICAgICAgIyEvYmluL2Jhc2gNCiAgICAgIA0KICAgICAgZXhwb3J0IERFQklBTl9GUk9OVEVORD1ub25pbnRlcmFjdGl2ZQ0KDQogICAgICBHQ1RPT0xTX1VSTD0naHR0cHM6Ly9nZXJyaXQuZ29vZ2xlc291cmNlLmNvbS9nY29tcHV0ZS10b29scycNCiAgICAgIEdQR0hPTUU9Jy9ldGMvc2FsdC9ncGdrZXlzJw0KICAgICAgR01JVFNfR0lUPSdodHRwczovL2dtaXRzLWludGVybmFsLmdvb2dsZXNvdXJjZS5jb20vc2FsdHN0YWNrJw0KICAgICAgU0FMVF9HUEdfVVJMPSdodHRwczovL3JlcG8uc2FsdHByb2plY3QuaW8vc2FsdC9weTMvdWJ1bnR1LzIyLjA0L2FtZDY0L1NBTFQtUFJPSkVDVC1HUEctUFVCS0VZLTIwMjMuZ3BnJw0KICAgICAgU0FMVF9SRVBPX1VSTD0naHR0cHM6Ly9yZXBvLnNhbHRwcm9qZWN0LmlvL3NhbHQvcHkzL3VidW50dS8yMi4wNC9hbWQ2NC9sYXRlc3QnDQogICAgICBLRVlSSU5HX0RJUj0nL2V0Yy9hcHQva2V5cmluZ3MnDQoNCiAgICAgIGdpdCBjbG9uZSAkR0NUT09MU19VUkwNCiAgICAgIHNsZWVwIDEwDQogICAgICAuL2djb21wdXRlLXRvb2xzL2dpdC1jb29raWUtYXV0aGRhZW1vbg0KICAgICAgc2xlZXAgMTANCiAgICAgIGdpdCBjbG9uZSAtYiBtYWluICAkR01JVFNfR0lUIC9zcnYNCiAgICAgIHJtIC1yZiAvc3J2Ly5naXQgL3Nydi9SRUFETUUubWQgL3Nydi8uZ2l0aWdub3JlDQoNCiAgICAgIGN1cmwgLWZzU0wgLW8gJEtFWVJJTkdfRElSL3NhbHQtYXJjaGl2ZS1rZXlyaW5nLTIwMjMuZ3BnICRTQUxUX0dQR19VUkwNCiAgICAgIGVjaG8gImRlYiBbc2lnbmVkLWJ5PSRLRVlSSU5HX0RJUi9zYWx0LWFyY2hpdmUta2V5cmluZy0yMDIzLmdwZyBhcmNoPWFtZDY0XSAkU0FMVF9SRVBPX1VSTCBqYW1teSBtYWluIiB8IHRlZSAvZXRjL2FwdC9zb3VyY2VzLmxpc3QuZC9zYWx0Lmxpc3QNCg0KICAgICAgbWtkaXIgLXAgJEdQR0hPTUUgJiYgY2htb2QgLVIgMDcwMCAkR1BHSE9NRQ0KICAgICAgdG91Y2ggJEdQR0hPTUUvcHJpdmtleS5ncGcNCiAgICAgIGdwZyAtLWhvbWVkaXIgJEdQR0hPTUUgLS1pbXBvcnQgJEdQR0hPTUUvcHVia2V5LmdwZw0KICAgICAgZ3BnIC0taW1wb3J0ICRHUEdIT01FL3B1YmtleS5ncGcNCiAgICAgIGdwZyAtLWhvbWVkaXIgJEdQR0hPTUUgLS1pbXBvcnQtb3duZXJ0cnVzdCAkR1BHSE9NRS90cnVzdC5ncGcNCg0KICAgICAgYXB0LWdldCAtcXEgdXBkYXRlDQogICAgICBhcHQtZ2V0IC1xcSBpbnN0YWxsIHNhbHQtbWFzdGVyIHNhbHQtbWluaW9uIC15DQogICAgICBjaG93biAtUiBzYWx0ICRHUEdIT01FDQogICAgICBzeXN0ZW1jdGwgc3RhcnQgc2FsdC1tYXN0ZXIuc2VydmljZQ0KICAgICAgc3lzdGVtY3RsIGVuYWJsZSBzYWx0LW1hc3Rlci5zZXJ2aWNlDQojIFNhbHQgbWluaW9uIGNvbmZpZyBmaWxlcw0KICAtIHBhdGg6IC9ldGMvc2FsdC9taW5pb24uZC85OS1tYXN0ZXItYWRkcmVzcy5jb25mDQogICAgcGVybWlzc2lvbnM6ICcwNjQ0Jw0KICAgIGNvbnRlbnQ6IHwNCiAgICAgIG1hc3RlcjogYmlyZGJhdGgtdGVzdC1jZmctMDENCiAgLSBwYXRoOiAvZXRjL3NhbHQvbWluaW9uLmQvbWluaW9uX2lkLmNvbmYNCiAgICBwZXJtaXNzaW9uczogJzA2NDQnDQogICAgY29udGVudDogfA0KICAgICAgaWQ6IGJpcmRiYXRoLXRlc3QtY2ZnLTAxDQogIC0gcGF0aDogL2V0Yy9zYWx0L21pbmlvbi5kL3g1MDkuY29uZg0KICAgIHBlcm1pc3Npb25zOiAnMDY0NCcNCiAgICBjb250ZW50OiB8DQogICAgICBmZWF0dXJlczoNCiAgICAgICAgeDUwOV92MjogdHJ1ZSAgICAgIA0KIyBNYXN0ZXIgY29uZmlnIGZpbGVzDQogIC0gcGF0aDogL2V0Yy9zYWx0L21hc3Rlci5kL3BlZXIuY29uZg0KICAgIHBlcm1pc3Npb25zOiAnMDYwMCcNCiAgICBjb250ZW50OiB8DQogICAgICBwZWVyOg0KICAgICAgICAuKjoNCiAgICAgICAgICAtIHg1MDkuc2lnbl9yZW1vdGVfY2VydGlmaWNhdGUNCiAgLSBwYXRoOiAvZXRjL3NhbHQvbWFzdGVyLmQvcm9vdHMuY29uZg0KICAgIHBlcm1pc3Npb25zOiAnMDYwMCcNCiAgICBjb250ZW50OiB8DQogICAgICBmaWxlX3Jvb3RzOg0KICAgICAgICBiYXNlOg0KICAgICAgICAgIC0gL3Nydi9zYWx0Lw0KICAgICAgICAgIC0gL3Nydi9maWxlcy8NCiAgICAgIHBpbGxhcl9yb290czoNCiAgICAgICAgYmFzZToNCiAgICAgICAgICAtIC9zcnYvcGlsbGFyLw0KICAtIHBhdGg6IC9ldGMvc2FsdC9tYXN0ZXIuZC9wZWVyLmNvbmYNCiAgICBwZXJtaXNzaW9uczogJzA2MDAnDQogICAgY29udGVudDogfA0KICAgICAgZ3BnX2tleWRpcjogL2V0Yy9zYWx0L2dwZ2tleXMgICAgDQogIC0gcGF0aDogL2V0Yy9zYWx0L21hc3Rlci5kL3BlZXIuY29uZg0KICAgIHBlcm1pc3Npb25zOiAnMDYwMCcNCiAgICBjb250ZW50OiB8DQogICAgICBmZWF0dXJlczoNCiAgICAgICAgeDUwOV92MjogdHJ1ZQ0KDQogIC0gcGF0aDogL2V0Yy9zYWx0L2dwZ2tleXMvcHVia2V5LmdwZw0KICAgIHBlcm1pc3Npb25zOiAnMDYwMCcNCiAgICBjb250ZW50OiB8DQogICAgICAtLS0tLUJFR0lOIFBHUCBQVUJMSUMgS0VZIEJMT0NLLS0tLS0NCg0KICAgICAgbVFHTkJHWEJWR2dCREFDcEF2R1QvanhRY3RESGhQNVRCK0lLeXVPaE8ycXp3ZCtYN1RqY3dhSjFTSCtIL2lyaw0KICAgICAgQ0ZEUHJTODNZUXhoMHNMdmlNbDlFTFVjcXdpWVNMQlViVDdLWk81bnc0U25qLzlQeU5qZm9jV3FtUWlWN2hQaw0KICAgICAgaUwyOHBuTTF4Zk5QdVhNc0YySDlrV25VZnhEcm14T3U4Ukd6SkdYdjZMYkJzSTJrV003N0JKcXNBanBrNjE3eg0KICAgICAgWEp4SVkzeVRRalpBTWVEc0JaSjg4TFcwbXRUNXhtRWNRNGgwV3JmQWRoRzFrVk8wWmdtZVpuKysyRXJrdnIwVQ0KICAgICAgTmJ6U1RiSlRXdFpLVFc3dzBxby9ydlVnN0ErN0k3Qk12NVlGRkJ6NjFpcEt6RzE0Q3lNUWllRUV1M3A5Z3lnWA0KICAgICAgVW55U2wrWE4vZVd4YnMvcG9RalZDbEhZaEVwQ2FrYXdzR2dtbm55U3E5OERWaXBGTE42amFxTWVCTm13S0VVSw0KICAgICAgOVFKMDRrU0x0aUw4MTdDQlFhSndCa1NjTTcvanVmYUhNNlA0NlF1ZWdUVEpOdnV3Y2RKeVl1UnpYR29CNlQrdw0KICAgICAgMCtHK2cxNTlNejUrcXo5SkE2UGVabzV4bEZXblFHQXRzQzhRMWZPZ21NODFSaHdBVGM4S2l2NHMwMjFtMEh4Vw0KICAgICAgZzRrMDFramxPbzZrUWVVQUVRRUFBYlFJWW1seVpHSmhkR2lKQWRRRUV3RUtBRDRXSVFRZHJZc25XUWRDV3lYcg0KICAgICAgTFFUdFc0M0ZlZWZ1cUFVQ1pjRlVhQUliQXdVSkE4Sm5BQVVMQ1FnSEFnWVZDZ2tJQ3dJRUZnSURBUUllQVFJWA0KICAgICAgZ0FBS0NSRHRXNDNGZWVmdXFDSldDLzR2L2tPQ0FIR2xKMDFNaXAzbDdOMDhDclVpKzY5UXF2QnUydEJqU2d4Zg0KICAgICAgNGM2SC8zUDhrMEh1aWlNNkxzUytXL2xWcnNJbHpWOXAwU3YyN2hkVjhVT244Q24xYmV5c05XT1hoRk5XeFJiNw0KICAgICAgZUwyb0pPUUVhWExuWjU4djRKNGM2QnRIZ2JHWFcwSVI0Sm9aTW8rclg0SHJ3NmtvOGJVOU0yNjFIRVIzeGJrNw0KICAgICAgTmlTV21IVlY1TW9uQXI2OWdRSTZETVgraEUzUWtlR0ROdk05R3dReUwrVmJvRGdWRTcycTdkTURHWDYvL2k1Rg0KICAgICAgci92M3gxbGhyenRzSUR4MlJuSHpYSzJBTFZXRUtIOHhoU21ncFZVbjJja2xyZDFOTjR4OUVIZytyWmcwZnZ2YQ0KICAgICAgZnZFOG5UL1RUWWNvRnBCSHFBaEZQa1VIdjhDbHZGOVhkNkwxQ1FrUjR2Q3d3RmZNUEhMSHJ1Q1c3UTFwZEgyag0KICAgICAgVUpwUHI4VDk4Q2kreHJHRDFJYjFqZW5wNmVxaVpaMWpRNWsxUFhhM1B0OEdGNGV2S3lLZUt0TTYvbFdISG5kdg0KICAgICAgcDA2YkFEQ1VyM2NBRFFlVjBoTXJoaEM2eE53bTFFSlhHdnFqbXp6RGo1K3N4NmdlbEhkeU1KTnpmZFpqZ0dSNg0KICAgICAgVTl1Ym13bGlYUms3ZVVPWitVbml0ZEM1QVkwRVpjRlVhQUVNQU5FQkR5aEwvWmwrcjNHdWhHWUNkZnUvNk1OZg0KICAgICAgYUtDT2xCY0k4bVRSNmVzdklGd1NHWXlta2xqeVpCQjUveGE3VE5xL0hwekNGZFdpWFMyeFVNa0h6aUpZQkcrOA0KICAgICAgZU9Ka1k4TGQ3UEFqRnlvcXY2ME9NMFNENTZoVmNHMVRyMWZOdFgwQmprU2F5d1hDWi91QWoralM3c2JyM29Bag0KICAgICAgMjFlOWd2WU5SS0RWMmk2alFkaGNUSDVHSTcrK2tqYTdRNjlWbnFLVDNic2dTTitwM3AybE9OckZUTlRqd2h5QQ0KICAgICAgcTdNc1FWdkRkMlgwMnJra1J6NVVaTGNnQW1BTll2R1R0azZlTitCYkIrMmpsSVc2b2NPNStxeDJqeVlkZXFTaQ0KICAgICAgRExNUjcydjFKSG5NazJSNExsTzhCdGliS21BTGszMEMrTDZaaHVSY2Q4bWZtOG5ma1FOOFVmeTNFR0l2Q0w5Tw0KICAgICAgcTRxKzdlallpVHExNkN0Nm5jQXNFWHdWQ2pTYTVyclQ4Rm1sWEZwQXBFa3RzclI4OVJRVU94Y0xuditXaWJqUQ0KICAgICAgNFJOaE9PY1VtclpDY3ZBdW5tZ0NBWXpPbzVnd2N2b1d5M3FPUGNsSlNNOXhjM2ErUEtYR3N1Ukw5YzdPL0Z2OA0KICAgICAgdmJySWRJbEY4R1hsenVPUEsxc0xkYldkZXVFVEUyUUsvNDJLRXdBUkFRQUJpUUc4QkJnQkNnQW1GaUVFSGEyTA0KICAgICAgSjFrSFFsc2w2eTBFN1Z1TnhYbm43cWdGQW1YQlZHZ0NHd3dGQ1FQQ1p3QUFDZ2tRN1Z1TnhYbm43cWpHTVF2Nw0KICAgICAgQjB6RkZQT0RjMlgwS0Z5aDdxMWE3Z0ZiM3IzdDlXVm1NdDdMellEUW4yMGxNWTY5U1JtMGh2dUVQQXAvOUZpUA0KICAgICAgTFh2ZWR6YmNpTDhWTG9pQ2kwN2wvZ01NOHJXSWV2VS95MEtsM0hGbnduMWdXOXEzeEx6WGsvRDI0Tjg2VXpNbw0KICAgICAgTWJhWS9uTzlFakc5dyt0Rm8zTTZHV0M0S2F3WDQwdEFtWittUU5CZDlOYjBOU3E0SVhySmxGeWlEa2V4S21XbQ0KICAgICAgNVo1dDdLZzJiSEl1OVVJRzFURGphRnEvQVpZL3ZDanhzWmJBdEo5QzBGOXUwUDBCSWY3cWJjVytiMVJDSjRkdg0KICAgICAgUnArVTFYS0hjQlZBTVh2aXJycksxRlRQZHNlNVFycnpQNXVwSURSTmZnbTlESmRLOC92MDU3ZnR3NHFjazJBZA0KICAgICAgKzJGT2pHWFlqc2FCK2NnOUxUMzN2N0hrbTBabGR4QUJZSkVOalc0UFR5blU4dG1aWmp5V3FhRWtwUzJmb1hOWQ0KICAgICAgZ2tUMkRCZnFmOTJheUdNMnRpclBaMURSTFdJcWZLb1R2MURqaTlBYytyNFl5OHQybURseEQ0SGxYcUs2S29kSg0KICAgICAgWHJXRTRrYXBoYkNsamViV1ZxT0Q5anFQUEkrOGhuZGtQZTJnbFZCTTBydmJVbjFZSG0xT25IZWFwc01zQlhocg0KICAgICAgPTdQaDgNCiAgICAgIC0tLS0tRU5EIFBHUCBQVUJMSUMgS0VZIEJMT0NLLS0tLS0NCiAgLSBwYXRoOiAvZXRjL3NhbHQvZ3Bna2V5cy90cnVzdC5ncGcNCiAgICBwZXJtaXNzaW9uczogJzA2MDAnDQogICAgY29udGVudDogfA0KICAgICAgMURBRDhCMjc1OTA3NDI1QjI1RUIyRDA0RUQ1QjhEQzU3OUU3RUVBODo2Og0KDQpydW5jbWQ6DQogIC0gc3VkbyAuL3RtcC9nbWl0cy9zYWx0X2luaXQuc2gNCiAgLSBzdWRvIGhvc3RuYW1lY3RsIHNldC1ob3N0bmFtZSBiaXJkYmF0aC10ZXN0LWNmZy0wMQ0K",
            "guest_customization_is_overridable": false,
            "guest_customization_sysprep": {},
            "guest_customization_sysprep_custom_key_values": {},
            "guest_os_id": "",
            "hardware_clock_timezone": "UTC",
            "host_reference": {
              "kind": "host",
              "name": "10.42.36.26",
              "uuid": "43e9bfa4-1662-48d9-97ff-050f46d8ab13"
            },
            "hypervisor_type": null,
            "id": "69d886f8-72c0-4664-bbad-f1d4161d86bd",
            "is_vcpu_hard_pinned": false,
            "machine_type": "PC",
            "memory_size_mib": 4096,
            "metadata": {
              "creation_time": "2024-09-06 11:53:19 +0000 UTC",
              "last_update_time": "2024-09-06 11:53:19 +0000 UTC",
              "name": "",
              "spec_hash": "",
              "spec_version": "0",
              "uuid": "69d886f8-72c0-4664-bbad-f1d4161d86bd"
            },
            "name": "birdbath-test-cfg-01",
            "ngt_credentials": {},
            "ngt_enabled_capability_list": [],
            "nic_list": [
              {
                "ip_endpoint_list": [
                  {
                    "ip": "10.42.36.57",
                    "type": "ASSIGNED"
                  }
                ],
                "is_connected": "true",
                "mac_address": "50:6b:8d:af:24:e4",
                "model": "",
                "network_function_chain_reference": {},
                "network_function_nic_type": "",
                "nic_type": "NORMAL_NIC",
                "num_queues": 0,
                "subnet_name": "primary",
                "subnet_uuid": "cf2006f1-9acf-47a9-b8fa-18d87e72af5d",
                "uuid": "80d70c49-31ae-472e-9e3a-14145fcef2c5"
              }
            ],
            "nic_list_status": [
              {
                "floating_ip": "",
                "ip_endpoint_list": [
                  {
                    "ip": "10.42.36.57",
                    "type": "ASSIGNED"
                  }
                ],
                "is_connected": "true",
                "mac_address": "50:6b:8d:af:24:e4",
                "model": "",
                "network_function_chain_reference": {},
                "network_function_nic_type": "",
                "nic_type": "NORMAL_NIC",
                "num_queues": 0,
                "subnet_name": "primary",
                "subnet_uuid": "cf2006f1-9acf-47a9-b8fa-18d87e72af5d",
                "uuid": "80d70c49-31ae-472e-9e3a-14145fcef2c5"
              }
            ],
            "num_sockets": 1,
            "num_vcpus_per_socket": 2,
            "num_vnuma_nodes": 0,
            "nutanix_guest_tools": {},
            "owner_reference": {
              "kind": "user",
              "name": "admin",
              "uuid": "00000000-0000-0000-0000-000000000000"
            },
            "parent_reference": {},
            "power_state": "ON",
            "power_state_mechanism": "HARD",
            "project_reference": {
              "kind": "project",
              "name": "_internal",
              "uuid": "638f7fe8-11c2-4f10-b14d-8410ffd22958"
            },
            "serial_port_list": [],
            "should_fail_on_script_failure": false,
            "state": "COMPLETE",
            "timeouts": null,
            "use_hot_add": true,
            "vga_console_enabled": true
          },
          "sensitive_attributes": [],
          "private": "eyJlMmJmYjczMC1lY2FhLTExZTYtOGY4OC0zNDM2M2JjN2M0YzAiOnsiY3JlYXRlIjozNjAwMDAwMDAwMDAwLCJkZWxldGUiOjM2MDAwMDAwMDAwMDAsInVwZGF0ZSI6MzYwMDAwMDAwMDAwMH0sInNjaGVtYV92ZXJzaW9uIjoiMSJ9"
        }
      ]
    },
    {
      "module": "module.jmp-01",
      "mode": "managed",
      "type": "nutanix_virtual_machine",
      "name": "vm",
      "provider": "provider[\"registry.terraform.io/nutanix/nutanix\"]",
      "instances": [
        {
          "schema_version": 1,
          "attributes": {
            "api_version": "3.1",
            "availability_zone_reference": {},
            "boot_device_disk_address": {},
            "boot_device_mac_address": "",
            "boot_device_order_list": [],
            "boot_type": "",
            "categories": [],
            "cloud_init_cdrom_uuid": "d5e30fb3-a791-498b-9fe9-e4e0b73f8250",
            "cluster_name": "PHX-POC036",
            "cluster_uuid": "00062139-bb4d-225a-0000-00000002ad3c",
            "description": "My Terraform managed VM",
            "disk_list": [
              {
                "data_source_reference": {
                  "kind": "image",
                  "uuid": "4fe6a7d3-35ee-4158-932a-070dadd7bc78"
                },
                "device_properties": [
                  {
                    "device_type": "DISK",
                    "disk_address": {
                      "adapter_type": "SCSI",
                      "device_index": "0"
                    }
                  }
                ],
                "disk_size_bytes": 3758096384,
                "disk_size_mib": 3584,
                "storage_config": [
                  {
                    "flash_mode": "",
                    "storage_container_reference": [
                      {
                        "kind": "storage_container",
                        "name": "SelfServiceContainer",
                        "url": "",
                        "uuid": "13c0e787-e618-46b3-869e-32b630fc7a03"
                      }
                    ]
                  }
                ],
                "uuid": "e9998bfc-3521-4860-9983-82063caf33dc",
                "volume_group_reference": {}
              },
              {
                "data_source_reference": {},
                "device_properties": [
                  {
                    "device_type": "DISK",
                    "disk_address": {
                      "adapter_type": "SCSI",
                      "device_index": "1"
                    }
                  }
                ],
                "disk_size_bytes": 42949672960,
                "disk_size_mib": 40960,
                "storage_config": [
                  {
                    "flash_mode": "",
                    "storage_container_reference": [
                      {
                        "kind": "storage_container",
                        "name": "SelfServiceContainer",
                        "url": "",
                        "uuid": "13c0e787-e618-46b3-869e-32b630fc7a03"
                      }
                    ]
                  }
                ],
                "uuid": "a6ff0815-9d0f-46bb-9369-70f01b03dd0a",
                "volume_group_reference": {}
              }
            ],
            "enable_cpu_passthrough": false,
            "enable_script_exec": false,
            "gpu_list": [],
            "guest_customization_cloud_init_custom_key_values": {},
            "guest_customization_cloud_init_meta_data": "",
            "guest_customization_cloud_init_user_data": "I2Nsb3VkLWNvbmZpZw0KdmVyc2lvbjogMQ0KcGFja2FnZV91cGRhdGU6IHRydWUNCmhvc3RuYW1lOiBiaXJkYmF0aC10ZXN0LWptcC0wMQ0KbWFuYWdlX2V0Y19ob3N0czogdHJ1ZQ0KcGFja2FnZXM6DQogIC0gZ2l0DQogIC0gcHl0aG9uLWlzLXB5dGhvbjMNCiAgLSBweXRob24zLWdudXBnDQp3cml0ZV9maWxlczoNCiAgLSBwYXRoOiAvZXRjL3Jlc29sdi5jb25mDQogICAgcGVybWlzc2lvbnM6ICcwNjQ0Jw0KICAgIGNvbnRlbnQ6IHwNCiAgICAgIDguOC44LjgNCg0KIyBTYWx0IEJvb3RzdHJhcCBzY3JpcHQNCiAgLSBwYXRoOiAvdG1wL2dtaXRzL3NhbHRfaW5pdC5zaA0KICAgIHBlcm1pc3Npb25zOiAnMDUwMCcNCiAgICBjb250ZW50OiB8DQogICAgICAjIS9iaW4vYmFzaA0KICAgICAgDQogICAgICBleHBvcnQgREVCSUFOX0ZST05URU5EPW5vbmludGVyYWN0aXZlDQoNCiAgICAgIFNBTFRfR1BHX1VSTD0naHR0cHM6Ly9yZXBvLnNhbHRwcm9qZWN0LmlvL3NhbHQvcHkzL3VidW50dS8yMi4wNC9hbWQ2NC9TQUxULVBST0pFQ1QtR1BHLVBVQktFWS0yMDIzLmdwZycNCiAgICAgIFNBTFRfUkVQT19VUkw9J2h0dHBzOi8vcmVwby5zYWx0cHJvamVjdC5pby9zYWx0L3B5My91YnVudHUvMjIuMDQvYW1kNjQvbGF0ZXN0Jw0KICAgICAgS0VZUklOR19ESVI9Jy9ldGMvYXB0L2tleXJpbmdzJw0KDQogICAgICBjdXJsIC1mc1NMIC1vICRLRVlSSU5HX0RJUi9zYWx0LWFyY2hpdmUta2V5cmluZy0yMDIzLmdwZyAkU0FMVF9HUEdfVVJMDQogICAgICBlY2hvICJkZWIgW3NpZ25lZC1ieT0kS0VZUklOR19ESVIvc2FsdC1hcmNoaXZlLWtleXJpbmctMjAyMy5ncGcgYXJjaD1hbWQ2NF0gJFNBTFRfUkVQT19VUkwgamFtbXkgbWFpbiIgfCB0ZWUgL2V0Yy9hcHQvc291cmNlcy5saXN0LmQvc2FsdC5saXN0DQoNCiAgICAgIGFwdC1nZXQgdXBkYXRlICYmIGFwdC1nZXQgaW5zdGFsbCAtcXEgc2FsdC1taW5pb24gLXkNCiMgU2FsdCBtaW5pb24gY29uZmlnIGZpbGVzDQogIC0gcGF0aDogL2V0Yy9zYWx0L21pbmlvbi5kLzk5LW1hc3Rlci1hZGRyZXNzLmNvbmYNCiAgICBwZXJtaXNzaW9uczogJzA2NDQnDQogICAgY29udGVudDogfA0KICAgICAgbWFzdGVyOiBiaXJkYmF0aC10ZXN0LWNmZy0wMQ0KICAtIHBhdGg6IC9ldGMvc2FsdC9taW5pb24uZC9taW5pb25faWQuY29uZg0KICAgIHBlcm1pc3Npb25zOiAnMDY0NCcNCiAgICBjb250ZW50OiB8DQogICAgICBpZDogYmlyZGJhdGgtdGVzdC1qbXAtMDENCiAgLSBwYXRoOiAvZXRjL3NhbHQvbWluaW9uLmQveDUwOS5jb25mDQogICAgcGVybWlzc2lvbnM6ICcwNjQ0Jw0KICAgIGNvbnRlbnQ6IHwNCiAgICAgIGZlYXR1cmVzOg0KICAgICAgICB4NTA5X3YyOiB0cnVlDQoNCnJ1bmNtZDoNCiAgLSBzdWRvIC4vdG1wL2dtaXRzL3NhbHRfaW5pdC5zaA0KICAtIHN1ZG8gaG9zdG5hbWVjdGwgc2V0LWhvc3RuYW1lIGJpcmRiYXRoLXRlc3Qtam1wLTAxIA0K",
            "guest_customization_is_overridable": false,
            "guest_customization_sysprep": {},
            "guest_customization_sysprep_custom_key_values": {},
            "guest_os_id": "",
            "hardware_clock_timezone": "UTC",
            "host_reference": {
              "kind": "host",
              "name": "10.42.36.28",
              "uuid": "b7c0426f-f7f5-4722-a7ce-451b7d0c8cc6"
            },
            "hypervisor_type": null,
            "id": "b94f4df3-257a-4dfe-9227-244c0d17cd13",
            "is_vcpu_hard_pinned": false,
            "machine_type": "PC",
            "memory_size_mib": 4096,
            "metadata": {
              "creation_time": "2024-09-06 11:53:14 +0000 UTC",
              "last_update_time": "2024-09-06 11:53:14 +0000 UTC",
              "name": "",
              "spec_hash": "",
              "spec_version": "0",
              "uuid": "b94f4df3-257a-4dfe-9227-244c0d17cd13"
            },
            "name": "birdbath-test-jmp-01",
            "ngt_credentials": {},
            "ngt_enabled_capability_list": [],
            "nic_list": [
              {
                "ip_endpoint_list": [
                  {
                    "ip": "10.42.36.88",
                    "type": "ASSIGNED"
                  }
                ],
                "is_connected": "true",
                "mac_address": "50:6b:8d:88:5a:dd",
                "model": "",
                "network_function_chain_reference": {},
                "network_function_nic_type": "",
                "nic_type": "NORMAL_NIC",
                "num_queues": 0,
                "subnet_name": "primary",
                "subnet_uuid": "cf2006f1-9acf-47a9-b8fa-18d87e72af5d",
                "uuid": "7a9a7260-13c1-48df-b793-de22f3e597af"
              }
            ],
            "nic_list_status": [
              {
                "floating_ip": "",
                "ip_endpoint_list": [
                  {
                    "ip": "10.42.36.88",
                    "type": "ASSIGNED"
                  }
                ],
                "is_connected": "true",
                "mac_address": "50:6b:8d:88:5a:dd",
                "model": "",
                "network_function_chain_reference": {},
                "network_function_nic_type": "",
                "nic_type": "NORMAL_NIC",
                "num_queues": 0,
                "subnet_name": "primary",
                "subnet_uuid": "cf2006f1-9acf-47a9-b8fa-18d87e72af5d",
                "uuid": "7a9a7260-13c1-48df-b793-de22f3e597af"
              }
            ],
            "num_sockets": 1,
            "num_vcpus_per_socket": 2,
            "num_vnuma_nodes": 0,
            "nutanix_guest_tools": {},
            "owner_reference": {
              "kind": "user",
              "name": "admin",
              "uuid": "00000000-0000-0000-0000-000000000000"
            },
            "parent_reference": {},
            "power_state": "ON",
            "power_state_mechanism": "HARD",
            "project_reference": {
              "kind": "project",
              "name": "_internal",
              "uuid": "638f7fe8-11c2-4f10-b14d-8410ffd22958"
            },
            "serial_port_list": [],
            "should_fail_on_script_failure": false,
            "state": "COMPLETE",
            "timeouts": null,
            "use_hot_add": true,
            "vga_console_enabled": true
          },
          "sensitive_attributes": [],
          "private": "eyJlMmJmYjczMC1lY2FhLTExZTYtOGY4OC0zNDM2M2JjN2M0YzAiOnsiY3JlYXRlIjozNjAwMDAwMDAwMDAwLCJkZWxldGUiOjM2MDAwMDAwMDAwMDAsInVwZGF0ZSI6MzYwMDAwMDAwMDAwMH0sInNjaGVtYV92ZXJzaW9uIjoiMSJ9"
        }
      ]
    },
    {
      "module": "module.jmp-02",
      "mode": "managed",
      "type": "nutanix_virtual_machine",
      "name": "vm",
      "provider": "provider[\"registry.terraform.io/nutanix/nutanix\"]",
      "instances": [
        {
          "schema_version": 1,
          "attributes": {
            "api_version": "3.1",
            "availability_zone_reference": {},
            "boot_device_disk_address": {},
            "boot_device_mac_address": "",
            "boot_device_order_list": [],
            "boot_type": "",
            "categories": [],
            "cloud_init_cdrom_uuid": "af239b51-7fd8-47ce-8784-3c608b92ba0d",
            "cluster_name": "PHX-POC036",
            "cluster_uuid": "00062139-bb4d-225a-0000-00000002ad3c",
            "description": "My Terraform managed VM",
            "disk_list": [
              {
                "data_source_reference": {
                  "kind": "image",
                  "uuid": "4fe6a7d3-35ee-4158-932a-070dadd7bc78"
                },
                "device_properties": [
                  {
                    "device_type": "DISK",
                    "disk_address": {
                      "adapter_type": "SCSI",
                      "device_index": "0"
                    }
                  }
                ],
                "disk_size_bytes": 3758096384,
                "disk_size_mib": 3584,
                "storage_config": [
                  {
                    "flash_mode": "",
                    "storage_container_reference": [
                      {
                        "kind": "storage_container",
                        "name": "SelfServiceContainer",
                        "url": "",
                        "uuid": "13c0e787-e618-46b3-869e-32b630fc7a03"
                      }
                    ]
                  }
                ],
                "uuid": "d3263af9-a406-4150-958a-457557e5ddf5",
                "volume_group_reference": {}
              },
              {
                "data_source_reference": {},
                "device_properties": [
                  {
                    "device_type": "DISK",
                    "disk_address": {
                      "adapter_type": "SCSI",
                      "device_index": "1"
                    }
                  }
                ],
                "disk_size_bytes": 42949672960,
                "disk_size_mib": 40960,
                "storage_config": [
                  {
                    "flash_mode": "",
                    "storage_container_reference": [
                      {
                        "kind": "storage_container",
                        "name": "SelfServiceContainer",
                        "url": "",
                        "uuid": "13c0e787-e618-46b3-869e-32b630fc7a03"
                      }
                    ]
                  }
                ],
                "uuid": "c27ed4e1-2d51-46c6-83c8-55f81eed6e85",
                "volume_group_reference": {}
              }
            ],
            "enable_cpu_passthrough": false,
            "enable_script_exec": false,
            "gpu_list": [],
            "guest_customization_cloud_init_custom_key_values": {},
            "guest_customization_cloud_init_meta_data": "",
            "guest_customization_cloud_init_user_data": "I2Nsb3VkLWNvbmZpZw0KdmVyc2lvbjogMQ0KcGFja2FnZV91cGRhdGU6IHRydWUNCmhvc3RuYW1lOiBiaXJkYmF0aC10ZXN0LWptcC0wMg0KbWFuYWdlX2V0Y19ob3N0czogdHJ1ZQ0KcGFja2FnZXM6DQogIC0gZ2l0DQogIC0gcHl0aG9uLWlzLXB5dGhvbjMNCiAgLSBweXRob24zLWdudXBnDQp3cml0ZV9maWxlczoNCiAgLSBwYXRoOiAvZXRjL3Jlc29sdi5jb25mDQogICAgcGVybWlzc2lvbnM6ICcwNjQ0Jw0KICAgIGNvbnRlbnQ6IHwNCiAgICAgIDguOC44LjgNCg0KIyBTYWx0IEJvb3RzdHJhcCBzY3JpcHQNCiAgLSBwYXRoOiAvdG1wL2dtaXRzL3NhbHRfaW5pdC5zaA0KICAgIHBlcm1pc3Npb25zOiAnMDUwMCcNCiAgICBjb250ZW50OiB8DQogICAgICAjIS9iaW4vYmFzaA0KICAgICAgDQogICAgICBleHBvcnQgREVCSUFOX0ZST05URU5EPW5vbmludGVyYWN0aXZlDQoNCiAgICAgIFNBTFRfR1BHX1VSTD0naHR0cHM6Ly9yZXBvLnNhbHRwcm9qZWN0LmlvL3NhbHQvcHkzL3VidW50dS8yMi4wNC9hbWQ2NC9TQUxULVBST0pFQ1QtR1BHLVBVQktFWS0yMDIzLmdwZycNCiAgICAgIFNBTFRfUkVQT19VUkw9J2h0dHBzOi8vcmVwby5zYWx0cHJvamVjdC5pby9zYWx0L3B5My91YnVudHUvMjIuMDQvYW1kNjQvbGF0ZXN0Jw0KICAgICAgS0VZUklOR19ESVI9Jy9ldGMvYXB0L2tleXJpbmdzJw0KDQogICAgICBjdXJsIC1mc1NMIC1vICRLRVlSSU5HX0RJUi9zYWx0LWFyY2hpdmUta2V5cmluZy0yMDIzLmdwZyAkU0FMVF9HUEdfVVJMDQogICAgICBlY2hvICJkZWIgW3NpZ25lZC1ieT0kS0VZUklOR19ESVIvc2FsdC1hcmNoaXZlLWtleXJpbmctMjAyMy5ncGcgYXJjaD1hbWQ2NF0gJFNBTFRfUkVQT19VUkwgamFtbXkgbWFpbiIgfCB0ZWUgL2V0Yy9hcHQvc291cmNlcy5saXN0LmQvc2FsdC5saXN0DQoNCiAgICAgIGFwdC1nZXQgdXBkYXRlICYmIGFwdC1nZXQgaW5zdGFsbCAtcXEgc2FsdC1taW5pb24gLXkNCiMgU2FsdCBtaW5pb24gY29uZmlnIGZpbGVzDQogIC0gcGF0aDogL2V0Yy9zYWx0L21pbmlvbi5kLzk5LW1hc3Rlci1hZGRyZXNzLmNvbmYNCiAgICBwZXJtaXNzaW9uczogJzA2NDQnDQogICAgY29udGVudDogfA0KICAgICAgbWFzdGVyOiBiaXJkYmF0aC10ZXN0LWNmZy0wMQ0KICAtIHBhdGg6IC9ldGMvc2FsdC9taW5pb24uZC9taW5pb25faWQuY29uZg0KICAgIHBlcm1pc3Npb25zOiAnMDY0NCcNCiAgICBjb250ZW50OiB8DQogICAgICBpZDogYmlyZGJhdGgtdGVzdC1qbXAtMDINCiAgLSBwYXRoOiAvZXRjL3NhbHQvbWluaW9uLmQveDUwOS5jb25mDQogICAgcGVybWlzc2lvbnM6ICcwNjQ0Jw0KICAgIGNvbnRlbnQ6IHwNCiAgICAgIGZlYXR1cmVzOg0KICAgICAgICB4NTA5X3YyOiB0cnVlDQoNCnJ1bmNtZDoNCiAgLSBzdWRvIC4vdG1wL2dtaXRzL3NhbHRfaW5pdC5zaA0KICAtIHN1ZG8gaG9zdG5hbWVjdGwgc2V0LWhvc3RuYW1lIGJpcmRiYXRoLXRlc3Qtam1wLTAyIA0K",
            "guest_customization_is_overridable": false,
            "guest_customization_sysprep": {},
            "guest_customization_sysprep_custom_key_values": {},
            "guest_os_id": "",
            "hardware_clock_timezone": "UTC",
            "host_reference": {
              "kind": "host",
              "name": "10.42.36.28",
              "uuid": "b7c0426f-f7f5-4722-a7ce-451b7d0c8cc6"
            },
            "hypervisor_type": null,
            "id": "93f15168-94ca-4868-92b7-87c948560465",
            "is_vcpu_hard_pinned": false,
            "machine_type": "PC",
            "memory_size_mib": 4096,
            "metadata": {
              "creation_time": "2024-09-06 11:53:17 +0000 UTC",
              "last_update_time": "2024-09-06 11:53:17 +0000 UTC",
              "name": "",
              "spec_hash": "",
              "spec_version": "0",
              "uuid": "93f15168-94ca-4868-92b7-87c948560465"
            },
            "name": "birdbath-test-jmp-02",
            "ngt_credentials": {},
            "ngt_enabled_capability_list": [],
            "nic_list": [
              {
                "ip_endpoint_list": [
                  {
                    "ip": "10.42.36.91",
                    "type": "ASSIGNED"
                  }
                ],
                "is_connected": "true",
                "mac_address": "50:6b:8d:91:27:ec",
                "model": "",
                "network_function_chain_reference": {},
                "network_function_nic_type": "",
                "nic_type": "NORMAL_NIC",
                "num_queues": 0,
                "subnet_name": "primary",
                "subnet_uuid": "cf2006f1-9acf-47a9-b8fa-18d87e72af5d",
                "uuid": "32005cdf-79bf-481e-9546-7d1e9d15a868"
              }
            ],
            "nic_list_status": [
              {
                "floating_ip": "",
                "ip_endpoint_list": [
                  {
                    "ip": "10.42.36.91",
                    "type": "ASSIGNED"
                  }
                ],
                "is_connected": "true",
                "mac_address": "50:6b:8d:91:27:ec",
                "model": "",
                "network_function_chain_reference": {},
                "network_function_nic_type": "",
                "nic_type": "NORMAL_NIC",
                "num_queues": 0,
                "subnet_name": "primary",
                "subnet_uuid": "cf2006f1-9acf-47a9-b8fa-18d87e72af5d",
                "uuid": "32005cdf-79bf-481e-9546-7d1e9d15a868"
              }
            ],
            "num_sockets": 1,
            "num_vcpus_per_socket": 2,
            "num_vnuma_nodes": 0,
            "nutanix_guest_tools": {},
            "owner_reference": {
              "kind": "user",
              "name": "admin",
              "uuid": "00000000-0000-0000-0000-000000000000"
            },
            "parent_reference": {},
            "power_state": "ON",
            "power_state_mechanism": "HARD",
            "project_reference": {
              "kind": "project",
              "name": "_internal",
              "uuid": "638f7fe8-11c2-4f10-b14d-8410ffd22958"
            },
            "serial_port_list": [],
            "should_fail_on_script_failure": false,
            "state": "COMPLETE",
            "timeouts": null,
            "use_hot_add": true,
            "vga_console_enabled": true
          },
          "sensitive_attributes": [],
          "private": "eyJlMmJmYjczMC1lY2FhLTExZTYtOGY4OC0zNDM2M2JjN2M0YzAiOnsiY3JlYXRlIjozNjAwMDAwMDAwMDAwLCJkZWxldGUiOjM2MDAwMDAwMDAwMDAsInVwZGF0ZSI6MzYwMDAwMDAwMDAwMH0sInNjaGVtYV92ZXJzaW9uIjoiMSJ9"
        }
      ]
    },
    {
      "module": "module.log-01",
      "mode": "managed",
      "type": "nutanix_virtual_machine",
      "name": "vm",
      "provider": "provider[\"registry.terraform.io/nutanix/nutanix\"]",
      "instances": [
        {
          "schema_version": 1,
          "attributes": {
            "api_version": "3.1",
            "availability_zone_reference": {},
            "boot_device_disk_address": {},
            "boot_device_mac_address": "",
            "boot_device_order_list": [],
            "boot_type": "",
            "categories": [],
            "cloud_init_cdrom_uuid": "a28f10f2-214a-4fd8-ae52-c00a4f03c2d5",
            "cluster_name": "PHX-POC036",
            "cluster_uuid": "00062139-bb4d-225a-0000-00000002ad3c",
            "description": "My Terraform managed VM",
            "disk_list": [
              {
                "data_source_reference": {
                  "kind": "image",
                  "uuid": "4fe6a7d3-35ee-4158-932a-070dadd7bc78"
                },
                "device_properties": [
                  {
                    "device_type": "DISK",
                    "disk_address": {
                      "adapter_type": "SCSI",
                      "device_index": "0"
                    }
                  }
                ],
                "disk_size_bytes": 3758096384,
                "disk_size_mib": 3584,
                "storage_config": [
                  {
                    "flash_mode": "",
                    "storage_container_reference": [
                      {
                        "kind": "storage_container",
                        "name": "SelfServiceContainer",
                        "url": "",
                        "uuid": "13c0e787-e618-46b3-869e-32b630fc7a03"
                      }
                    ]
                  }
                ],
                "uuid": "849e9081-c52a-4008-9f2a-880e4b3568eb",
                "volume_group_reference": {}
              },
              {
                "data_source_reference": {},
                "device_properties": [
                  {
                    "device_type": "DISK",
                    "disk_address": {
                      "adapter_type": "SCSI",
                      "device_index": "1"
                    }
                  }
                ],
                "disk_size_bytes": 42949672960,
                "disk_size_mib": 40960,
                "storage_config": [
                  {
                    "flash_mode": "",
                    "storage_container_reference": [
                      {
                        "kind": "storage_container",
                        "name": "SelfServiceContainer",
                        "url": "",
                        "uuid": "13c0e787-e618-46b3-869e-32b630fc7a03"
                      }
                    ]
                  }
                ],
                "uuid": "3146b908-2e33-430a-aabf-b1325c4c1b7a",
                "volume_group_reference": {}
              }
            ],
            "enable_cpu_passthrough": false,
            "enable_script_exec": false,
            "gpu_list": [],
            "guest_customization_cloud_init_custom_key_values": {},
            "guest_customization_cloud_init_meta_data": "",
            "guest_customization_cloud_init_user_data": "I2Nsb3VkLWNvbmZpZw0KdmVyc2lvbjogMQ0KcGFja2FnZV91cGRhdGU6IHRydWUNCmhvc3RuYW1lOiBiaXJkYmF0aC10ZXN0LWxvZy0wMQ0KbWFuYWdlX2V0Y19ob3N0czogdHJ1ZQ0KcGFja2FnZXM6DQogIC0gZ2l0DQogIC0gcHl0aG9uLWlzLXB5dGhvbjMNCiAgLSBweXRob24zLWdudXBnDQp3cml0ZV9maWxlczoNCiAgLSBwYXRoOiAvZXRjL3Jlc29sdi5jb25mDQogICAgcGVybWlzc2lvbnM6ICcwNjQ0Jw0KICAgIGNvbnRlbnQ6IHwNCiAgICAgIDguOC44LjgNCg0KIyBTYWx0IEJvb3RzdHJhcCBzY3JpcHQNCiAgLSBwYXRoOiAvdG1wL2dtaXRzL3NhbHRfaW5pdC5zaA0KICAgIHBlcm1pc3Npb25zOiAnMDUwMCcNCiAgICBjb250ZW50OiB8DQogICAgICAjIS9iaW4vYmFzaA0KICAgICAgDQogICAgICBleHBvcnQgREVCSUFOX0ZST05URU5EPW5vbmludGVyYWN0aXZlDQoNCiAgICAgIFNBTFRfR1BHX1VSTD0naHR0cHM6Ly9yZXBvLnNhbHRwcm9qZWN0LmlvL3NhbHQvcHkzL3VidW50dS8yMi4wNC9hbWQ2NC9TQUxULVBST0pFQ1QtR1BHLVBVQktFWS0yMDIzLmdwZycNCiAgICAgIFNBTFRfUkVQT19VUkw9J2h0dHBzOi8vcmVwby5zYWx0cHJvamVjdC5pby9zYWx0L3B5My91YnVudHUvMjIuMDQvYW1kNjQvbGF0ZXN0Jw0KICAgICAgS0VZUklOR19ESVI9Jy9ldGMvYXB0L2tleXJpbmdzJw0KDQogICAgICBjdXJsIC1mc1NMIC1vICRLRVlSSU5HX0RJUi9zYWx0LWFyY2hpdmUta2V5cmluZy0yMDIzLmdwZyAkU0FMVF9HUEdfVVJMDQogICAgICBlY2hvICJkZWIgW3NpZ25lZC1ieT0kS0VZUklOR19ESVIvc2FsdC1hcmNoaXZlLWtleXJpbmctMjAyMy5ncGcgYXJjaD1hbWQ2NF0gJFNBTFRfUkVQT19VUkwgamFtbXkgbWFpbiIgfCB0ZWUgL2V0Yy9hcHQvc291cmNlcy5saXN0LmQvc2FsdC5saXN0DQoNCiAgICAgIGFwdC1nZXQgdXBkYXRlICYmIGFwdC1nZXQgaW5zdGFsbCAtcXEgc2FsdC1taW5pb24gLXkNCiMgU2FsdCBtaW5pb24gY29uZmlnIGZpbGVzDQogIC0gcGF0aDogL2V0Yy9zYWx0L21pbmlvbi5kLzk5LW1hc3Rlci1hZGRyZXNzLmNvbmYNCiAgICBwZXJtaXNzaW9uczogJzA2NDQnDQogICAgY29udGVudDogfA0KICAgICAgbWFzdGVyOiBiaXJkYmF0aC10ZXN0LWNmZy0wMQ0KICAtIHBhdGg6IC9ldGMvc2FsdC9taW5pb24uZC9taW5pb25faWQuY29uZg0KICAgIHBlcm1pc3Npb25zOiAnMDY0NCcNCiAgICBjb250ZW50OiB8DQogICAgICBpZDogYmlyZGJhdGgtdGVzdC1sb2ctMDENCiAgLSBwYXRoOiAvZXRjL3NhbHQvbWluaW9uLmQveDUwOS5jb25mDQogICAgcGVybWlzc2lvbnM6ICcwNjQ0Jw0KICAgIGNvbnRlbnQ6IHwNCiAgICAgIGZlYXR1cmVzOg0KICAgICAgICB4NTA5X3YyOiB0cnVlDQoNCnJ1bmNtZDoNCiAgLSBzdWRvIC4vdG1wL2dtaXRzL3NhbHRfaW5pdC5zaA0KICAtIHN1ZG8gaG9zdG5hbWVjdGwgc2V0LWhvc3RuYW1lIGJpcmRiYXRoLXRlc3QtbG9nLTAxIA0K",
            "guest_customization_is_overridable": false,
            "guest_customization_sysprep": {},
            "guest_customization_sysprep_custom_key_values": {},
            "guest_os_id": "",
            "hardware_clock_timezone": "UTC",
            "host_reference": {
              "kind": "host",
              "name": "10.42.36.28",
              "uuid": "b7c0426f-f7f5-4722-a7ce-451b7d0c8cc6"
            },
            "hypervisor_type": null,
            "id": "3370fbc0-ac43-4c97-a689-18e760519da7",
            "is_vcpu_hard_pinned": false,
            "machine_type": "PC",
            "memory_size_mib": 4096,
            "metadata": {
              "creation_time": "2024-09-06 11:53:18 +0000 UTC",
              "last_update_time": "2024-09-06 11:53:18 +0000 UTC",
              "name": "",
              "spec_hash": "",
              "spec_version": "0",
              "uuid": "3370fbc0-ac43-4c97-a689-18e760519da7"
            },
            "name": "birdbath-test-log-01",
            "ngt_credentials": {},
            "ngt_enabled_capability_list": [],
            "nic_list": [
              {
                "ip_endpoint_list": [
                  {
                    "ip": "10.42.36.92",
                    "type": "ASSIGNED"
                  }
                ],
                "is_connected": "true",
                "mac_address": "50:6b:8d:b4:78:04",
                "model": "",
                "network_function_chain_reference": {},
                "network_function_nic_type": "",
                "nic_type": "NORMAL_NIC",
                "num_queues": 0,
                "subnet_name": "primary",
                "subnet_uuid": "cf2006f1-9acf-47a9-b8fa-18d87e72af5d",
                "uuid": "9fa9c4d1-b283-447a-9697-2587489cbcf4"
              }
            ],
            "nic_list_status": [
              {
                "floating_ip": "",
                "ip_endpoint_list": [
                  {
                    "ip": "10.42.36.92",
                    "type": "ASSIGNED"
                  }
                ],
                "is_connected": "true",
                "mac_address": "50:6b:8d:b4:78:04",
                "model": "",
                "network_function_chain_reference": {},
                "network_function_nic_type": "",
                "nic_type": "NORMAL_NIC",
                "num_queues": 0,
                "subnet_name": "primary",
                "subnet_uuid": "cf2006f1-9acf-47a9-b8fa-18d87e72af5d",
                "uuid": "9fa9c4d1-b283-447a-9697-2587489cbcf4"
              }
            ],
            "num_sockets": 1,
            "num_vcpus_per_socket": 2,
            "num_vnuma_nodes": 0,
            "nutanix_guest_tools": {},
            "owner_reference": {
              "kind": "user",
              "name": "admin",
              "uuid": "00000000-0000-0000-0000-000000000000"
            },
            "parent_reference": {},
            "power_state": "ON",
            "power_state_mechanism": "HARD",
            "project_reference": {
              "kind": "project",
              "name": "_internal",
              "uuid": "638f7fe8-11c2-4f10-b14d-8410ffd22958"
            },
            "serial_port_list": [],
            "should_fail_on_script_failure": false,
            "state": "COMPLETE",
            "timeouts": null,
            "use_hot_add": true,
            "vga_console_enabled": true
          },
          "sensitive_attributes": [],
          "private": "eyJlMmJmYjczMC1lY2FhLTExZTYtOGY4OC0zNDM2M2JjN2M0YzAiOnsiY3JlYXRlIjozNjAwMDAwMDAwMDAwLCJkZWxldGUiOjM2MDAwMDAwMDAwMDAsInVwZGF0ZSI6MzYwMDAwMDAwMDAwMH0sInNjaGVtYV92ZXJzaW9uIjoiMSJ9"
        }
      ]
    },
    {
      "module": "module.mon-01",
      "mode": "managed",
      "type": "nutanix_virtual_machine",
      "name": "vm",
      "provider": "provider[\"registry.terraform.io/nutanix/nutanix\"]",
      "instances": [
        {
          "schema_version": 1,
          "attributes": {
            "api_version": "3.1",
            "availability_zone_reference": {},
            "boot_device_disk_address": {},
            "boot_device_mac_address": "",
            "boot_device_order_list": [],
            "boot_type": "",
            "categories": [],
            "cloud_init_cdrom_uuid": "fbcf002c-9a65-4bdb-9902-298bcc15b1ea",
            "cluster_name": "PHX-POC036",
            "cluster_uuid": "00062139-bb4d-225a-0000-00000002ad3c",
            "description": "My Terraform managed VM",
            "disk_list": [
              {
                "data_source_reference": {
                  "kind": "image",
                  "uuid": "4fe6a7d3-35ee-4158-932a-070dadd7bc78"
                },
                "device_properties": [
                  {
                    "device_type": "DISK",
                    "disk_address": {
                      "adapter_type": "SCSI",
                      "device_index": "0"
                    }
                  }
                ],
                "disk_size_bytes": 3758096384,
                "disk_size_mib": 3584,
                "storage_config": [
                  {
                    "flash_mode": "",
                    "storage_container_reference": [
                      {
                        "kind": "storage_container",
                        "name": "SelfServiceContainer",
                        "url": "",
                        "uuid": "13c0e787-e618-46b3-869e-32b630fc7a03"
                      }
                    ]
                  }
                ],
                "uuid": "9f1bda00-7f3d-4e21-ab8c-40074ce9bc16",
                "volume_group_reference": {}
              },
              {
                "data_source_reference": {},
                "device_properties": [
                  {
                    "device_type": "DISK",
                    "disk_address": {
                      "adapter_type": "SCSI",
                      "device_index": "1"
                    }
                  }
                ],
                "disk_size_bytes": 42949672960,
                "disk_size_mib": 40960,
                "storage_config": [
                  {
                    "flash_mode": "",
                    "storage_container_reference": [
                      {
                        "kind": "storage_container",
                        "name": "SelfServiceContainer",
                        "url": "",
                        "uuid": "13c0e787-e618-46b3-869e-32b630fc7a03"
                      }
                    ]
                  }
                ],
                "uuid": "495b56c7-8eec-4eab-a9b5-1629b4642d1d",
                "volume_group_reference": {}
              }
            ],
            "enable_cpu_passthrough": false,
            "enable_script_exec": false,
            "gpu_list": [],
            "guest_customization_cloud_init_custom_key_values": {},
            "guest_customization_cloud_init_meta_data": "",
            "guest_customization_cloud_init_user_data": "I2Nsb3VkLWNvbmZpZw0KdmVyc2lvbjogMQ0KcGFja2FnZV91cGRhdGU6IHRydWUNCmhvc3RuYW1lOiBiaXJkYmF0aC10ZXN0LW1vbi0wMQ0KbWFuYWdlX2V0Y19ob3N0czogdHJ1ZQ0KcGFja2FnZXM6DQogIC0gZ2l0DQogIC0gcHl0aG9uLWlzLXB5dGhvbjMNCiAgLSBweXRob24zLWdudXBnDQp3cml0ZV9maWxlczoNCiAgLSBwYXRoOiAvZXRjL3Jlc29sdi5jb25mDQogICAgcGVybWlzc2lvbnM6ICcwNjQ0Jw0KICAgIGNvbnRlbnQ6IHwNCiAgICAgIDguOC44LjgNCg0KIyBTYWx0IEJvb3RzdHJhcCBzY3JpcHQNCiAgLSBwYXRoOiAvdG1wL2dtaXRzL3NhbHRfaW5pdC5zaA0KICAgIHBlcm1pc3Npb25zOiAnMDUwMCcNCiAgICBjb250ZW50OiB8DQogICAgICAjIS9iaW4vYmFzaA0KICAgICAgDQogICAgICBleHBvcnQgREVCSUFOX0ZST05URU5EPW5vbmludGVyYWN0aXZlDQoNCiAgICAgIFNBTFRfR1BHX1VSTD0naHR0cHM6Ly9yZXBvLnNhbHRwcm9qZWN0LmlvL3NhbHQvcHkzL3VidW50dS8yMi4wNC9hbWQ2NC9TQUxULVBST0pFQ1QtR1BHLVBVQktFWS0yMDIzLmdwZycNCiAgICAgIFNBTFRfUkVQT19VUkw9J2h0dHBzOi8vcmVwby5zYWx0cHJvamVjdC5pby9zYWx0L3B5My91YnVudHUvMjIuMDQvYW1kNjQvbGF0ZXN0Jw0KICAgICAgS0VZUklOR19ESVI9Jy9ldGMvYXB0L2tleXJpbmdzJw0KDQogICAgICBjdXJsIC1mc1NMIC1vICRLRVlSSU5HX0RJUi9zYWx0LWFyY2hpdmUta2V5cmluZy0yMDIzLmdwZyAkU0FMVF9HUEdfVVJMDQogICAgICBlY2hvICJkZWIgW3NpZ25lZC1ieT0kS0VZUklOR19ESVIvc2FsdC1hcmNoaXZlLWtleXJpbmctMjAyMy5ncGcgYXJjaD1hbWQ2NF0gJFNBTFRfUkVQT19VUkwgamFtbXkgbWFpbiIgfCB0ZWUgL2V0Yy9hcHQvc291cmNlcy5saXN0LmQvc2FsdC5saXN0DQoNCiAgICAgIGFwdC1nZXQgdXBkYXRlICYmIGFwdC1nZXQgaW5zdGFsbCAtcXEgc2FsdC1taW5pb24gLXkNCiMgU2FsdCBtaW5pb24gY29uZmlnIGZpbGVzDQogIC0gcGF0aDogL2V0Yy9zYWx0L21pbmlvbi5kLzk5LW1hc3Rlci1hZGRyZXNzLmNvbmYNCiAgICBwZXJtaXNzaW9uczogJzA2NDQnDQogICAgY29udGVudDogfA0KICAgICAgbWFzdGVyOiBiaXJkYmF0aC10ZXN0LWNmZy0wMQ0KICAtIHBhdGg6IC9ldGMvc2FsdC9taW5pb24uZC9taW5pb25faWQuY29uZg0KICAgIHBlcm1pc3Npb25zOiAnMDY0NCcNCiAgICBjb250ZW50OiB8DQogICAgICBpZDogYmlyZGJhdGgtdGVzdC1tb24tMDENCiAgLSBwYXRoOiAvZXRjL3NhbHQvbWluaW9uLmQveDUwOS5jb25mDQogICAgcGVybWlzc2lvbnM6ICcwNjQ0Jw0KICAgIGNvbnRlbnQ6IHwNCiAgICAgIGZlYXR1cmVzOg0KICAgICAgICB4NTA5X3YyOiB0cnVlDQoNCnJ1bmNtZDoNCiAgLSBzdWRvIC4vdG1wL2dtaXRzL3NhbHRfaW5pdC5zaA0KICAtIHN1ZG8gaG9zdG5hbWVjdGwgc2V0LWhvc3RuYW1lIGJpcmRiYXRoLXRlc3QtbW9uLTAxIA0K",
            "guest_customization_is_overridable": false,
            "guest_customization_sysprep": {},
            "guest_customization_sysprep_custom_key_values": {},
            "guest_os_id": "",
            "hardware_clock_timezone": "UTC",
            "host_reference": {
              "kind": "host",
              "name": "10.42.36.28",
              "uuid": "b7c0426f-f7f5-4722-a7ce-451b7d0c8cc6"
            },
            "hypervisor_type": null,
            "id": "94681212-2a0e-46fe-9f2d-f04f438fdb86",
            "is_vcpu_hard_pinned": false,
            "machine_type": "PC",
            "memory_size_mib": 4096,
            "metadata": {
              "creation_time": "2024-09-06 11:53:17 +0000 UTC",
              "last_update_time": "2024-09-06 11:53:17 +0000 UTC",
              "name": "",
              "spec_hash": "",
              "spec_version": "0",
              "uuid": "94681212-2a0e-46fe-9f2d-f04f438fdb86"
            },
            "name": "birdbath-test-mon-01",
            "ngt_credentials": {},
            "ngt_enabled_capability_list": [],
            "nic_list": [
              {
                "ip_endpoint_list": [
                  {
                    "ip": "10.42.36.103",
                    "type": "ASSIGNED"
                  }
                ],
                "is_connected": "true",
                "mac_address": "50:6b:8d:d6:0c:e8",
                "model": "",
                "network_function_chain_reference": {},
                "network_function_nic_type": "",
                "nic_type": "NORMAL_NIC",
                "num_queues": 0,
                "subnet_name": "primary",
                "subnet_uuid": "cf2006f1-9acf-47a9-b8fa-18d87e72af5d",
                "uuid": "e7614e71-9230-4421-bbac-a109cdd102d5"
              }
            ],
            "nic_list_status": [
              {
                "floating_ip": "",
                "ip_endpoint_list": [
                  {
                    "ip": "10.42.36.103",
                    "type": "ASSIGNED"
                  }
                ],
                "is_connected": "true",
                "mac_address": "50:6b:8d:d6:0c:e8",
                "model": "",
                "network_function_chain_reference": {},
                "network_function_nic_type": "",
                "nic_type": "NORMAL_NIC",
                "num_queues": 0,
                "subnet_name": "primary",
                "subnet_uuid": "cf2006f1-9acf-47a9-b8fa-18d87e72af5d",
                "uuid": "e7614e71-9230-4421-bbac-a109cdd102d5"
              }
            ],
            "num_sockets": 1,
            "num_vcpus_per_socket": 2,
            "num_vnuma_nodes": 0,
            "nutanix_guest_tools": {},
            "owner_reference": {
              "kind": "user",
              "name": "admin",
              "uuid": "00000000-0000-0000-0000-000000000000"
            },
            "parent_reference": {},
            "power_state": "ON",
            "power_state_mechanism": "HARD",
            "project_reference": {
              "kind": "project",
              "name": "_internal",
              "uuid": "638f7fe8-11c2-4f10-b14d-8410ffd22958"
            },
            "serial_port_list": [],
            "should_fail_on_script_failure": false,
            "state": "COMPLETE",
            "timeouts": null,
            "use_hot_add": true,
            "vga_console_enabled": true
          },
          "sensitive_attributes": [],
          "private": "eyJlMmJmYjczMC1lY2FhLTExZTYtOGY4OC0zNDM2M2JjN2M0YzAiOnsiY3JlYXRlIjozNjAwMDAwMDAwMDAwLCJkZWxldGUiOjM2MDAwMDAwMDAwMDAsInVwZGF0ZSI6MzYwMDAwMDAwMDAwMH0sInNjaGVtYV92ZXJzaW9uIjoiMSJ9"
        }
      ]
    },
    {
      "module": "module.netsvc-01",
      "mode": "managed",
      "type": "nutanix_virtual_machine",
      "name": "vm",
      "provider": "provider[\"registry.terraform.io/nutanix/nutanix\"]",
      "instances": [
        {
          "schema_version": 1,
          "attributes": {
            "api_version": "3.1",
            "availability_zone_reference": {},
            "boot_device_disk_address": {},
            "boot_device_mac_address": "",
            "boot_device_order_list": [],
            "boot_type": "",
            "categories": [],
            "cloud_init_cdrom_uuid": "6ded0b97-6cec-4c2f-8d24-407b76c87298",
            "cluster_name": "PHX-POC036",
            "cluster_uuid": "00062139-bb4d-225a-0000-00000002ad3c",
            "description": "My Terraform managed VM",
            "disk_list": [
              {
                "data_source_reference": {
                  "kind": "image",
                  "uuid": "4fe6a7d3-35ee-4158-932a-070dadd7bc78"
                },
                "device_properties": [
                  {
                    "device_type": "DISK",
                    "disk_address": {
                      "adapter_type": "SCSI",
                      "device_index": "0"
                    }
                  }
                ],
                "disk_size_bytes": 3758096384,
                "disk_size_mib": 3584,
                "storage_config": [
                  {
                    "flash_mode": "",
                    "storage_container_reference": [
                      {
                        "kind": "storage_container",
                        "name": "SelfServiceContainer",
                        "url": "",
                        "uuid": "13c0e787-e618-46b3-869e-32b630fc7a03"
                      }
                    ]
                  }
                ],
                "uuid": "d9de72dd-d03f-400f-b926-b93a66f13540",
                "volume_group_reference": {}
              },
              {
                "data_source_reference": {},
                "device_properties": [
                  {
                    "device_type": "DISK",
                    "disk_address": {
                      "adapter_type": "SCSI",
                      "device_index": "1"
                    }
                  }
                ],
                "disk_size_bytes": 42949672960,
                "disk_size_mib": 40960,
                "storage_config": [
                  {
                    "flash_mode": "",
                    "storage_container_reference": [
                      {
                        "kind": "storage_container",
                        "name": "SelfServiceContainer",
                        "url": "",
                        "uuid": "13c0e787-e618-46b3-869e-32b630fc7a03"
                      }
                    ]
                  }
                ],
                "uuid": "ca42e8c2-577b-4f02-b953-dd7a3a3041d5",
                "volume_group_reference": {}
              }
            ],
            "enable_cpu_passthrough": false,
            "enable_script_exec": false,
            "gpu_list": [],
            "guest_customization_cloud_init_custom_key_values": {},
            "guest_customization_cloud_init_meta_data": "",
            "guest_customization_cloud_init_user_data": "I2Nsb3VkLWNvbmZpZw0KdmVyc2lvbjogMQ0KcGFja2FnZV91cGRhdGU6IHRydWUNCmhvc3RuYW1lOiBiaXJkYmF0aC10ZXN0LW5ldHN2Yy0wMQ0KbWFuYWdlX2V0Y19ob3N0czogdHJ1ZQ0KcGFja2FnZXM6DQogIC0gZ2l0DQogIC0gcHl0aG9uLWlzLXB5dGhvbjMNCiAgLSBweXRob24zLWdudXBnDQp3cml0ZV9maWxlczoNCiAgLSBwYXRoOiAvZXRjL3Jlc29sdi5jb25mDQogICAgcGVybWlzc2lvbnM6ICcwNjQ0Jw0KICAgIGNvbnRlbnQ6IHwNCiAgICAgIDguOC44LjgNCg0KIyBTYWx0IEJvb3RzdHJhcCBzY3JpcHQNCiAgLSBwYXRoOiAvdG1wL2dtaXRzL3NhbHRfaW5pdC5zaA0KICAgIHBlcm1pc3Npb25zOiAnMDUwMCcNCiAgICBjb250ZW50OiB8DQogICAgICAjIS9iaW4vYmFzaA0KICAgICAgDQogICAgICBleHBvcnQgREVCSUFOX0ZST05URU5EPW5vbmludGVyYWN0aXZlDQoNCiAgICAgIFNBTFRfR1BHX1VSTD0naHR0cHM6Ly9yZXBvLnNhbHRwcm9qZWN0LmlvL3NhbHQvcHkzL3VidW50dS8yMi4wNC9hbWQ2NC9TQUxULVBST0pFQ1QtR1BHLVBVQktFWS0yMDIzLmdwZycNCiAgICAgIFNBTFRfUkVQT19VUkw9J2h0dHBzOi8vcmVwby5zYWx0cHJvamVjdC5pby9zYWx0L3B5My91YnVudHUvMjIuMDQvYW1kNjQvbGF0ZXN0Jw0KICAgICAgS0VZUklOR19ESVI9Jy9ldGMvYXB0L2tleXJpbmdzJw0KDQogICAgICBjdXJsIC1mc1NMIC1vICRLRVlSSU5HX0RJUi9zYWx0LWFyY2hpdmUta2V5cmluZy0yMDIzLmdwZyAkU0FMVF9HUEdfVVJMDQogICAgICBlY2hvICJkZWIgW3NpZ25lZC1ieT0kS0VZUklOR19ESVIvc2FsdC1hcmNoaXZlLWtleXJpbmctMjAyMy5ncGcgYXJjaD1hbWQ2NF0gJFNBTFRfUkVQT19VUkwgamFtbXkgbWFpbiIgfCB0ZWUgL2V0Yy9hcHQvc291cmNlcy5saXN0LmQvc2FsdC5saXN0DQoNCiAgICAgIGFwdC1nZXQgdXBkYXRlICYmIGFwdC1nZXQgaW5zdGFsbCAtcXEgc2FsdC1taW5pb24gLXkNCiMgU2FsdCBtaW5pb24gY29uZmlnIGZpbGVzDQogIC0gcGF0aDogL2V0Yy9zYWx0L21pbmlvbi5kLzk5LW1hc3Rlci1hZGRyZXNzLmNvbmYNCiAgICBwZXJtaXNzaW9uczogJzA2NDQnDQogICAgY29udGVudDogfA0KICAgICAgbWFzdGVyOiBiaXJkYmF0aC10ZXN0LWNmZy0wMQ0KICAtIHBhdGg6IC9ldGMvc2FsdC9taW5pb24uZC9taW5pb25faWQuY29uZg0KICAgIHBlcm1pc3Npb25zOiAnMDY0NCcNCiAgICBjb250ZW50OiB8DQogICAgICBpZDogYmlyZGJhdGgtdGVzdC1uZXRzdmMtMDENCiAgLSBwYXRoOiAvZXRjL3NhbHQvbWluaW9uLmQveDUwOS5jb25mDQogICAgcGVybWlzc2lvbnM6ICcwNjQ0Jw0KICAgIGNvbnRlbnQ6IHwNCiAgICAgIGZlYXR1cmVzOg0KICAgICAgICB4NTA5X3YyOiB0cnVlDQoNCnJ1bmNtZDoNCiAgLSBzdWRvIC4vdG1wL2dtaXRzL3NhbHRfaW5pdC5zaA0KICAtIHN1ZG8gaG9zdG5hbWVjdGwgc2V0LWhvc3RuYW1lIGJpcmRiYXRoLXRlc3QtbmV0c3ZjLTAxIA0K",
            "guest_customization_is_overridable": false,
            "guest_customization_sysprep": {},
            "guest_customization_sysprep_custom_key_values": {},
            "guest_os_id": "",
            "hardware_clock_timezone": "UTC",
            "host_reference": {
              "kind": "host",
              "name": "10.42.36.28",
              "uuid": "b7c0426f-f7f5-4722-a7ce-451b7d0c8cc6"
            },
            "hypervisor_type": null,
            "id": "6a65be94-ee30-4ebe-95b5-ffa343df2116",
            "is_vcpu_hard_pinned": false,
            "machine_type": "PC",
            "memory_size_mib": 4096,
            "metadata": {
              "creation_time": "2024-09-06 11:53:18 +0000 UTC",
              "last_update_time": "2024-09-06 11:53:18 +0000 UTC",
              "name": "",
              "spec_hash": "",
              "spec_version": "0",
              "uuid": "6a65be94-ee30-4ebe-95b5-ffa343df2116"
            },
            "name": "birdbath-test-netsvc-01",
            "ngt_credentials": {},
            "ngt_enabled_capability_list": [],
            "nic_list": [
              {
                "ip_endpoint_list": [
                  {
                    "ip": "10.42.36.119",
                    "type": "ASSIGNED"
                  }
                ],
                "is_connected": "true",
                "mac_address": "50:6b:8d:f8:e7:c9",
                "model": "",
                "network_function_chain_reference": {},
                "network_function_nic_type": "",
                "nic_type": "NORMAL_NIC",
                "num_queues": 0,
                "subnet_name": "primary",
                "subnet_uuid": "cf2006f1-9acf-47a9-b8fa-18d87e72af5d",
                "uuid": "33e1791c-87a4-43b4-9786-de052b5fa086"
              }
            ],
            "nic_list_status": [
              {
                "floating_ip": "",
                "ip_endpoint_list": [
                  {
                    "ip": "10.42.36.119",
                    "type": "ASSIGNED"
                  }
                ],
                "is_connected": "true",
                "mac_address": "50:6b:8d:f8:e7:c9",
                "model": "",
                "network_function_chain_reference": {},
                "network_function_nic_type": "",
                "nic_type": "NORMAL_NIC",
                "num_queues": 0,
                "subnet_name": "primary",
                "subnet_uuid": "cf2006f1-9acf-47a9-b8fa-18d87e72af5d",
                "uuid": "33e1791c-87a4-43b4-9786-de052b5fa086"
              }
            ],
            "num_sockets": 1,
            "num_vcpus_per_socket": 2,
            "num_vnuma_nodes": 0,
            "nutanix_guest_tools": {},
            "owner_reference": {
              "kind": "user",
              "name": "admin",
              "uuid": "00000000-0000-0000-0000-000000000000"
            },
            "parent_reference": {},
            "power_state": "ON",
            "power_state_mechanism": "HARD",
            "project_reference": {
              "kind": "project",
              "name": "_internal",
              "uuid": "638f7fe8-11c2-4f10-b14d-8410ffd22958"
            },
            "serial_port_list": [],
            "should_fail_on_script_failure": false,
            "state": "COMPLETE",
            "timeouts": null,
            "use_hot_add": true,
            "vga_console_enabled": true
          },
          "sensitive_attributes": [],
          "private": "eyJlMmJmYjczMC1lY2FhLTExZTYtOGY4OC0zNDM2M2JjN2M0YzAiOnsiY3JlYXRlIjozNjAwMDAwMDAwMDAwLCJkZWxldGUiOjM2MDAwMDAwMDAwMDAsInVwZGF0ZSI6MzYwMDAwMDAwMDAwMH0sInNjaGVtYV92ZXJzaW9uIjoiMSJ9"
        }
      ]
    },
    {
      "module": "module.opensrch-01",
      "mode": "managed",
      "type": "nutanix_virtual_machine",
      "name": "vm",
      "provider": "provider[\"registry.terraform.io/nutanix/nutanix\"]",
      "instances": [
        {
          "schema_version": 1,
          "attributes": {
            "api_version": "3.1",
            "availability_zone_reference": {},
            "boot_device_disk_address": {},
            "boot_device_mac_address": "",
            "boot_device_order_list": [],
            "boot_type": "",
            "categories": [],
            "cloud_init_cdrom_uuid": "56916eab-94f4-4830-8fbc-bab8d3f087a1",
            "cluster_name": "PHX-POC036",
            "cluster_uuid": "00062139-bb4d-225a-0000-00000002ad3c",
            "description": "My Terraform managed VM",
            "disk_list": [
              {
                "data_source_reference": {
                  "kind": "image",
                  "uuid": "4fe6a7d3-35ee-4158-932a-070dadd7bc78"
                },
                "device_properties": [
                  {
                    "device_type": "DISK",
                    "disk_address": {
                      "adapter_type": "SCSI",
                      "device_index": "0"
                    }
                  }
                ],
                "disk_size_bytes": 3758096384,
                "disk_size_mib": 3584,
                "storage_config": [
                  {
                    "flash_mode": "",
                    "storage_container_reference": [
                      {
                        "kind": "storage_container",
                        "name": "SelfServiceContainer",
                        "url": "",
                        "uuid": "13c0e787-e618-46b3-869e-32b630fc7a03"
                      }
                    ]
                  }
                ],
                "uuid": "d50e5d02-d709-4ee8-a383-6ec311172437",
                "volume_group_reference": {}
              },
              {
                "data_source_reference": {},
                "device_properties": [
                  {
                    "device_type": "DISK",
                    "disk_address": {
                      "adapter_type": "SCSI",
                      "device_index": "1"
                    }
                  }
                ],
                "disk_size_bytes": 42949672960,
                "disk_size_mib": 40960,
                "storage_config": [
                  {
                    "flash_mode": "",
                    "storage_container_reference": [
                      {
                        "kind": "storage_container",
                        "name": "SelfServiceContainer",
                        "url": "",
                        "uuid": "13c0e787-e618-46b3-869e-32b630fc7a03"
                      }
                    ]
                  }
                ],
                "uuid": "91cd833e-5b37-4e9f-b6f8-1d1dac89ddf3",
                "volume_group_reference": {}
              }
            ],
            "enable_cpu_passthrough": false,
            "enable_script_exec": false,
            "gpu_list": [],
            "guest_customization_cloud_init_custom_key_values": {},
            "guest_customization_cloud_init_meta_data": "",
            "guest_customization_cloud_init_user_data": "I2Nsb3VkLWNvbmZpZw0KdmVyc2lvbjogMQ0KcGFja2FnZV91cGRhdGU6IHRydWUNCmhvc3RuYW1lOiBiaXJkYmF0aC10ZXN0LW9wZW5zY3JjaC0wMQ0KbWFuYWdlX2V0Y19ob3N0czogdHJ1ZQ0KcGFja2FnZXM6DQogIC0gZ2l0DQogIC0gcHl0aG9uLWlzLXB5dGhvbjMNCiAgLSBweXRob24zLWdudXBnDQp3cml0ZV9maWxlczoNCiAgLSBwYXRoOiAvZXRjL3Jlc29sdi5jb25mDQogICAgcGVybWlzc2lvbnM6ICcwNjQ0Jw0KICAgIGNvbnRlbnQ6IHwNCiAgICAgIDguOC44LjgNCg0KIyBTYWx0IEJvb3RzdHJhcCBzY3JpcHQNCiAgLSBwYXRoOiAvdG1wL2dtaXRzL3NhbHRfaW5pdC5zaA0KICAgIHBlcm1pc3Npb25zOiAnMDUwMCcNCiAgICBjb250ZW50OiB8DQogICAgICAjIS9iaW4vYmFzaA0KICAgICAgDQogICAgICBleHBvcnQgREVCSUFOX0ZST05URU5EPW5vbmludGVyYWN0aXZlDQoNCiAgICAgIFNBTFRfR1BHX1VSTD0naHR0cHM6Ly9yZXBvLnNhbHRwcm9qZWN0LmlvL3NhbHQvcHkzL3VidW50dS8yMi4wNC9hbWQ2NC9TQUxULVBST0pFQ1QtR1BHLVBVQktFWS0yMDIzLmdwZycNCiAgICAgIFNBTFRfUkVQT19VUkw9J2h0dHBzOi8vcmVwby5zYWx0cHJvamVjdC5pby9zYWx0L3B5My91YnVudHUvMjIuMDQvYW1kNjQvbGF0ZXN0Jw0KICAgICAgS0VZUklOR19ESVI9Jy9ldGMvYXB0L2tleXJpbmdzJw0KDQogICAgICBjdXJsIC1mc1NMIC1vICRLRVlSSU5HX0RJUi9zYWx0LWFyY2hpdmUta2V5cmluZy0yMDIzLmdwZyAkU0FMVF9HUEdfVVJMDQogICAgICBlY2hvICJkZWIgW3NpZ25lZC1ieT0kS0VZUklOR19ESVIvc2FsdC1hcmNoaXZlLWtleXJpbmctMjAyMy5ncGcgYXJjaD1hbWQ2NF0gJFNBTFRfUkVQT19VUkwgamFtbXkgbWFpbiIgfCB0ZWUgL2V0Yy9hcHQvc291cmNlcy5saXN0LmQvc2FsdC5saXN0DQoNCiAgICAgIGFwdC1nZXQgdXBkYXRlICYmIGFwdC1nZXQgaW5zdGFsbCAtcXEgc2FsdC1taW5pb24gLXkNCiMgU2FsdCBtaW5pb24gY29uZmlnIGZpbGVzDQogIC0gcGF0aDogL2V0Yy9zYWx0L21pbmlvbi5kLzk5LW1hc3Rlci1hZGRyZXNzLmNvbmYNCiAgICBwZXJtaXNzaW9uczogJzA2NDQnDQogICAgY29udGVudDogfA0KICAgICAgbWFzdGVyOiBiaXJkYmF0aC10ZXN0LWNmZy0wMQ0KICAtIHBhdGg6IC9ldGMvc2FsdC9taW5pb24uZC9taW5pb25faWQuY29uZg0KICAgIHBlcm1pc3Npb25zOiAnMDY0NCcNCiAgICBjb250ZW50OiB8DQogICAgICBpZDogYmlyZGJhdGgtdGVzdC1vcGVuc2NyY2gtMDENCiAgLSBwYXRoOiAvZXRjL3NhbHQvbWluaW9uLmQveDUwOS5jb25mDQogICAgcGVybWlzc2lvbnM6ICcwNjQ0Jw0KICAgIGNvbnRlbnQ6IHwNCiAgICAgIGZlYXR1cmVzOg0KICAgICAgICB4NTA5X3YyOiB0cnVlDQoNCnJ1bmNtZDoNCiAgLSBzdWRvIC4vdG1wL2dtaXRzL3NhbHRfaW5pdC5zaA0KICAtIHN1ZG8gaG9zdG5hbWVjdGwgc2V0LWhvc3RuYW1lIGJpcmRiYXRoLXRlc3Qtb3BlbnNjcmNoLTAxIA0K",
            "guest_customization_is_overridable": false,
            "guest_customization_sysprep": {},
            "guest_customization_sysprep_custom_key_values": {},
            "guest_os_id": "",
            "hardware_clock_timezone": "UTC",
            "host_reference": {
              "kind": "host",
              "name": "10.42.36.28",
              "uuid": "b7c0426f-f7f5-4722-a7ce-451b7d0c8cc6"
            },
            "hypervisor_type": null,
            "id": "c70f80ee-deb6-45b1-a07d-dc0ce0ab8b49",
            "is_vcpu_hard_pinned": false,
            "machine_type": "PC",
            "memory_size_mib": 4096,
            "metadata": {
              "creation_time": "2024-09-06 11:53:15 +0000 UTC",
              "last_update_time": "2024-09-06 11:53:15 +0000 UTC",
              "name": "",
              "spec_hash": "",
              "spec_version": "0",
              "uuid": "c70f80ee-deb6-45b1-a07d-dc0ce0ab8b49"
            },
            "name": "birdbath-test-openscrch-01",
            "ngt_credentials": {},
            "ngt_enabled_capability_list": [],
            "nic_list": [
              {
                "ip_endpoint_list": [
                  {
                    "ip": "10.42.36.81",
                    "type": "ASSIGNED"
                  }
                ],
                "is_connected": "true",
                "mac_address": "50:6b:8d:df:92:6a",
                "model": "",
                "network_function_chain_reference": {},
                "network_function_nic_type": "",
                "nic_type": "NORMAL_NIC",
                "num_queues": 0,
                "subnet_name": "primary",
                "subnet_uuid": "cf2006f1-9acf-47a9-b8fa-18d87e72af5d",
                "uuid": "087827d1-cf38-4f92-8b3d-a3dfc88791c4"
              }
            ],
            "nic_list_status": [
              {
                "floating_ip": "",
                "ip_endpoint_list": [
                  {
                    "ip": "10.42.36.81",
                    "type": "ASSIGNED"
                  }
                ],
                "is_connected": "true",
                "mac_address": "50:6b:8d:df:92:6a",
                "model": "",
                "network_function_chain_reference": {},
                "network_function_nic_type": "",
                "nic_type": "NORMAL_NIC",
                "num_queues": 0,
                "subnet_name": "primary",
                "subnet_uuid": "cf2006f1-9acf-47a9-b8fa-18d87e72af5d",
                "uuid": "087827d1-cf38-4f92-8b3d-a3dfc88791c4"
              }
            ],
            "num_sockets": 1,
            "num_vcpus_per_socket": 2,
            "num_vnuma_nodes": 0,
            "nutanix_guest_tools": {},
            "owner_reference": {
              "kind": "user",
              "name": "admin",
              "uuid": "00000000-0000-0000-0000-000000000000"
            },
            "parent_reference": {},
            "power_state": "ON",
            "power_state_mechanism": "HARD",
            "project_reference": {
              "kind": "project",
              "name": "_internal",
              "uuid": "638f7fe8-11c2-4f10-b14d-8410ffd22958"
            },
            "serial_port_list": [],
            "should_fail_on_script_failure": false,
            "state": "COMPLETE",
            "timeouts": null,
            "use_hot_add": true,
            "vga_console_enabled": true
          },
          "sensitive_attributes": [],
          "private": "eyJlMmJmYjczMC1lY2FhLTExZTYtOGY4OC0zNDM2M2JjN2M0YzAiOnsiY3JlYXRlIjozNjAwMDAwMDAwMDAwLCJkZWxldGUiOjM2MDAwMDAwMDAwMDAsInVwZGF0ZSI6MzYwMDAwMDAwMDAwMH0sInNjaGVtYV92ZXJzaW9uIjoiMSJ9"
        }
      ]
    },
    {
      "module": "module.opensrch-02",
      "mode": "managed",
      "type": "nutanix_virtual_machine",
      "name": "vm",
      "provider": "provider[\"registry.terraform.io/nutanix/nutanix\"]",
      "instances": [
        {
          "schema_version": 1,
          "attributes": {
            "api_version": "3.1",
            "availability_zone_reference": {},
            "boot_device_disk_address": {},
            "boot_device_mac_address": "",
            "boot_device_order_list": [],
            "boot_type": "",
            "categories": [],
            "cloud_init_cdrom_uuid": "ab95ef68-e83b-4591-9b37-2b357ea56769",
            "cluster_name": "PHX-POC036",
            "cluster_uuid": "00062139-bb4d-225a-0000-00000002ad3c",
            "description": "My Terraform managed VM",
            "disk_list": [
              {
                "data_source_reference": {
                  "kind": "image",
                  "uuid": "4fe6a7d3-35ee-4158-932a-070dadd7bc78"
                },
                "device_properties": [
                  {
                    "device_type": "DISK",
                    "disk_address": {
                      "adapter_type": "SCSI",
                      "device_index": "0"
                    }
                  }
                ],
                "disk_size_bytes": 3758096384,
                "disk_size_mib": 3584,
                "storage_config": [
                  {
                    "flash_mode": "",
                    "storage_container_reference": [
                      {
                        "kind": "storage_container",
                        "name": "SelfServiceContainer",
                        "url": "",
                        "uuid": "13c0e787-e618-46b3-869e-32b630fc7a03"
                      }
                    ]
                  }
                ],
                "uuid": "4a9d130d-411b-4bc3-ae35-13305aea13c5",
                "volume_group_reference": {}
              },
              {
                "data_source_reference": {},
                "device_properties": [
                  {
                    "device_type": "DISK",
                    "disk_address": {
                      "adapter_type": "SCSI",
                      "device_index": "1"
                    }
                  }
                ],
                "disk_size_bytes": 42949672960,
                "disk_size_mib": 40960,
                "storage_config": [
                  {
                    "flash_mode": "",
                    "storage_container_reference": [
                      {
                        "kind": "storage_container",
                        "name": "SelfServiceContainer",
                        "url": "",
                        "uuid": "13c0e787-e618-46b3-869e-32b630fc7a03"
                      }
                    ]
                  }
                ],
                "uuid": "5adc017a-b59a-47da-8533-ab38347d6145",
                "volume_group_reference": {}
              }
            ],
            "enable_cpu_passthrough": false,
            "enable_script_exec": false,
            "gpu_list": [],
            "guest_customization_cloud_init_custom_key_values": {},
            "guest_customization_cloud_init_meta_data": "",
            "guest_customization_cloud_init_user_data": "I2Nsb3VkLWNvbmZpZw0KdmVyc2lvbjogMQ0KcGFja2FnZV91cGRhdGU6IHRydWUNCmhvc3RuYW1lOiBiaXJkYmF0aC10ZXN0LW9wZW5zY3JjaC0wMg0KbWFuYWdlX2V0Y19ob3N0czogdHJ1ZQ0KcGFja2FnZXM6DQogIC0gZ2l0DQogIC0gcHl0aG9uLWlzLXB5dGhvbjMNCiAgLSBweXRob24zLWdudXBnDQp3cml0ZV9maWxlczoNCiAgLSBwYXRoOiAvZXRjL3Jlc29sdi5jb25mDQogICAgcGVybWlzc2lvbnM6ICcwNjQ0Jw0KICAgIGNvbnRlbnQ6IHwNCiAgICAgIDguOC44LjgNCg0KIyBTYWx0IEJvb3RzdHJhcCBzY3JpcHQNCiAgLSBwYXRoOiAvdG1wL2dtaXRzL3NhbHRfaW5pdC5zaA0KICAgIHBlcm1pc3Npb25zOiAnMDUwMCcNCiAgICBjb250ZW50OiB8DQogICAgICAjIS9iaW4vYmFzaA0KICAgICAgDQogICAgICBleHBvcnQgREVCSUFOX0ZST05URU5EPW5vbmludGVyYWN0aXZlDQoNCiAgICAgIFNBTFRfR1BHX1VSTD0naHR0cHM6Ly9yZXBvLnNhbHRwcm9qZWN0LmlvL3NhbHQvcHkzL3VidW50dS8yMi4wNC9hbWQ2NC9TQUxULVBST0pFQ1QtR1BHLVBVQktFWS0yMDIzLmdwZycNCiAgICAgIFNBTFRfUkVQT19VUkw9J2h0dHBzOi8vcmVwby5zYWx0cHJvamVjdC5pby9zYWx0L3B5My91YnVudHUvMjIuMDQvYW1kNjQvbGF0ZXN0Jw0KICAgICAgS0VZUklOR19ESVI9Jy9ldGMvYXB0L2tleXJpbmdzJw0KDQogICAgICBjdXJsIC1mc1NMIC1vICRLRVlSSU5HX0RJUi9zYWx0LWFyY2hpdmUta2V5cmluZy0yMDIzLmdwZyAkU0FMVF9HUEdfVVJMDQogICAgICBlY2hvICJkZWIgW3NpZ25lZC1ieT0kS0VZUklOR19ESVIvc2FsdC1hcmNoaXZlLWtleXJpbmctMjAyMy5ncGcgYXJjaD1hbWQ2NF0gJFNBTFRfUkVQT19VUkwgamFtbXkgbWFpbiIgfCB0ZWUgL2V0Yy9hcHQvc291cmNlcy5saXN0LmQvc2FsdC5saXN0DQoNCiAgICAgIGFwdC1nZXQgdXBkYXRlICYmIGFwdC1nZXQgaW5zdGFsbCAtcXEgc2FsdC1taW5pb24gLXkNCiMgU2FsdCBtaW5pb24gY29uZmlnIGZpbGVzDQogIC0gcGF0aDogL2V0Yy9zYWx0L21pbmlvbi5kLzk5LW1hc3Rlci1hZGRyZXNzLmNvbmYNCiAgICBwZXJtaXNzaW9uczogJzA2NDQnDQogICAgY29udGVudDogfA0KICAgICAgbWFzdGVyOiBiaXJkYmF0aC10ZXN0LWNmZy0wMQ0KICAtIHBhdGg6IC9ldGMvc2FsdC9taW5pb24uZC9taW5pb25faWQuY29uZg0KICAgIHBlcm1pc3Npb25zOiAnMDY0NCcNCiAgICBjb250ZW50OiB8DQogICAgICBpZDogYmlyZGJhdGgtdGVzdC1vcGVuc2NyY2gtMDINCiAgLSBwYXRoOiAvZXRjL3NhbHQvbWluaW9uLmQveDUwOS5jb25mDQogICAgcGVybWlzc2lvbnM6ICcwNjQ0Jw0KICAgIGNvbnRlbnQ6IHwNCiAgICAgIGZlYXR1cmVzOg0KICAgICAgICB4NTA5X3YyOiB0cnVlDQoNCnJ1bmNtZDoNCiAgLSBzdWRvIC4vdG1wL2dtaXRzL3NhbHRfaW5pdC5zaA0KICAtIHN1ZG8gaG9zdG5hbWVjdGwgc2V0LWhvc3RuYW1lIGJpcmRiYXRoLXRlc3Qtb3BlbnNjcmNoLTAyIA0K",
            "guest_customization_is_overridable": false,
            "guest_customization_sysprep": {},
            "guest_customization_sysprep_custom_key_values": {},
            "guest_os_id": "",
            "hardware_clock_timezone": "UTC",
            "host_reference": {
              "kind": "host",
              "name": "10.42.36.28",
              "uuid": "b7c0426f-f7f5-4722-a7ce-451b7d0c8cc6"
            },
            "hypervisor_type": null,
            "id": "a73021c6-3957-4965-8d26-3ff052db1b50",
            "is_vcpu_hard_pinned": false,
            "machine_type": "PC",
            "memory_size_mib": 4096,
            "metadata": {
              "creation_time": "2024-09-06 11:53:16 +0000 UTC",
              "last_update_time": "2024-09-06 11:53:16 +0000 UTC",
              "name": "",
              "spec_hash": "",
              "spec_version": "0",
              "uuid": "a73021c6-3957-4965-8d26-3ff052db1b50"
            },
            "name": "birdbath-test-openscrch-02",
            "ngt_credentials": {},
            "ngt_enabled_capability_list": [],
            "nic_list": [
              {
                "ip_endpoint_list": [
                  {
                    "ip": "10.42.36.89",
                    "type": "ASSIGNED"
                  }
                ],
                "is_connected": "true",
                "mac_address": "50:6b:8d:e3:d6:8b",
                "model": "",
                "network_function_chain_reference": {},
                "network_function_nic_type": "",
                "nic_type": "NORMAL_NIC",
                "num_queues": 0,
                "subnet_name": "primary",
                "subnet_uuid": "cf2006f1-9acf-47a9-b8fa-18d87e72af5d",
                "uuid": "3c718147-aef1-4233-9b27-044449294194"
              }
            ],
            "nic_list_status": [
              {
                "floating_ip": "",
                "ip_endpoint_list": [
                  {
                    "ip": "10.42.36.89",
                    "type": "ASSIGNED"
                  }
                ],
                "is_connected": "true",
                "mac_address": "50:6b:8d:e3:d6:8b",
                "model": "",
                "network_function_chain_reference": {},
                "network_function_nic_type": "",
                "nic_type": "NORMAL_NIC",
                "num_queues": 0,
                "subnet_name": "primary",
                "subnet_uuid": "cf2006f1-9acf-47a9-b8fa-18d87e72af5d",
                "uuid": "3c718147-aef1-4233-9b27-044449294194"
              }
            ],
            "num_sockets": 1,
            "num_vcpus_per_socket": 2,
            "num_vnuma_nodes": 0,
            "nutanix_guest_tools": {},
            "owner_reference": {
              "kind": "user",
              "name": "admin",
              "uuid": "00000000-0000-0000-0000-000000000000"
            },
            "parent_reference": {},
            "power_state": "ON",
            "power_state_mechanism": "HARD",
            "project_reference": {
              "kind": "project",
              "name": "_internal",
              "uuid": "638f7fe8-11c2-4f10-b14d-8410ffd22958"
            },
            "serial_port_list": [],
            "should_fail_on_script_failure": false,
            "state": "COMPLETE",
            "timeouts": null,
            "use_hot_add": true,
            "vga_console_enabled": true
          },
          "sensitive_attributes": [],
          "private": "eyJlMmJmYjczMC1lY2FhLTExZTYtOGY4OC0zNDM2M2JjN2M0YzAiOnsiY3JlYXRlIjozNjAwMDAwMDAwMDAwLCJkZWxldGUiOjM2MDAwMDAwMDAwMDAsInVwZGF0ZSI6MzYwMDAwMDAwMDAwMH0sInNjaGVtYV92ZXJzaW9uIjoiMSJ9"
        }
      ]
    },
    {
      "module": "module.opensrch-03",
      "mode": "managed",
      "type": "nutanix_virtual_machine",
      "name": "vm",
      "provider": "provider[\"registry.terraform.io/nutanix/nutanix\"]",
      "instances": [
        {
          "schema_version": 1,
          "attributes": {
            "api_version": "3.1",
            "availability_zone_reference": {},
            "boot_device_disk_address": {},
            "boot_device_mac_address": "",
            "boot_device_order_list": [],
            "boot_type": "",
            "categories": [],
            "cloud_init_cdrom_uuid": "51d027e9-03ba-4036-b26e-6ced1dfc73c0",
            "cluster_name": "PHX-POC036",
            "cluster_uuid": "00062139-bb4d-225a-0000-00000002ad3c",
            "description": "My Terraform managed VM",
            "disk_list": [
              {
                "data_source_reference": {
                  "kind": "image",
                  "uuid": "4fe6a7d3-35ee-4158-932a-070dadd7bc78"
                },
                "device_properties": [
                  {
                    "device_type": "DISK",
                    "disk_address": {
                      "adapter_type": "SCSI",
                      "device_index": "0"
                    }
                  }
                ],
                "disk_size_bytes": 3758096384,
                "disk_size_mib": 3584,
                "storage_config": [
                  {
                    "flash_mode": "",
                    "storage_container_reference": [
                      {
                        "kind": "storage_container",
                        "name": "SelfServiceContainer",
                        "url": "",
                        "uuid": "13c0e787-e618-46b3-869e-32b630fc7a03"
                      }
                    ]
                  }
                ],
                "uuid": "72c71276-3161-44d5-96a5-5e69acb82266",
                "volume_group_reference": {}
              },
              {
                "data_source_reference": {},
                "device_properties": [
                  {
                    "device_type": "DISK",
                    "disk_address": {
                      "adapter_type": "SCSI",
                      "device_index": "1"
                    }
                  }
                ],
                "disk_size_bytes": 42949672960,
                "disk_size_mib": 40960,
                "storage_config": [
                  {
                    "flash_mode": "",
                    "storage_container_reference": [
                      {
                        "kind": "storage_container",
                        "name": "SelfServiceContainer",
                        "url": "",
                        "uuid": "13c0e787-e618-46b3-869e-32b630fc7a03"
                      }
                    ]
                  }
                ],
                "uuid": "4e9f771f-ef40-4288-8f65-c587f6567487",
                "volume_group_reference": {}
              }
            ],
            "enable_cpu_passthrough": false,
            "enable_script_exec": false,
            "gpu_list": [],
            "guest_customization_cloud_init_custom_key_values": {},
            "guest_customization_cloud_init_meta_data": "",
            "guest_customization_cloud_init_user_data": "I2Nsb3VkLWNvbmZpZw0KdmVyc2lvbjogMQ0KcGFja2FnZV91cGRhdGU6IHRydWUNCmhvc3RuYW1lOiBiaXJkYmF0aC10ZXN0LW9wZW5zY3JjaC0wMw0KbWFuYWdlX2V0Y19ob3N0czogdHJ1ZQ0KcGFja2FnZXM6DQogIC0gZ2l0DQogIC0gcHl0aG9uLWlzLXB5dGhvbjMNCiAgLSBweXRob24zLWdudXBnDQp3cml0ZV9maWxlczoNCiAgLSBwYXRoOiAvZXRjL3Jlc29sdi5jb25mDQogICAgcGVybWlzc2lvbnM6ICcwNjQ0Jw0KICAgIGNvbnRlbnQ6IHwNCiAgICAgIDguOC44LjgNCg0KIyBTYWx0IEJvb3RzdHJhcCBzY3JpcHQNCiAgLSBwYXRoOiAvdG1wL2dtaXRzL3NhbHRfaW5pdC5zaA0KICAgIHBlcm1pc3Npb25zOiAnMDUwMCcNCiAgICBjb250ZW50OiB8DQogICAgICAjIS9iaW4vYmFzaA0KICAgICAgDQogICAgICBleHBvcnQgREVCSUFOX0ZST05URU5EPW5vbmludGVyYWN0aXZlDQoNCiAgICAgIFNBTFRfR1BHX1VSTD0naHR0cHM6Ly9yZXBvLnNhbHRwcm9qZWN0LmlvL3NhbHQvcHkzL3VidW50dS8yMi4wNC9hbWQ2NC9TQUxULVBST0pFQ1QtR1BHLVBVQktFWS0yMDIzLmdwZycNCiAgICAgIFNBTFRfUkVQT19VUkw9J2h0dHBzOi8vcmVwby5zYWx0cHJvamVjdC5pby9zYWx0L3B5My91YnVudHUvMjIuMDQvYW1kNjQvbGF0ZXN0Jw0KICAgICAgS0VZUklOR19ESVI9Jy9ldGMvYXB0L2tleXJpbmdzJw0KDQogICAgICBjdXJsIC1mc1NMIC1vICRLRVlSSU5HX0RJUi9zYWx0LWFyY2hpdmUta2V5cmluZy0yMDIzLmdwZyAkU0FMVF9HUEdfVVJMDQogICAgICBlY2hvICJkZWIgW3NpZ25lZC1ieT0kS0VZUklOR19ESVIvc2FsdC1hcmNoaXZlLWtleXJpbmctMjAyMy5ncGcgYXJjaD1hbWQ2NF0gJFNBTFRfUkVQT19VUkwgamFtbXkgbWFpbiIgfCB0ZWUgL2V0Yy9hcHQvc291cmNlcy5saXN0LmQvc2FsdC5saXN0DQoNCiAgICAgIGFwdC1nZXQgdXBkYXRlICYmIGFwdC1nZXQgaW5zdGFsbCAtcXEgc2FsdC1taW5pb24gLXkNCiMgU2FsdCBtaW5pb24gY29uZmlnIGZpbGVzDQogIC0gcGF0aDogL2V0Yy9zYWx0L21pbmlvbi5kLzk5LW1hc3Rlci1hZGRyZXNzLmNvbmYNCiAgICBwZXJtaXNzaW9uczogJzA2NDQnDQogICAgY29udGVudDogfA0KICAgICAgbWFzdGVyOiBiaXJkYmF0aC10ZXN0LWNmZy0wMQ0KICAtIHBhdGg6IC9ldGMvc2FsdC9taW5pb24uZC9taW5pb25faWQuY29uZg0KICAgIHBlcm1pc3Npb25zOiAnMDY0NCcNCiAgICBjb250ZW50OiB8DQogICAgICBpZDogYmlyZGJhdGgtdGVzdC1vcGVuc2NyY2gtMDMNCiAgLSBwYXRoOiAvZXRjL3NhbHQvbWluaW9uLmQveDUwOS5jb25mDQogICAgcGVybWlzc2lvbnM6ICcwNjQ0Jw0KICAgIGNvbnRlbnQ6IHwNCiAgICAgIGZlYXR1cmVzOg0KICAgICAgICB4NTA5X3YyOiB0cnVlDQoNCnJ1bmNtZDoNCiAgLSBzdWRvIC4vdG1wL2dtaXRzL3NhbHRfaW5pdC5zaA0KICAtIHN1ZG8gaG9zdG5hbWVjdGwgc2V0LWhvc3RuYW1lIGJpcmRiYXRoLXRlc3Qtb3BlbnNjcmNoLTAzIA0K",
            "guest_customization_is_overridable": false,
            "guest_customization_sysprep": {},
            "guest_customization_sysprep_custom_key_values": {},
            "guest_os_id": "",
            "hardware_clock_timezone": "UTC",
            "host_reference": {
              "kind": "host",
              "name": "10.42.36.28",
              "uuid": "b7c0426f-f7f5-4722-a7ce-451b7d0c8cc6"
            },
            "hypervisor_type": null,
            "id": "e80f54d7-53d2-4503-b22f-fc6e5ae69b7f",
            "is_vcpu_hard_pinned": false,
            "machine_type": "PC",
            "memory_size_mib": 4096,
            "metadata": {
              "creation_time": "2024-09-06 11:53:18 +0000 UTC",
              "last_update_time": "2024-09-06 11:53:18 +0000 UTC",
              "name": "",
              "spec_hash": "",
              "spec_version": "0",
              "uuid": "e80f54d7-53d2-4503-b22f-fc6e5ae69b7f"
            },
            "name": "birdbath-test-openscrch-03",
            "ngt_credentials": {},
            "ngt_enabled_capability_list": [],
            "nic_list": [
              {
                "ip_endpoint_list": [
                  {
                    "ip": "10.42.36.90",
                    "type": "ASSIGNED"
                  }
                ],
                "is_connected": "true",
                "mac_address": "50:6b:8d:f5:7f:cd",
                "model": "",
                "network_function_chain_reference": {},
                "network_function_nic_type": "",
                "nic_type": "NORMAL_NIC",
                "num_queues": 0,
                "subnet_name": "primary",
                "subnet_uuid": "cf2006f1-9acf-47a9-b8fa-18d87e72af5d",
                "uuid": "df35820c-bc3d-4511-a607-0c5e93e56745"
              }
            ],
            "nic_list_status": [
              {
                "floating_ip": "",
                "ip_endpoint_list": [
                  {
                    "ip": "10.42.36.90",
                    "type": "ASSIGNED"
                  }
                ],
                "is_connected": "true",
                "mac_address": "50:6b:8d:f5:7f:cd",
                "model": "",
                "network_function_chain_reference": {},
                "network_function_nic_type": "",
                "nic_type": "NORMAL_NIC",
                "num_queues": 0,
                "subnet_name": "primary",
                "subnet_uuid": "cf2006f1-9acf-47a9-b8fa-18d87e72af5d",
                "uuid": "df35820c-bc3d-4511-a607-0c5e93e56745"
              }
            ],
            "num_sockets": 1,
            "num_vcpus_per_socket": 2,
            "num_vnuma_nodes": 0,
            "nutanix_guest_tools": {},
            "owner_reference": {
              "kind": "user",
              "name": "admin",
              "uuid": "00000000-0000-0000-0000-000000000000"
            },
            "parent_reference": {},
            "power_state": "ON",
            "power_state_mechanism": "HARD",
            "project_reference": {
              "kind": "project",
              "name": "_internal",
              "uuid": "638f7fe8-11c2-4f10-b14d-8410ffd22958"
            },
            "serial_port_list": [],
            "should_fail_on_script_failure": false,
            "state": "COMPLETE",
            "timeouts": null,
            "use_hot_add": true,
            "vga_console_enabled": true
          },
          "sensitive_attributes": [],
          "private": "eyJlMmJmYjczMC1lY2FhLTExZTYtOGY4OC0zNDM2M2JjN2M0YzAiOnsiY3JlYXRlIjozNjAwMDAwMDAwMDAwLCJkZWxldGUiOjM2MDAwMDAwMDAwMDAsInVwZGF0ZSI6MzYwMDAwMDAwMDAwMH0sInNjaGVtYV92ZXJzaW9uIjoiMSJ9"
        }
      ]
    }
  ],
  "check_results": null
}
