{
  "version": 4,
  "terraform_version": "1.9.5",
  "serial": 150,
  "lineage": "cbdd0191-7185-3705-b185-a162c0fc3cb3",
  "outputs": {},
  "resources": [
    {
      "module": "module.cfg-01",
      "mode": "managed",
      "type": "nutanix_virtual_machine",
      "name": "vm",
      "provider": "provider[\"registry.terraform.io/nutanix/nutanix\"]",
      "instances": [
        {
          "schema_version": 1,
          "attributes": {
            "api_version": "3.1",
            "availability_zone_reference": {},
            "boot_device_disk_address": {},
            "boot_device_mac_address": "",
            "boot_device_order_list": [],
            "boot_type": "",
            "categories": [],
            "cloud_init_cdrom_uuid": "76830f52-8548-4bd1-88ac-74a9c0b37738",
            "cluster_name": "PHX-POC036",
            "cluster_uuid": "00062139-bb4d-225a-0000-00000002ad3c",
            "description": "My Terraform managed VM",
            "disk_list": [
              {
                "data_source_reference": {
                  "kind": "image",
                  "uuid": "4fe6a7d3-35ee-4158-932a-070dadd7bc78"
                },
                "device_properties": [
                  {
                    "device_type": "DISK",
                    "disk_address": {
                      "adapter_type": "SCSI",
                      "device_index": "0"
                    }
                  }
                ],
                "disk_size_bytes": 3758096384,
                "disk_size_mib": 3584,
                "storage_config": [
                  {
                    "flash_mode": "",
                    "storage_container_reference": [
                      {
                        "kind": "storage_container",
                        "name": "SelfServiceContainer",
                        "url": "",
                        "uuid": "13c0e787-e618-46b3-869e-32b630fc7a03"
                      }
                    ]
                  }
                ],
                "uuid": "0e7c108b-7564-4134-ae66-1e9e56170b91",
                "volume_group_reference": {}
              },
              {
                "data_source_reference": {},
                "device_properties": [
                  {
                    "device_type": "DISK",
                    "disk_address": {
                      "adapter_type": "SCSI",
                      "device_index": "1"
                    }
                  }
                ],
                "disk_size_bytes": 42949672960,
                "disk_size_mib": 40960,
                "storage_config": [
                  {
                    "flash_mode": "",
                    "storage_container_reference": [
                      {
                        "kind": "storage_container",
                        "name": "SelfServiceContainer",
                        "url": "",
                        "uuid": "13c0e787-e618-46b3-869e-32b630fc7a03"
                      }
                    ]
                  }
                ],
                "uuid": "b7e6dfd5-4a1d-4e93-a65b-0028508484bf",
                "volume_group_reference": {}
              }
            ],
            "enable_cpu_passthrough": false,
            "enable_script_exec": false,
            "gpu_list": [],
            "guest_customization_cloud_init_custom_key_values": {},
            "guest_customization_cloud_init_meta_data": "",
            "guest_customization_cloud_init_user_data": "I2Nsb3VkLWNvbmZpZw0KdmVyc2lvbjogMQ0KcGFja2FnZV91cGRhdGU6IHRydWUNCmhvc3RuYW1lOiBiaXJkYmF0aC10ZXN0LWNmZy0wMQ0KbWFuYWdlX2V0Y19ob3N0czogdHJ1ZQ0KbWFuYWdlX3Jlc29sdl9jb25mOiB0cnVlDQpyZXNvbHZfY29uZjoNCiAgbmFtZXNlcnZlcnM6DQogICAgLSA4LjguOC44DQogICAgLSA4LjguNC40DQpwYWNrYWdlczoNCiAgLSBnaXQNCiAgLSBweXRob24taXMtcHl0aG9uMw0KICAtIHB5dGhvbjMtZ251cGcNCndyaXRlX2ZpbGVzOg0KIyBTYWx0IEJvb3RzdHJhcCBzY3JpcHQNCiAgLSBwYXRoOiAvdG1wL2dtaXRzL3NhbHRfaW5pdC5zaA0KICAgIHBlcm1pc3Npb25zOiAnMDUwMCcNCiAgICBjb250ZW50OiB8DQogICAgICAjIS9iaW4vYmFzaA0KICAgICAgDQogICAgICBleHBvcnQgREVCSUFOX0ZST05URU5EPW5vbmludGVyYWN0aXZlDQoNCiAgICAgIEdDVE9PTFNfVVJMPSdodHRwczovL2dlcnJpdC5nb29nbGVzb3VyY2UuY29tL2djb21wdXRlLXRvb2xzJw0KICAgICAgR1BHSE9NRT0nL2V0Yy9zYWx0L2dwZ2tleXMnDQogICAgICBHTUlUU19HSVQ9J2h0dHBzOi8vZ21pdHMtaW50ZXJuYWwuZ29vZ2xlc291cmNlLmNvbS9zYWx0c3RhY2snDQogICAgICBTQUxUX0dQR19VUkw9J2h0dHBzOi8vcmVwby5zYWx0cHJvamVjdC5pby9zYWx0L3B5My91YnVudHUvMjIuMDQvYW1kNjQvU0FMVC1QUk9KRUNULUdQRy1QVUJLRVktMjAyMy5ncGcnDQogICAgICBTQUxUX1JFUE9fVVJMPSdodHRwczovL3JlcG8uc2FsdHByb2plY3QuaW8vc2FsdC9weTMvdWJ1bnR1LzIyLjA0L2FtZDY0L2xhdGVzdCcNCiAgICAgIEtFWVJJTkdfRElSPScvZXRjL2FwdC9rZXlyaW5ncycNCg0KICAgICAgZ2l0IGNsb25lICRHQ1RPT0xTX1VSTA0KICAgICAgc2xlZXAgMTANCiAgICAgIC4vZ2NvbXB1dGUtdG9vbHMvZ2l0LWNvb2tpZS1hdXRoZGFlbW9uDQogICAgICBzbGVlcCAxMA0KICAgICAgZ2l0IGNsb25lIC1iIG1haW4gICRHTUlUU19HSVQgL3Nydg0KICAgICAgcm0gLXJmIC9zcnYvLmdpdCAvc3J2L1JFQURNRS5tZCAvc3J2Ly5naXRpZ25vcmUNCg0KICAgICAgY3VybCAtZnNTTCAtbyAkS0VZUklOR19ESVIvc2FsdC1hcmNoaXZlLWtleXJpbmctMjAyMy5ncGcgJFNBTFRfR1BHX1VSTA0KICAgICAgZWNobyAiZGViIFtzaWduZWQtYnk9JEtFWVJJTkdfRElSL3NhbHQtYXJjaGl2ZS1rZXlyaW5nLTIwMjMuZ3BnIGFyY2g9YW1kNjRdICRTQUxUX1JFUE9fVVJMIGphbW15IG1haW4iIHwgdGVlIC9ldGMvYXB0L3NvdXJjZXMubGlzdC5kL3NhbHQubGlzdA0KDQogICAgICBta2RpciAtcCAkR1BHSE9NRSAmJiBjaG1vZCAtUiAwNzAwICRHUEdIT01FDQogICAgICB0b3VjaCAkR1BHSE9NRS9wcml2a2V5LmdwZw0KICAgICAgZ3BnIC0taG9tZWRpciAkR1BHSE9NRSAtLWltcG9ydCAkR1BHSE9NRS9wdWJrZXkuZ3BnDQogICAgICBncGcgLS1pbXBvcnQgJEdQR0hPTUUvcHVia2V5LmdwZw0KICAgICAgZ3BnIC0taG9tZWRpciAkR1BHSE9NRSAtLWltcG9ydC1vd25lcnRydXN0ICRHUEdIT01FL3RydXN0LmdwZw0KDQogICAgICBhcHQtZ2V0IC1xcSB1cGRhdGUNCiAgICAgIGFwdC1nZXQgLXFxIGluc3RhbGwgc2FsdC1tYXN0ZXIgc2FsdC1taW5pb24gLXkNCiAgICAgIGNob3duIC1SIHNhbHQgJEdQR0hPTUUNCiAgICAgIHN5c3RlbWN0bCBzdGFydCBzYWx0LW1hc3Rlci5zZXJ2aWNlDQogICAgICBzeXN0ZW1jdGwgZW5hYmxlIHNhbHQtbWFzdGVyLnNlcnZpY2UNCiMgU2FsdCBtaW5pb24gY29uZmlnIGZpbGVzDQogIC0gcGF0aDogL2V0Yy9zYWx0L21pbmlvbi5kLzk5LW1hc3Rlci1hZGRyZXNzLmNvbmYNCiAgICBwZXJtaXNzaW9uczogJzA2NDQnDQogICAgY29udGVudDogfA0KICAgICAgbWFzdGVyOiBiaXJkYmF0aC10ZXN0LWNmZy0wMQ0KICAtIHBhdGg6IC9ldGMvc2FsdC9taW5pb24uZC9taW5pb25faWQuY29uZg0KICAgIHBlcm1pc3Npb25zOiAnMDY0NCcNCiAgICBjb250ZW50OiB8DQogICAgICBpZDogYmlyZGJhdGgtdGVzdC1jZmctMDENCiAgLSBwYXRoOiAvZXRjL3NhbHQvbWluaW9uLmQveDUwOS5jb25mDQogICAgcGVybWlzc2lvbnM6ICcwNjQ0Jw0KICAgIGNvbnRlbnQ6IHwNCiAgICAgIGZlYXR1cmVzOg0KICAgICAgICB4NTA5X3YyOiB0cnVlICAgICAgDQojIE1hc3RlciBjb25maWcgZmlsZXMNCiAgLSBwYXRoOiAvZXRjL3NhbHQvbWFzdGVyLmQvcGVlci5jb25mDQogICAgcGVybWlzc2lvbnM6ICcwNjAwJw0KICAgIGNvbnRlbnQ6IHwNCiAgICAgIHBlZXI6DQogICAgICAgIC4qOg0KICAgICAgICAgIC0geDUwOS5zaWduX3JlbW90ZV9jZXJ0aWZpY2F0ZQ0KICAtIHBhdGg6IC9ldGMvc2FsdC9tYXN0ZXIuZC9yb290cy5jb25mDQogICAgcGVybWlzc2lvbnM6ICcwNjAwJw0KICAgIGNvbnRlbnQ6IHwNCiAgICAgIGZpbGVfcm9vdHM6DQogICAgICAgIGJhc2U6DQogICAgICAgICAgLSAvc3J2L3NhbHQvDQogICAgICAgICAgLSAvc3J2L2ZpbGVzLw0KICAgICAgcGlsbGFyX3Jvb3RzOg0KICAgICAgICBiYXNlOg0KICAgICAgICAgIC0gL3Nydi9waWxsYXIvDQogIC0gcGF0aDogL2V0Yy9zYWx0L21hc3Rlci5kL3BlZXIuY29uZg0KICAgIHBlcm1pc3Npb25zOiAnMDYwMCcNCiAgICBjb250ZW50OiB8DQogICAgICBncGdfa2V5ZGlyOiAvZXRjL3NhbHQvZ3Bna2V5cyAgICANCiAgLSBwYXRoOiAvZXRjL3NhbHQvbWFzdGVyLmQvcGVlci5jb25mDQogICAgcGVybWlzc2lvbnM6ICcwNjAwJw0KICAgIGNvbnRlbnQ6IHwNCiAgICAgIGZlYXR1cmVzOg0KICAgICAgICB4NTA5X3YyOiB0cnVlDQoNCiAgLSBwYXRoOiAvZXRjL3NhbHQvZ3Bna2V5cy9wdWJrZXkuZ3BnDQogICAgcGVybWlzc2lvbnM6ICcwNjAwJw0KICAgIGNvbnRlbnQ6IHwNCiAgICAgIC0tLS0tQkVHSU4gUEdQIFBVQkxJQyBLRVkgQkxPQ0stLS0tLQ0KDQogICAgICBtUUdOQkdYQlZHZ0JEQUNwQXZHVC9qeFFjdERIaFA1VEIrSUt5dU9oTzJxendkK1g3VGpjd2FKMVNIK0gvaXJrDQogICAgICBDRkRQclM4M1lReGgwc0x2aU1sOUVMVWNxd2lZU0xCVWJUN0taTzVudzRTbmovOVB5Tmpmb2NXcW1RaVY3aFBrDQogICAgICBpTDI4cG5NMXhmTlB1WE1zRjJIOWtXblVmeERybXhPdThSR3pKR1h2NkxiQnNJMmtXTTc3Qkpxc0FqcGs2MTd6DQogICAgICBYSnhJWTN5VFFqWkFNZURzQlpKODhMVzBtdFQ1eG1FY1E0aDBXcmZBZGhHMWtWTzBaZ21lWm4rKzJFcmt2cjBVDQogICAgICBOYnpTVGJKVFd0WktUVzd3MHFvL3J2VWc3QSs3STdCTXY1WUZGQno2MWlwS3pHMTRDeU1RaWVFRXUzcDlneWdYDQogICAgICBVbnlTbCtYTi9lV3hicy9wb1FqVkNsSFloRXBDYWthd3NHZ21ubnlTcTk4RFZpcEZMTjZqYXFNZUJObXdLRVVLDQogICAgICA5UUowNGtTTHRpTDgxN0NCUWFKd0JrU2NNNy9qdWZhSE02UDQ2UXVlZ1RUSk52dXdjZEp5WXVSelhHb0I2VCt3DQogICAgICAwK0crZzE1OU16NStxejlKQTZQZVpvNXhsRlduUUdBdHNDOFExZk9nbU04MVJod0FUYzhLaXY0czAyMW0wSHhXDQogICAgICBnNGswMWtqbE9vNmtRZVVBRVFFQUFiUUlZbWx5WkdKaGRHaUpBZFFFRXdFS0FENFdJUVFkcllzbldRZENXeVhyDQogICAgICBMUVR0VzQzRmVlZnVxQVVDWmNGVWFBSWJBd1VKQThKbkFBVUxDUWdIQWdZVkNna0lDd0lFRmdJREFRSWVBUUlYDQogICAgICBnQUFLQ1JEdFc0M0ZlZWZ1cUNKV0MvNHYva09DQUhHbEowMU1pcDNsN04wOENyVWkrNjlRcXZCdTJ0QmpTZ3hmDQogICAgICA0YzZILzNQOGswSHVpaU02THNTK1cvbFZyc0lselY5cDBTdjI3aGRWOFVPbjhDbjFiZXlzTldPWGhGTld4UmI3DQogICAgICBlTDJvSk9RRWFYTG5aNTh2NEo0YzZCdEhnYkdYVzBJUjRKb1pNbytyWDRIcnc2a284YlU5TTI2MUhFUjN4Yms3DQogICAgICBOaVNXbUhWVjVNb25BcjY5Z1FJNkRNWCtoRTNRa2VHRE52TTlHd1F5TCtWYm9EZ1ZFNzJxN2RNREdYNi8vaTVGDQogICAgICByL3YzeDFsaHJ6dHNJRHgyUm5IelhLMkFMVldFS0g4eGhTbWdwVlVuMmNrbHJkMU5ONHg5RUhnK3JaZzBmdnZhDQogICAgICBmdkU4blQvVFRZY29GcEJIcUFoRlBrVUh2OENsdkY5WGQ2TDFDUWtSNHZDd3dGZk1QSExIcnVDVzdRMXBkSDJqDQogICAgICBVSnBQcjhUOThDaSt4ckdEMUliMWplbnA2ZXFpWloxalE1azFQWGEzUHQ4R0Y0ZXZLeUtlS3RNNi9sV0hIbmR2DQogICAgICBwMDZiQURDVXIzY0FEUWVWMGhNcmhoQzZ4TndtMUVKWEd2cWptenpEajUrc3g2Z2VsSGR5TUpOemZkWmpnR1I2DQogICAgICBVOXVibXdsaVhSazdlVU9aK1VuaXRkQzVBWTBFWmNGVWFBRU1BTkVCRHloTC9abCtyM0d1aEdZQ2RmdS82TU5mDQogICAgICBhS0NPbEJjSThtVFI2ZXN2SUZ3U0dZeW1rbGp5WkJCNS94YTdUTnEvSHB6Q0ZkV2lYUzJ4VU1rSHppSllCRys4DQogICAgICBlT0prWThMZDdQQWpGeW9xdjYwT00wU0Q1NmhWY0cxVHIxZk50WDBCamtTYXl3WENaL3VBaitqUzdzYnIzb0FqDQogICAgICAyMWU5Z3ZZTlJLRFYyaTZqUWRoY1RINUdJNysra2phN1E2OVZucUtUM2JzZ1NOK3AzcDJsT05yRlROVGp3aHlBDQogICAgICBxN01zUVZ2RGQyWDAycmtrUno1VVpMY2dBbUFOWXZHVHRrNmVOK0JiQisyamxJVzZvY081K3F4Mmp5WWRlcVNpDQogICAgICBETE1SNzJ2MUpIbk1rMlI0TGxPOEJ0aWJLbUFMazMwQytMNlpodVJjZDhtZm04bmZrUU44VWZ5M0VHSXZDTDlPDQogICAgICBxNHErN2VqWWlUcTE2Q3Q2bmNBc0VYd1ZDalNhNXJyVDhGbWxYRnBBcEVrdHNyUjg5UlFVT3hjTG52K1dpYmpRDQogICAgICA0Uk5oT09jVW1yWkNjdkF1bm1nQ0FZek9vNWd3Y3ZvV3kzcU9QY2xKU005eGMzYStQS1hHc3VSTDljN08vRnY4DQogICAgICB2YnJJZElsRjhHWGx6dU9QSzFzTGRiV2RldUVURTJRSy80MktFd0FSQVFBQmlRRzhCQmdCQ2dBbUZpRUVIYTJMDQogICAgICBKMWtIUWxzbDZ5MEU3VnVOeFhubjdxZ0ZBbVhCVkdnQ0d3d0ZDUVBDWndBQUNna1E3VnVOeFhubjdxakdNUXY3DQogICAgICBCMHpGRlBPRGMyWDBLRnloN3ExYTdnRmIzcjN0OVdWbU10N0x6WURRbjIwbE1ZNjlTUm0waHZ1RVBBcC85RmlQDQogICAgICBMWHZlZHpiY2lMOFZMb2lDaTA3bC9nTU04cldJZXZVL3kwS2wzSEZud24xZ1c5cTN4THpYay9EMjROODZVek1vDQogICAgICBNYmFZL25POUVqRzl3K3RGbzNNNkdXQzRLYXdYNDB0QW1aK21RTkJkOU5iME5TcTRJWHJKbEZ5aURrZXhLbVdtDQogICAgICA1WjV0N0tnMmJISXU5VUlHMVREamFGcS9BWlkvdkNqeHNaYkF0SjlDMEY5dTBQMEJJZjdxYmNXK2IxUkNKNGR2DQogICAgICBScCtVMVhLSGNCVkFNWHZpcnJySzFGVFBkc2U1UXJyelA1dXBJRFJOZmdtOURKZEs4L3YwNTdmdHc0cWNrMkFkDQogICAgICArMkZPakdYWWpzYUIrY2c5TFQzM3Y3SGttMFpsZHhBQllKRU5qVzRQVHluVTh0bVpaanlXcWFFa3BTMmZvWE5ZDQogICAgICBna1QyREJmcWY5MmF5R00ydGlyUFoxRFJMV0lxZktvVHYxRGppOUFjK3I0WXk4dDJtRGx4RDRIbFhxSzZLb2RKDQogICAgICBYcldFNGthcGhiQ2xqZWJXVnFPRDlqcVBQSSs4aG5ka1BlMmdsVkJNMHJ2YlVuMVlIbTFPbkhlYXBzTXNCWGhyDQogICAgICA9N1BoOA0KICAgICAgLS0tLS1FTkQgUEdQIFBVQkxJQyBLRVkgQkxPQ0stLS0tLQ0KICAtIHBhdGg6IC9ldGMvc2FsdC9ncGdrZXlzL3RydXN0LmdwZw0KICAgIHBlcm1pc3Npb25zOiAnMDYwMCcNCiAgICBjb250ZW50OiB8DQogICAgICAxREFEOEIyNzU5MDc0MjVCMjVFQjJEMDRFRDVCOERDNTc5RTdFRUE4OjY6DQoNCnJ1bmNtZDoNCiAgLSBzdWRvIC4vdG1wL2dtaXRzL3NhbHRfaW5pdC5zaA0KICAtIHN1ZG8gaG9zdG5hbWVjdGwgc2V0LWhvc3RuYW1lIGJpcmRiYXRoLXRlc3QtY2ZnLTAxDQo=",
            "guest_customization_is_overridable": false,
            "guest_customization_sysprep": {},
            "guest_customization_sysprep_custom_key_values": {},
            "guest_os_id": "",
            "hardware_clock_timezone": "UTC",
            "host_reference": {
              "kind": "host",
              "name": "10.42.36.28",
              "uuid": "b7c0426f-f7f5-4722-a7ce-451b7d0c8cc6"
            },
            "hypervisor_type": null,
            "id": "97d65db3-ee3d-4131-b611-7c8585a23e43",
            "is_vcpu_hard_pinned": false,
            "machine_type": "PC",
            "memory_size_mib": 4096,
            "metadata": {
              "creation_time": "2024-09-05 12:26:25 +0000 UTC",
              "last_update_time": "2024-09-05 12:26:25 +0000 UTC",
              "name": "",
              "spec_hash": "",
              "spec_version": "0",
              "uuid": "97d65db3-ee3d-4131-b611-7c8585a23e43"
            },
            "name": "birdbath-test-cfg-01",
            "ngt_credentials": {},
            "ngt_enabled_capability_list": [],
            "nic_list": [
              {
                "ip_endpoint_list": [
                  {
                    "ip": "10.42.36.114",
                    "type": "ASSIGNED"
                  }
                ],
                "is_connected": "true",
                "mac_address": "50:6b:8d:fe:0e:4c",
                "model": "",
                "network_function_chain_reference": {},
                "network_function_nic_type": "",
                "nic_type": "NORMAL_NIC",
                "num_queues": 0,
                "subnet_name": "primary",
                "subnet_uuid": "cf2006f1-9acf-47a9-b8fa-18d87e72af5d",
                "uuid": "0cc7bca2-d00c-4f75-9f0d-ea7fc8c6b34b"
              }
            ],
            "nic_list_status": [
              {
                "floating_ip": "",
                "ip_endpoint_list": [
                  {
                    "ip": "10.42.36.114",
                    "type": "ASSIGNED"
                  }
                ],
                "is_connected": "true",
                "mac_address": "50:6b:8d:fe:0e:4c",
                "model": "",
                "network_function_chain_reference": {},
                "network_function_nic_type": "",
                "nic_type": "NORMAL_NIC",
                "num_queues": 0,
                "subnet_name": "primary",
                "subnet_uuid": "cf2006f1-9acf-47a9-b8fa-18d87e72af5d",
                "uuid": "0cc7bca2-d00c-4f75-9f0d-ea7fc8c6b34b"
              }
            ],
            "num_sockets": 1,
            "num_vcpus_per_socket": 2,
            "num_vnuma_nodes": 0,
            "nutanix_guest_tools": {},
            "owner_reference": {
              "kind": "user",
              "name": "admin",
              "uuid": "00000000-0000-0000-0000-000000000000"
            },
            "parent_reference": {},
            "power_state": "ON",
            "power_state_mechanism": "HARD",
            "project_reference": {
              "kind": "project",
              "name": "_internal",
              "uuid": "638f7fe8-11c2-4f10-b14d-8410ffd22958"
            },
            "serial_port_list": [],
            "should_fail_on_script_failure": false,
            "state": "COMPLETE",
            "timeouts": null,
            "use_hot_add": true,
            "vga_console_enabled": true
          },
          "sensitive_attributes": [],
          "private": "eyJlMmJmYjczMC1lY2FhLTExZTYtOGY4OC0zNDM2M2JjN2M0YzAiOnsiY3JlYXRlIjozNjAwMDAwMDAwMDAwLCJkZWxldGUiOjM2MDAwMDAwMDAwMDAsInVwZGF0ZSI6MzYwMDAwMDAwMDAwMH0sInNjaGVtYV92ZXJzaW9uIjoiMSJ9"
        }
      ]
    },
    {
      "module": "module.jmp-01",
      "mode": "managed",
      "type": "nutanix_virtual_machine",
      "name": "vm",
      "provider": "provider[\"registry.terraform.io/nutanix/nutanix\"]",
      "instances": [
        {
          "schema_version": 1,
          "attributes": {
            "api_version": "3.1",
            "availability_zone_reference": {},
            "boot_device_disk_address": {},
            "boot_device_mac_address": "",
            "boot_device_order_list": [],
            "boot_type": "",
            "categories": [],
            "cloud_init_cdrom_uuid": "711629e0-d200-4cd3-a3cc-ff8ee95409a9",
            "cluster_name": "PHX-POC036",
            "cluster_uuid": "00062139-bb4d-225a-0000-00000002ad3c",
            "description": "My Terraform managed VM",
            "disk_list": [
              {
                "data_source_reference": {
                  "kind": "image",
                  "uuid": "4fe6a7d3-35ee-4158-932a-070dadd7bc78"
                },
                "device_properties": [
                  {
                    "device_type": "DISK",
                    "disk_address": {
                      "adapter_type": "SCSI",
                      "device_index": "0"
                    }
                  }
                ],
                "disk_size_bytes": 3758096384,
                "disk_size_mib": 3584,
                "storage_config": [
                  {
                    "flash_mode": "",
                    "storage_container_reference": [
                      {
                        "kind": "storage_container",
                        "name": "SelfServiceContainer",
                        "url": "",
                        "uuid": "13c0e787-e618-46b3-869e-32b630fc7a03"
                      }
                    ]
                  }
                ],
                "uuid": "2def39e5-29f5-4737-a598-fe0606017232",
                "volume_group_reference": {}
              },
              {
                "data_source_reference": {},
                "device_properties": [
                  {
                    "device_type": "DISK",
                    "disk_address": {
                      "adapter_type": "SCSI",
                      "device_index": "1"
                    }
                  }
                ],
                "disk_size_bytes": 42949672960,
                "disk_size_mib": 40960,
                "storage_config": [
                  {
                    "flash_mode": "",
                    "storage_container_reference": [
                      {
                        "kind": "storage_container",
                        "name": "SelfServiceContainer",
                        "url": "",
                        "uuid": "13c0e787-e618-46b3-869e-32b630fc7a03"
                      }
                    ]
                  }
                ],
                "uuid": "6b2d0840-c5b7-439d-8eb2-8d48cfbdb842",
                "volume_group_reference": {}
              }
            ],
            "enable_cpu_passthrough": false,
            "enable_script_exec": false,
            "gpu_list": [],
            "guest_customization_cloud_init_custom_key_values": {},
            "guest_customization_cloud_init_meta_data": "",
            "guest_customization_cloud_init_user_data": "I2Nsb3VkLWNvbmZpZw0KdmVyc2lvbjogMQ0KcGFja2FnZV91cGRhdGU6IHRydWUNCmhvc3RuYW1lOiBiaXJkYmF0aC10ZXN0LWptcC0wMQ0KbWFuYWdlX2V0Y19ob3N0czogdHJ1ZQ0KbWFuYWdlX3Jlc29sdl9jb25mOiB0cnVlDQpyZXNvbHZfY29uZjoNCiAgbmFtZXNlcnZlcnM6DQogICAgLSA4LjguOC44DQogICAgLSA4LjguNC40DQpwYWNrYWdlczoNCiAgLSBnaXQNCiAgLSBweXRob24taXMtcHl0aG9uMw0KICAtIHB5dGhvbjMtZ251cGcNCndyaXRlX2ZpbGVzOg0KIyBTYWx0IEJvb3RzdHJhcCBzY3JpcHQNCiAgLSBwYXRoOiAvdG1wL2dtaXRzL3NhbHRfaW5pdC5zaA0KICAgIHBlcm1pc3Npb25zOiAnMDUwMCcNCiAgICBjb250ZW50OiB8DQogICAgICAjIS9iaW4vYmFzaA0KICAgICAgDQogICAgICBleHBvcnQgREVCSUFOX0ZST05URU5EPW5vbmludGVyYWN0aXZlDQoNCiAgICAgIFNBTFRfR1BHX1VSTD0naHR0cHM6Ly9yZXBvLnNhbHRwcm9qZWN0LmlvL3NhbHQvcHkzL3VidW50dS8yMi4wNC9hbWQ2NC9TQUxULVBST0pFQ1QtR1BHLVBVQktFWS0yMDIzLmdwZycNCiAgICAgIFNBTFRfUkVQT19VUkw9J2h0dHBzOi8vcmVwby5zYWx0cHJvamVjdC5pby9zYWx0L3B5My91YnVudHUvMjIuMDQvYW1kNjQvbGF0ZXN0Jw0KICAgICAgS0VZUklOR19ESVI9Jy9ldGMvYXB0L2tleXJpbmdzJw0KDQogICAgICBjdXJsIC1mc1NMIC1vICRLRVlSSU5HX0RJUi9zYWx0LWFyY2hpdmUta2V5cmluZy0yMDIzLmdwZyAkU0FMVF9HUEdfVVJMDQogICAgICBlY2hvICJkZWIgW3NpZ25lZC1ieT0kS0VZUklOR19ESVIvc2FsdC1hcmNoaXZlLWtleXJpbmctMjAyMy5ncGcgYXJjaD1hbWQ2NF0gJFNBTFRfUkVQT19VUkwgamFtbXkgbWFpbiIgfCB0ZWUgL2V0Yy9hcHQvc291cmNlcy5saXN0LmQvc2FsdC5saXN0DQoNCiAgICAgIGFwdC1nZXQgdXBkYXRlICYmIGFwdC1nZXQgaW5zdGFsbCAtcXEgc2FsdC1taW5pb24gLXkNCiMgU2FsdCBtaW5pb24gY29uZmlnIGZpbGVzDQogIC0gcGF0aDogL2V0Yy9zYWx0L21pbmlvbi5kLzk5LW1hc3Rlci1hZGRyZXNzLmNvbmYNCiAgICBwZXJtaXNzaW9uczogJzA2NDQnDQogICAgY29udGVudDogfA0KICAgICAgbWFzdGVyOiBiaXJkYmF0aC10ZXN0LWNmZy0wMQ0KICAtIHBhdGg6IC9ldGMvc2FsdC9taW5pb24uZC9taW5pb25faWQuY29uZg0KICAgIHBlcm1pc3Npb25zOiAnMDY0NCcNCiAgICBjb250ZW50OiB8DQogICAgICBpZDogYmlyZGJhdGgtdGVzdC1qbXAtMDENCiAgLSBwYXRoOiAvZXRjL3NhbHQvbWluaW9uLmQveDUwOS5jb25mDQogICAgcGVybWlzc2lvbnM6ICcwNjQ0Jw0KICAgIGNvbnRlbnQ6IHwNCiAgICAgIGZlYXR1cmVzOg0KICAgICAgICB4NTA5X3YyOiB0cnVlDQoNCnJ1bmNtZDoNCiAgLSBzdWRvIC4vdG1wL2dtaXRzL3NhbHRfaW5pdC5zaA0KICAtIHN1ZG8gaG9zdG5hbWVjdGwgc2V0LWhvc3RuYW1lIGJpcmRiYXRoLXRlc3Qtam1wLTAxIA0K",
            "guest_customization_is_overridable": false,
            "guest_customization_sysprep": {},
            "guest_customization_sysprep_custom_key_values": {},
            "guest_os_id": "",
            "hardware_clock_timezone": "UTC",
            "host_reference": {
              "kind": "host",
              "name": "10.42.36.26",
              "uuid": "43e9bfa4-1662-48d9-97ff-050f46d8ab13"
            },
            "hypervisor_type": null,
            "id": "405b3262-4989-426f-a0a2-1d0ebcff6b70",
            "is_vcpu_hard_pinned": false,
            "machine_type": "PC",
            "memory_size_mib": 4096,
            "metadata": {
              "creation_time": "2024-09-05 12:26:26 +0000 UTC",
              "last_update_time": "2024-09-05 12:26:26 +0000 UTC",
              "name": "",
              "spec_hash": "",
              "spec_version": "0",
              "uuid": "405b3262-4989-426f-a0a2-1d0ebcff6b70"
            },
            "name": "birdbath-test-jmp-01",
            "ngt_credentials": {},
            "ngt_enabled_capability_list": [],
            "nic_list": [
              {
                "ip_endpoint_list": [
                  {
                    "ip": "10.42.36.76",
                    "type": "ASSIGNED"
                  }
                ],
                "is_connected": "true",
                "mac_address": "50:6b:8d:f6:e4:96",
                "model": "",
                "network_function_chain_reference": {},
                "network_function_nic_type": "",
                "nic_type": "NORMAL_NIC",
                "num_queues": 0,
                "subnet_name": "primary",
                "subnet_uuid": "cf2006f1-9acf-47a9-b8fa-18d87e72af5d",
                "uuid": "0ff69d6e-5602-48d7-a4c0-a714cc059a5b"
              }
            ],
            "nic_list_status": [
              {
                "floating_ip": "",
                "ip_endpoint_list": [
                  {
                    "ip": "10.42.36.76",
                    "type": "ASSIGNED"
                  }
                ],
                "is_connected": "true",
                "mac_address": "50:6b:8d:f6:e4:96",
                "model": "",
                "network_function_chain_reference": {},
                "network_function_nic_type": "",
                "nic_type": "NORMAL_NIC",
                "num_queues": 0,
                "subnet_name": "primary",
                "subnet_uuid": "cf2006f1-9acf-47a9-b8fa-18d87e72af5d",
                "uuid": "0ff69d6e-5602-48d7-a4c0-a714cc059a5b"
              }
            ],
            "num_sockets": 1,
            "num_vcpus_per_socket": 2,
            "num_vnuma_nodes": 0,
            "nutanix_guest_tools": {},
            "owner_reference": {
              "kind": "user",
              "name": "admin",
              "uuid": "00000000-0000-0000-0000-000000000000"
            },
            "parent_reference": {},
            "power_state": "ON",
            "power_state_mechanism": "HARD",
            "project_reference": {
              "kind": "project",
              "name": "_internal",
              "uuid": "638f7fe8-11c2-4f10-b14d-8410ffd22958"
            },
            "serial_port_list": [],
            "should_fail_on_script_failure": false,
            "state": "COMPLETE",
            "timeouts": null,
            "use_hot_add": true,
            "vga_console_enabled": true
          },
          "sensitive_attributes": [],
          "private": "eyJlMmJmYjczMC1lY2FhLTExZTYtOGY4OC0zNDM2M2JjN2M0YzAiOnsiY3JlYXRlIjozNjAwMDAwMDAwMDAwLCJkZWxldGUiOjM2MDAwMDAwMDAwMDAsInVwZGF0ZSI6MzYwMDAwMDAwMDAwMH0sInNjaGVtYV92ZXJzaW9uIjoiMSJ9"
        }
      ]
    },
    {
      "module": "module.jmp-02",
      "mode": "managed",
      "type": "nutanix_virtual_machine",
      "name": "vm",
      "provider": "provider[\"registry.terraform.io/nutanix/nutanix\"]",
      "instances": [
        {
          "schema_version": 1,
          "attributes": {
            "api_version": "3.1",
            "availability_zone_reference": {},
            "boot_device_disk_address": {},
            "boot_device_mac_address": "",
            "boot_device_order_list": [],
            "boot_type": "",
            "categories": [],
            "cloud_init_cdrom_uuid": "127ca344-a14a-4200-af94-f5c45b31d428",
            "cluster_name": "PHX-POC036",
            "cluster_uuid": "00062139-bb4d-225a-0000-00000002ad3c",
            "description": "My Terraform managed VM",
            "disk_list": [
              {
                "data_source_reference": {
                  "kind": "image",
                  "uuid": "4fe6a7d3-35ee-4158-932a-070dadd7bc78"
                },
                "device_properties": [
                  {
                    "device_type": "DISK",
                    "disk_address": {
                      "adapter_type": "SCSI",
                      "device_index": "0"
                    }
                  }
                ],
                "disk_size_bytes": 3758096384,
                "disk_size_mib": 3584,
                "storage_config": [
                  {
                    "flash_mode": "",
                    "storage_container_reference": [
                      {
                        "kind": "storage_container",
                        "name": "SelfServiceContainer",
                        "url": "",
                        "uuid": "13c0e787-e618-46b3-869e-32b630fc7a03"
                      }
                    ]
                  }
                ],
                "uuid": "c7cf1b94-efce-4b3c-93ce-114a1f8769d6",
                "volume_group_reference": {}
              },
              {
                "data_source_reference": {},
                "device_properties": [
                  {
                    "device_type": "DISK",
                    "disk_address": {
                      "adapter_type": "SCSI",
                      "device_index": "1"
                    }
                  }
                ],
                "disk_size_bytes": 42949672960,
                "disk_size_mib": 40960,
                "storage_config": [
                  {
                    "flash_mode": "",
                    "storage_container_reference": [
                      {
                        "kind": "storage_container",
                        "name": "SelfServiceContainer",
                        "url": "",
                        "uuid": "13c0e787-e618-46b3-869e-32b630fc7a03"
                      }
                    ]
                  }
                ],
                "uuid": "60b9e0d3-5cf7-477c-8e86-a2b62b009c1d",
                "volume_group_reference": {}
              }
            ],
            "enable_cpu_passthrough": false,
            "enable_script_exec": false,
            "gpu_list": [],
            "guest_customization_cloud_init_custom_key_values": {},
            "guest_customization_cloud_init_meta_data": "",
            "guest_customization_cloud_init_user_data": "I2Nsb3VkLWNvbmZpZw0KdmVyc2lvbjogMQ0KcGFja2FnZV91cGRhdGU6IHRydWUNCmhvc3RuYW1lOiBiaXJkYmF0aC10ZXN0LWptcC0wMg0KbWFuYWdlX2V0Y19ob3N0czogdHJ1ZQ0KbWFuYWdlX3Jlc29sdl9jb25mOiB0cnVlDQpyZXNvbHZfY29uZjoNCiAgbmFtZXNlcnZlcnM6DQogICAgLSA4LjguOC44DQogICAgLSA4LjguNC40DQpwYWNrYWdlczoNCiAgLSBnaXQNCiAgLSBweXRob24taXMtcHl0aG9uMw0KICAtIHB5dGhvbjMtZ251cGcNCndyaXRlX2ZpbGVzOg0KIyBTYWx0IEJvb3RzdHJhcCBzY3JpcHQNCiAgLSBwYXRoOiAvdG1wL2dtaXRzL3NhbHRfaW5pdC5zaA0KICAgIHBlcm1pc3Npb25zOiAnMDUwMCcNCiAgICBjb250ZW50OiB8DQogICAgICAjIS9iaW4vYmFzaA0KICAgICAgDQogICAgICBleHBvcnQgREVCSUFOX0ZST05URU5EPW5vbmludGVyYWN0aXZlDQoNCiAgICAgIFNBTFRfR1BHX1VSTD0naHR0cHM6Ly9yZXBvLnNhbHRwcm9qZWN0LmlvL3NhbHQvcHkzL3VidW50dS8yMi4wNC9hbWQ2NC9TQUxULVBST0pFQ1QtR1BHLVBVQktFWS0yMDIzLmdwZycNCiAgICAgIFNBTFRfUkVQT19VUkw9J2h0dHBzOi8vcmVwby5zYWx0cHJvamVjdC5pby9zYWx0L3B5My91YnVudHUvMjIuMDQvYW1kNjQvbGF0ZXN0Jw0KICAgICAgS0VZUklOR19ESVI9Jy9ldGMvYXB0L2tleXJpbmdzJw0KDQogICAgICBjdXJsIC1mc1NMIC1vICRLRVlSSU5HX0RJUi9zYWx0LWFyY2hpdmUta2V5cmluZy0yMDIzLmdwZyAkU0FMVF9HUEdfVVJMDQogICAgICBlY2hvICJkZWIgW3NpZ25lZC1ieT0kS0VZUklOR19ESVIvc2FsdC1hcmNoaXZlLWtleXJpbmctMjAyMy5ncGcgYXJjaD1hbWQ2NF0gJFNBTFRfUkVQT19VUkwgamFtbXkgbWFpbiIgfCB0ZWUgL2V0Yy9hcHQvc291cmNlcy5saXN0LmQvc2FsdC5saXN0DQoNCiAgICAgIGFwdC1nZXQgdXBkYXRlICYmIGFwdC1nZXQgaW5zdGFsbCAtcXEgc2FsdC1taW5pb24gLXkNCiMgU2FsdCBtaW5pb24gY29uZmlnIGZpbGVzDQogIC0gcGF0aDogL2V0Yy9zYWx0L21pbmlvbi5kLzk5LW1hc3Rlci1hZGRyZXNzLmNvbmYNCiAgICBwZXJtaXNzaW9uczogJzA2NDQnDQogICAgY29udGVudDogfA0KICAgICAgbWFzdGVyOiBiaXJkYmF0aC10ZXN0LWNmZy0wMQ0KICAtIHBhdGg6IC9ldGMvc2FsdC9taW5pb24uZC9taW5pb25faWQuY29uZg0KICAgIHBlcm1pc3Npb25zOiAnMDY0NCcNCiAgICBjb250ZW50OiB8DQogICAgICBpZDogYmlyZGJhdGgtdGVzdC1qbXAtMDINCiAgLSBwYXRoOiAvZXRjL3NhbHQvbWluaW9uLmQveDUwOS5jb25mDQogICAgcGVybWlzc2lvbnM6ICcwNjQ0Jw0KICAgIGNvbnRlbnQ6IHwNCiAgICAgIGZlYXR1cmVzOg0KICAgICAgICB4NTA5X3YyOiB0cnVlDQoNCnJ1bmNtZDoNCiAgLSBzdWRvIC4vdG1wL2dtaXRzL3NhbHRfaW5pdC5zaA0KICAtIHN1ZG8gaG9zdG5hbWVjdGwgc2V0LWhvc3RuYW1lIGJpcmRiYXRoLXRlc3Qtam1wLTAyIA0K",
            "guest_customization_is_overridable": false,
            "guest_customization_sysprep": {},
            "guest_customization_sysprep_custom_key_values": {},
            "guest_os_id": "",
            "hardware_clock_timezone": "UTC",
            "host_reference": {
              "kind": "host",
              "name": "10.42.36.26",
              "uuid": "43e9bfa4-1662-48d9-97ff-050f46d8ab13"
            },
            "hypervisor_type": null,
            "id": "1a41522a-cd71-4ed3-8b56-238011fb6dd8",
            "is_vcpu_hard_pinned": false,
            "machine_type": "PC",
            "memory_size_mib": 4096,
            "metadata": {
              "creation_time": "2024-09-05 12:26:25 +0000 UTC",
              "last_update_time": "2024-09-05 12:26:25 +0000 UTC",
              "name": "",
              "spec_hash": "",
              "spec_version": "0",
              "uuid": "1a41522a-cd71-4ed3-8b56-238011fb6dd8"
            },
            "name": "birdbath-test-jmp-02",
            "ngt_credentials": {},
            "ngt_enabled_capability_list": [],
            "nic_list": [
              {
                "ip_endpoint_list": [
                  {
                    "ip": "10.42.36.120",
                    "type": "ASSIGNED"
                  }
                ],
                "is_connected": "true",
                "mac_address": "50:6b:8d:8a:8a:19",
                "model": "",
                "network_function_chain_reference": {},
                "network_function_nic_type": "",
                "nic_type": "NORMAL_NIC",
                "num_queues": 0,
                "subnet_name": "primary",
                "subnet_uuid": "cf2006f1-9acf-47a9-b8fa-18d87e72af5d",
                "uuid": "b2310164-377c-413c-8a69-6dbeee49f680"
              }
            ],
            "nic_list_status": [
              {
                "floating_ip": "",
                "ip_endpoint_list": [
                  {
                    "ip": "10.42.36.120",
                    "type": "ASSIGNED"
                  }
                ],
                "is_connected": "true",
                "mac_address": "50:6b:8d:8a:8a:19",
                "model": "",
                "network_function_chain_reference": {},
                "network_function_nic_type": "",
                "nic_type": "NORMAL_NIC",
                "num_queues": 0,
                "subnet_name": "primary",
                "subnet_uuid": "cf2006f1-9acf-47a9-b8fa-18d87e72af5d",
                "uuid": "b2310164-377c-413c-8a69-6dbeee49f680"
              }
            ],
            "num_sockets": 1,
            "num_vcpus_per_socket": 2,
            "num_vnuma_nodes": 0,
            "nutanix_guest_tools": {},
            "owner_reference": {
              "kind": "user",
              "name": "admin",
              "uuid": "00000000-0000-0000-0000-000000000000"
            },
            "parent_reference": {},
            "power_state": "ON",
            "power_state_mechanism": "HARD",
            "project_reference": {
              "kind": "project",
              "name": "_internal",
              "uuid": "638f7fe8-11c2-4f10-b14d-8410ffd22958"
            },
            "serial_port_list": [],
            "should_fail_on_script_failure": false,
            "state": "COMPLETE",
            "timeouts": null,
            "use_hot_add": true,
            "vga_console_enabled": true
          },
          "sensitive_attributes": [],
          "private": "eyJlMmJmYjczMC1lY2FhLTExZTYtOGY4OC0zNDM2M2JjN2M0YzAiOnsiY3JlYXRlIjozNjAwMDAwMDAwMDAwLCJkZWxldGUiOjM2MDAwMDAwMDAwMDAsInVwZGF0ZSI6MzYwMDAwMDAwMDAwMH0sInNjaGVtYV92ZXJzaW9uIjoiMSJ9"
        }
      ]
    },
    {
      "module": "module.log-01",
      "mode": "managed",
      "type": "nutanix_virtual_machine",
      "name": "vm",
      "provider": "provider[\"registry.terraform.io/nutanix/nutanix\"]",
      "instances": [
        {
          "schema_version": 1,
          "attributes": {
            "api_version": "3.1",
            "availability_zone_reference": {},
            "boot_device_disk_address": {},
            "boot_device_mac_address": "",
            "boot_device_order_list": [],
            "boot_type": "",
            "categories": [],
            "cloud_init_cdrom_uuid": "434dfd63-1879-43d7-b6e9-55f475944178",
            "cluster_name": "PHX-POC036",
            "cluster_uuid": "00062139-bb4d-225a-0000-00000002ad3c",
            "description": "My Terraform managed VM",
            "disk_list": [
              {
                "data_source_reference": {
                  "kind": "image",
                  "uuid": "4fe6a7d3-35ee-4158-932a-070dadd7bc78"
                },
                "device_properties": [
                  {
                    "device_type": "DISK",
                    "disk_address": {
                      "adapter_type": "SCSI",
                      "device_index": "0"
                    }
                  }
                ],
                "disk_size_bytes": 3758096384,
                "disk_size_mib": 3584,
                "storage_config": [
                  {
                    "flash_mode": "",
                    "storage_container_reference": [
                      {
                        "kind": "storage_container",
                        "name": "SelfServiceContainer",
                        "url": "",
                        "uuid": "13c0e787-e618-46b3-869e-32b630fc7a03"
                      }
                    ]
                  }
                ],
                "uuid": "27f4bad4-4893-4db6-958b-50660dcbf711",
                "volume_group_reference": {}
              },
              {
                "data_source_reference": {},
                "device_properties": [
                  {
                    "device_type": "DISK",
                    "disk_address": {
                      "adapter_type": "SCSI",
                      "device_index": "1"
                    }
                  }
                ],
                "disk_size_bytes": 42949672960,
                "disk_size_mib": 40960,
                "storage_config": [
                  {
                    "flash_mode": "",
                    "storage_container_reference": [
                      {
                        "kind": "storage_container",
                        "name": "SelfServiceContainer",
                        "url": "",
                        "uuid": "13c0e787-e618-46b3-869e-32b630fc7a03"
                      }
                    ]
                  }
                ],
                "uuid": "01d8d1d2-3991-43a2-b9f1-4e55867f3e6d",
                "volume_group_reference": {}
              }
            ],
            "enable_cpu_passthrough": false,
            "enable_script_exec": false,
            "gpu_list": [],
            "guest_customization_cloud_init_custom_key_values": {},
            "guest_customization_cloud_init_meta_data": "",
            "guest_customization_cloud_init_user_data": "I2Nsb3VkLWNvbmZpZw0KdmVyc2lvbjogMQ0KcGFja2FnZV91cGRhdGU6IHRydWUNCmhvc3RuYW1lOiBiaXJkYmF0aC10ZXN0LWxvZy0wMQ0KbWFuYWdlX2V0Y19ob3N0czogdHJ1ZQ0KbWFuYWdlX3Jlc29sdl9jb25mOiB0cnVlDQpyZXNvbHZfY29uZjoNCiAgbmFtZXNlcnZlcnM6DQogICAgLSA4LjguOC44DQogICAgLSA4LjguNC40DQpwYWNrYWdlczoNCiAgLSBnaXQNCiAgLSBweXRob24taXMtcHl0aG9uMw0KICAtIHB5dGhvbjMtZ251cGcNCndyaXRlX2ZpbGVzOg0KIyBTYWx0IEJvb3RzdHJhcCBzY3JpcHQNCiAgLSBwYXRoOiAvdG1wL2dtaXRzL3NhbHRfaW5pdC5zaA0KICAgIHBlcm1pc3Npb25zOiAnMDUwMCcNCiAgICBjb250ZW50OiB8DQogICAgICAjIS9iaW4vYmFzaA0KICAgICAgDQogICAgICBleHBvcnQgREVCSUFOX0ZST05URU5EPW5vbmludGVyYWN0aXZlDQoNCiAgICAgIFNBTFRfR1BHX1VSTD0naHR0cHM6Ly9yZXBvLnNhbHRwcm9qZWN0LmlvL3NhbHQvcHkzL3VidW50dS8yMi4wNC9hbWQ2NC9TQUxULVBST0pFQ1QtR1BHLVBVQktFWS0yMDIzLmdwZycNCiAgICAgIFNBTFRfUkVQT19VUkw9J2h0dHBzOi8vcmVwby5zYWx0cHJvamVjdC5pby9zYWx0L3B5My91YnVudHUvMjIuMDQvYW1kNjQvbGF0ZXN0Jw0KICAgICAgS0VZUklOR19ESVI9Jy9ldGMvYXB0L2tleXJpbmdzJw0KDQogICAgICBjdXJsIC1mc1NMIC1vICRLRVlSSU5HX0RJUi9zYWx0LWFyY2hpdmUta2V5cmluZy0yMDIzLmdwZyAkU0FMVF9HUEdfVVJMDQogICAgICBlY2hvICJkZWIgW3NpZ25lZC1ieT0kS0VZUklOR19ESVIvc2FsdC1hcmNoaXZlLWtleXJpbmctMjAyMy5ncGcgYXJjaD1hbWQ2NF0gJFNBTFRfUkVQT19VUkwgamFtbXkgbWFpbiIgfCB0ZWUgL2V0Yy9hcHQvc291cmNlcy5saXN0LmQvc2FsdC5saXN0DQoNCiAgICAgIGFwdC1nZXQgdXBkYXRlICYmIGFwdC1nZXQgaW5zdGFsbCAtcXEgc2FsdC1taW5pb24gLXkNCiMgU2FsdCBtaW5pb24gY29uZmlnIGZpbGVzDQogIC0gcGF0aDogL2V0Yy9zYWx0L21pbmlvbi5kLzk5LW1hc3Rlci1hZGRyZXNzLmNvbmYNCiAgICBwZXJtaXNzaW9uczogJzA2NDQnDQogICAgY29udGVudDogfA0KICAgICAgbWFzdGVyOiBiaXJkYmF0aC10ZXN0LWNmZy0wMQ0KICAtIHBhdGg6IC9ldGMvc2FsdC9taW5pb24uZC9taW5pb25faWQuY29uZg0KICAgIHBlcm1pc3Npb25zOiAnMDY0NCcNCiAgICBjb250ZW50OiB8DQogICAgICBpZDogYmlyZGJhdGgtdGVzdC1sb2ctMDENCiAgLSBwYXRoOiAvZXRjL3NhbHQvbWluaW9uLmQveDUwOS5jb25mDQogICAgcGVybWlzc2lvbnM6ICcwNjQ0Jw0KICAgIGNvbnRlbnQ6IHwNCiAgICAgIGZlYXR1cmVzOg0KICAgICAgICB4NTA5X3YyOiB0cnVlDQoNCnJ1bmNtZDoNCiAgLSBzdWRvIC4vdG1wL2dtaXRzL3NhbHRfaW5pdC5zaA0KICAtIHN1ZG8gaG9zdG5hbWVjdGwgc2V0LWhvc3RuYW1lIGJpcmRiYXRoLXRlc3QtbG9nLTAxIA0K",
            "guest_customization_is_overridable": false,
            "guest_customization_sysprep": {},
            "guest_customization_sysprep_custom_key_values": {},
            "guest_os_id": "",
            "hardware_clock_timezone": "UTC",
            "host_reference": {
              "kind": "host",
              "name": "10.42.36.26",
              "uuid": "43e9bfa4-1662-48d9-97ff-050f46d8ab13"
            },
            "hypervisor_type": null,
            "id": "4e368740-2c3f-4bcb-9883-5243ca5afbed",
            "is_vcpu_hard_pinned": false,
            "machine_type": "PC",
            "memory_size_mib": 4096,
            "metadata": {
              "creation_time": "2024-09-05 12:26:27 +0000 UTC",
              "last_update_time": "2024-09-05 12:26:27 +0000 UTC",
              "name": "",
              "spec_hash": "",
              "spec_version": "0",
              "uuid": "4e368740-2c3f-4bcb-9883-5243ca5afbed"
            },
            "name": "birdbath-test-log-01",
            "ngt_credentials": {},
            "ngt_enabled_capability_list": [],
            "nic_list": [
              {
                "ip_endpoint_list": [
                  {
                    "ip": "10.42.36.69",
                    "type": "ASSIGNED"
                  }
                ],
                "is_connected": "true",
                "mac_address": "50:6b:8d:eb:3c:58",
                "model": "",
                "network_function_chain_reference": {},
                "network_function_nic_type": "",
                "nic_type": "NORMAL_NIC",
                "num_queues": 0,
                "subnet_name": "primary",
                "subnet_uuid": "cf2006f1-9acf-47a9-b8fa-18d87e72af5d",
                "uuid": "47ce0584-8b15-4fb1-8caf-3bcbc5a85c42"
              }
            ],
            "nic_list_status": [
              {
                "floating_ip": "",
                "ip_endpoint_list": [
                  {
                    "ip": "10.42.36.69",
                    "type": "ASSIGNED"
                  }
                ],
                "is_connected": "true",
                "mac_address": "50:6b:8d:eb:3c:58",
                "model": "",
                "network_function_chain_reference": {},
                "network_function_nic_type": "",
                "nic_type": "NORMAL_NIC",
                "num_queues": 0,
                "subnet_name": "primary",
                "subnet_uuid": "cf2006f1-9acf-47a9-b8fa-18d87e72af5d",
                "uuid": "47ce0584-8b15-4fb1-8caf-3bcbc5a85c42"
              }
            ],
            "num_sockets": 1,
            "num_vcpus_per_socket": 2,
            "num_vnuma_nodes": 0,
            "nutanix_guest_tools": {},
            "owner_reference": {
              "kind": "user",
              "name": "admin",
              "uuid": "00000000-0000-0000-0000-000000000000"
            },
            "parent_reference": {},
            "power_state": "ON",
            "power_state_mechanism": "HARD",
            "project_reference": {
              "kind": "project",
              "name": "_internal",
              "uuid": "638f7fe8-11c2-4f10-b14d-8410ffd22958"
            },
            "serial_port_list": [],
            "should_fail_on_script_failure": false,
            "state": "COMPLETE",
            "timeouts": null,
            "use_hot_add": true,
            "vga_console_enabled": true
          },
          "sensitive_attributes": [],
          "private": "eyJlMmJmYjczMC1lY2FhLTExZTYtOGY4OC0zNDM2M2JjN2M0YzAiOnsiY3JlYXRlIjozNjAwMDAwMDAwMDAwLCJkZWxldGUiOjM2MDAwMDAwMDAwMDAsInVwZGF0ZSI6MzYwMDAwMDAwMDAwMH0sInNjaGVtYV92ZXJzaW9uIjoiMSJ9"
        }
      ]
    },
    {
      "module": "module.mon-01",
      "mode": "managed",
      "type": "nutanix_virtual_machine",
      "name": "vm",
      "provider": "provider[\"registry.terraform.io/nutanix/nutanix\"]",
      "instances": [
        {
          "schema_version": 1,
          "attributes": {
            "api_version": "3.1",
            "availability_zone_reference": {},
            "boot_device_disk_address": {},
            "boot_device_mac_address": "",
            "boot_device_order_list": [],
            "boot_type": "",
            "categories": [],
            "cloud_init_cdrom_uuid": "ef2390ee-611c-46e1-bf74-5195e83a196a",
            "cluster_name": "PHX-POC036",
            "cluster_uuid": "00062139-bb4d-225a-0000-00000002ad3c",
            "description": "My Terraform managed VM",
            "disk_list": [
              {
                "data_source_reference": {
                  "kind": "image",
                  "uuid": "4fe6a7d3-35ee-4158-932a-070dadd7bc78"
                },
                "device_properties": [
                  {
                    "device_type": "DISK",
                    "disk_address": {
                      "adapter_type": "SCSI",
                      "device_index": "0"
                    }
                  }
                ],
                "disk_size_bytes": 3758096384,
                "disk_size_mib": 3584,
                "storage_config": [
                  {
                    "flash_mode": "",
                    "storage_container_reference": [
                      {
                        "kind": "storage_container",
                        "name": "SelfServiceContainer",
                        "url": "",
                        "uuid": "13c0e787-e618-46b3-869e-32b630fc7a03"
                      }
                    ]
                  }
                ],
                "uuid": "04c0679f-9537-4bc3-ad4c-a3b1378c1204",
                "volume_group_reference": {}
              },
              {
                "data_source_reference": {},
                "device_properties": [
                  {
                    "device_type": "DISK",
                    "disk_address": {
                      "adapter_type": "SCSI",
                      "device_index": "1"
                    }
                  }
                ],
                "disk_size_bytes": 42949672960,
                "disk_size_mib": 40960,
                "storage_config": [
                  {
                    "flash_mode": "",
                    "storage_container_reference": [
                      {
                        "kind": "storage_container",
                        "name": "SelfServiceContainer",
                        "url": "",
                        "uuid": "13c0e787-e618-46b3-869e-32b630fc7a03"
                      }
                    ]
                  }
                ],
                "uuid": "fc0f3588-0518-4c13-a835-34e3a34012f0",
                "volume_group_reference": {}
              }
            ],
            "enable_cpu_passthrough": false,
            "enable_script_exec": false,
            "gpu_list": [],
            "guest_customization_cloud_init_custom_key_values": {},
            "guest_customization_cloud_init_meta_data": "",
            "guest_customization_cloud_init_user_data": "I2Nsb3VkLWNvbmZpZw0KdmVyc2lvbjogMQ0KcGFja2FnZV91cGRhdGU6IHRydWUNCmhvc3RuYW1lOiBiaXJkYmF0aC10ZXN0LW1vbi0wMQ0KbWFuYWdlX2V0Y19ob3N0czogdHJ1ZQ0KbWFuYWdlX3Jlc29sdl9jb25mOiB0cnVlDQpyZXNvbHZfY29uZjoNCiAgbmFtZXNlcnZlcnM6DQogICAgLSA4LjguOC44DQogICAgLSA4LjguNC40DQpwYWNrYWdlczoNCiAgLSBnaXQNCiAgLSBweXRob24taXMtcHl0aG9uMw0KICAtIHB5dGhvbjMtZ251cGcNCndyaXRlX2ZpbGVzOg0KIyBTYWx0IEJvb3RzdHJhcCBzY3JpcHQNCiAgLSBwYXRoOiAvdG1wL2dtaXRzL3NhbHRfaW5pdC5zaA0KICAgIHBlcm1pc3Npb25zOiAnMDUwMCcNCiAgICBjb250ZW50OiB8DQogICAgICAjIS9iaW4vYmFzaA0KICAgICAgDQogICAgICBleHBvcnQgREVCSUFOX0ZST05URU5EPW5vbmludGVyYWN0aXZlDQoNCiAgICAgIFNBTFRfR1BHX1VSTD0naHR0cHM6Ly9yZXBvLnNhbHRwcm9qZWN0LmlvL3NhbHQvcHkzL3VidW50dS8yMi4wNC9hbWQ2NC9TQUxULVBST0pFQ1QtR1BHLVBVQktFWS0yMDIzLmdwZycNCiAgICAgIFNBTFRfUkVQT19VUkw9J2h0dHBzOi8vcmVwby5zYWx0cHJvamVjdC5pby9zYWx0L3B5My91YnVudHUvMjIuMDQvYW1kNjQvbGF0ZXN0Jw0KICAgICAgS0VZUklOR19ESVI9Jy9ldGMvYXB0L2tleXJpbmdzJw0KDQogICAgICBjdXJsIC1mc1NMIC1vICRLRVlSSU5HX0RJUi9zYWx0LWFyY2hpdmUta2V5cmluZy0yMDIzLmdwZyAkU0FMVF9HUEdfVVJMDQogICAgICBlY2hvICJkZWIgW3NpZ25lZC1ieT0kS0VZUklOR19ESVIvc2FsdC1hcmNoaXZlLWtleXJpbmctMjAyMy5ncGcgYXJjaD1hbWQ2NF0gJFNBTFRfUkVQT19VUkwgamFtbXkgbWFpbiIgfCB0ZWUgL2V0Yy9hcHQvc291cmNlcy5saXN0LmQvc2FsdC5saXN0DQoNCiAgICAgIGFwdC1nZXQgdXBkYXRlICYmIGFwdC1nZXQgaW5zdGFsbCAtcXEgc2FsdC1taW5pb24gLXkNCiMgU2FsdCBtaW5pb24gY29uZmlnIGZpbGVzDQogIC0gcGF0aDogL2V0Yy9zYWx0L21pbmlvbi5kLzk5LW1hc3Rlci1hZGRyZXNzLmNvbmYNCiAgICBwZXJtaXNzaW9uczogJzA2NDQnDQogICAgY29udGVudDogfA0KICAgICAgbWFzdGVyOiBiaXJkYmF0aC10ZXN0LWNmZy0wMQ0KICAtIHBhdGg6IC9ldGMvc2FsdC9taW5pb24uZC9taW5pb25faWQuY29uZg0KICAgIHBlcm1pc3Npb25zOiAnMDY0NCcNCiAgICBjb250ZW50OiB8DQogICAgICBpZDogYmlyZGJhdGgtdGVzdC1tb24tMDENCiAgLSBwYXRoOiAvZXRjL3NhbHQvbWluaW9uLmQveDUwOS5jb25mDQogICAgcGVybWlzc2lvbnM6ICcwNjQ0Jw0KICAgIGNvbnRlbnQ6IHwNCiAgICAgIGZlYXR1cmVzOg0KICAgICAgICB4NTA5X3YyOiB0cnVlDQoNCnJ1bmNtZDoNCiAgLSBzdWRvIC4vdG1wL2dtaXRzL3NhbHRfaW5pdC5zaA0KICAtIHN1ZG8gaG9zdG5hbWVjdGwgc2V0LWhvc3RuYW1lIGJpcmRiYXRoLXRlc3QtbW9uLTAxIA0K",
            "guest_customization_is_overridable": false,
            "guest_customization_sysprep": {},
            "guest_customization_sysprep_custom_key_values": {},
            "guest_os_id": "",
            "hardware_clock_timezone": "UTC",
            "host_reference": {
              "kind": "host",
              "name": "10.42.36.26",
              "uuid": "43e9bfa4-1662-48d9-97ff-050f46d8ab13"
            },
            "hypervisor_type": null,
            "id": "ac8ffb8f-9ddb-40fd-bb62-1f5625c94fc1",
            "is_vcpu_hard_pinned": false,
            "machine_type": "PC",
            "memory_size_mib": 4096,
            "metadata": {
              "creation_time": "2024-09-05 12:26:28 +0000 UTC",
              "last_update_time": "2024-09-05 12:26:28 +0000 UTC",
              "name": "",
              "spec_hash": "",
              "spec_version": "0",
              "uuid": "ac8ffb8f-9ddb-40fd-bb62-1f5625c94fc1"
            },
            "name": "birdbath-test-mon-01",
            "ngt_credentials": {},
            "ngt_enabled_capability_list": [],
            "nic_list": [
              {
                "ip_endpoint_list": [
                  {
                    "ip": "10.42.36.108",
                    "type": "ASSIGNED"
                  }
                ],
                "is_connected": "true",
                "mac_address": "50:6b:8d:84:48:31",
                "model": "",
                "network_function_chain_reference": {},
                "network_function_nic_type": "",
                "nic_type": "NORMAL_NIC",
                "num_queues": 0,
                "subnet_name": "primary",
                "subnet_uuid": "cf2006f1-9acf-47a9-b8fa-18d87e72af5d",
                "uuid": "78741f92-57dc-413c-b18c-e60b023caaff"
              }
            ],
            "nic_list_status": [
              {
                "floating_ip": "",
                "ip_endpoint_list": [
                  {
                    "ip": "10.42.36.108",
                    "type": "ASSIGNED"
                  }
                ],
                "is_connected": "true",
                "mac_address": "50:6b:8d:84:48:31",
                "model": "",
                "network_function_chain_reference": {},
                "network_function_nic_type": "",
                "nic_type": "NORMAL_NIC",
                "num_queues": 0,
                "subnet_name": "primary",
                "subnet_uuid": "cf2006f1-9acf-47a9-b8fa-18d87e72af5d",
                "uuid": "78741f92-57dc-413c-b18c-e60b023caaff"
              }
            ],
            "num_sockets": 1,
            "num_vcpus_per_socket": 2,
            "num_vnuma_nodes": 0,
            "nutanix_guest_tools": {},
            "owner_reference": {
              "kind": "user",
              "name": "admin",
              "uuid": "00000000-0000-0000-0000-000000000000"
            },
            "parent_reference": {},
            "power_state": "ON",
            "power_state_mechanism": "HARD",
            "project_reference": {
              "kind": "project",
              "name": "_internal",
              "uuid": "638f7fe8-11c2-4f10-b14d-8410ffd22958"
            },
            "serial_port_list": [],
            "should_fail_on_script_failure": false,
            "state": "COMPLETE",
            "timeouts": null,
            "use_hot_add": true,
            "vga_console_enabled": true
          },
          "sensitive_attributes": [],
          "private": "eyJlMmJmYjczMC1lY2FhLTExZTYtOGY4OC0zNDM2M2JjN2M0YzAiOnsiY3JlYXRlIjozNjAwMDAwMDAwMDAwLCJkZWxldGUiOjM2MDAwMDAwMDAwMDAsInVwZGF0ZSI6MzYwMDAwMDAwMDAwMH0sInNjaGVtYV92ZXJzaW9uIjoiMSJ9"
        }
      ]
    },
    {
      "module": "module.netsvc-01",
      "mode": "managed",
      "type": "nutanix_virtual_machine",
      "name": "vm",
      "provider": "provider[\"registry.terraform.io/nutanix/nutanix\"]",
      "instances": [
        {
          "schema_version": 1,
          "attributes": {
            "api_version": "3.1",
            "availability_zone_reference": {},
            "boot_device_disk_address": {},
            "boot_device_mac_address": "",
            "boot_device_order_list": [],
            "boot_type": "",
            "categories": [],
            "cloud_init_cdrom_uuid": "fdd9c517-c14f-43ba-b637-724c847d3e07",
            "cluster_name": "PHX-POC036",
            "cluster_uuid": "00062139-bb4d-225a-0000-00000002ad3c",
            "description": "My Terraform managed VM",
            "disk_list": [
              {
                "data_source_reference": {
                  "kind": "image",
                  "uuid": "4fe6a7d3-35ee-4158-932a-070dadd7bc78"
                },
                "device_properties": [
                  {
                    "device_type": "DISK",
                    "disk_address": {
                      "adapter_type": "SCSI",
                      "device_index": "0"
                    }
                  }
                ],
                "disk_size_bytes": 3758096384,
                "disk_size_mib": 3584,
                "storage_config": [
                  {
                    "flash_mode": "",
                    "storage_container_reference": [
                      {
                        "kind": "storage_container",
                        "name": "SelfServiceContainer",
                        "url": "",
                        "uuid": "13c0e787-e618-46b3-869e-32b630fc7a03"
                      }
                    ]
                  }
                ],
                "uuid": "ace057f4-0c4e-4acb-9272-81c6730c7759",
                "volume_group_reference": {}
              },
              {
                "data_source_reference": {},
                "device_properties": [
                  {
                    "device_type": "DISK",
                    "disk_address": {
                      "adapter_type": "SCSI",
                      "device_index": "1"
                    }
                  }
                ],
                "disk_size_bytes": 42949672960,
                "disk_size_mib": 40960,
                "storage_config": [
                  {
                    "flash_mode": "",
                    "storage_container_reference": [
                      {
                        "kind": "storage_container",
                        "name": "SelfServiceContainer",
                        "url": "",
                        "uuid": "13c0e787-e618-46b3-869e-32b630fc7a03"
                      }
                    ]
                  }
                ],
                "uuid": "adf4b924-fe18-4e4b-ade8-21e600d39593",
                "volume_group_reference": {}
              }
            ],
            "enable_cpu_passthrough": false,
            "enable_script_exec": false,
            "gpu_list": [],
            "guest_customization_cloud_init_custom_key_values": {},
            "guest_customization_cloud_init_meta_data": "",
            "guest_customization_cloud_init_user_data": "I2Nsb3VkLWNvbmZpZw0KdmVyc2lvbjogMQ0KcGFja2FnZV91cGRhdGU6IHRydWUNCmhvc3RuYW1lOiBiaXJkYmF0aC10ZXN0LW5ldHN2Yy0wMQ0KbWFuYWdlX2V0Y19ob3N0czogdHJ1ZQ0KbWFuYWdlX3Jlc29sdl9jb25mOiB0cnVlDQpyZXNvbHZfY29uZjoNCiAgbmFtZXNlcnZlcnM6DQogICAgLSA4LjguOC44DQogICAgLSA4LjguNC40DQpwYWNrYWdlczoNCiAgLSBnaXQNCiAgLSBweXRob24taXMtcHl0aG9uMw0KICAtIHB5dGhvbjMtZ251cGcNCndyaXRlX2ZpbGVzOg0KIyBTYWx0IEJvb3RzdHJhcCBzY3JpcHQNCiAgLSBwYXRoOiAvdG1wL2dtaXRzL3NhbHRfaW5pdC5zaA0KICAgIHBlcm1pc3Npb25zOiAnMDUwMCcNCiAgICBjb250ZW50OiB8DQogICAgICAjIS9iaW4vYmFzaA0KICAgICAgDQogICAgICBleHBvcnQgREVCSUFOX0ZST05URU5EPW5vbmludGVyYWN0aXZlDQoNCiAgICAgIFNBTFRfR1BHX1VSTD0naHR0cHM6Ly9yZXBvLnNhbHRwcm9qZWN0LmlvL3NhbHQvcHkzL3VidW50dS8yMi4wNC9hbWQ2NC9TQUxULVBST0pFQ1QtR1BHLVBVQktFWS0yMDIzLmdwZycNCiAgICAgIFNBTFRfUkVQT19VUkw9J2h0dHBzOi8vcmVwby5zYWx0cHJvamVjdC5pby9zYWx0L3B5My91YnVudHUvMjIuMDQvYW1kNjQvbGF0ZXN0Jw0KICAgICAgS0VZUklOR19ESVI9Jy9ldGMvYXB0L2tleXJpbmdzJw0KDQogICAgICBjdXJsIC1mc1NMIC1vICRLRVlSSU5HX0RJUi9zYWx0LWFyY2hpdmUta2V5cmluZy0yMDIzLmdwZyAkU0FMVF9HUEdfVVJMDQogICAgICBlY2hvICJkZWIgW3NpZ25lZC1ieT0kS0VZUklOR19ESVIvc2FsdC1hcmNoaXZlLWtleXJpbmctMjAyMy5ncGcgYXJjaD1hbWQ2NF0gJFNBTFRfUkVQT19VUkwgamFtbXkgbWFpbiIgfCB0ZWUgL2V0Yy9hcHQvc291cmNlcy5saXN0LmQvc2FsdC5saXN0DQoNCiAgICAgIGFwdC1nZXQgdXBkYXRlICYmIGFwdC1nZXQgaW5zdGFsbCAtcXEgc2FsdC1taW5pb24gLXkNCiMgU2FsdCBtaW5pb24gY29uZmlnIGZpbGVzDQogIC0gcGF0aDogL2V0Yy9zYWx0L21pbmlvbi5kLzk5LW1hc3Rlci1hZGRyZXNzLmNvbmYNCiAgICBwZXJtaXNzaW9uczogJzA2NDQnDQogICAgY29udGVudDogfA0KICAgICAgbWFzdGVyOiBiaXJkYmF0aC10ZXN0LWNmZy0wMQ0KICAtIHBhdGg6IC9ldGMvc2FsdC9taW5pb24uZC9taW5pb25faWQuY29uZg0KICAgIHBlcm1pc3Npb25zOiAnMDY0NCcNCiAgICBjb250ZW50OiB8DQogICAgICBpZDogYmlyZGJhdGgtdGVzdC1uZXRzdmMtMDENCiAgLSBwYXRoOiAvZXRjL3NhbHQvbWluaW9uLmQveDUwOS5jb25mDQogICAgcGVybWlzc2lvbnM6ICcwNjQ0Jw0KICAgIGNvbnRlbnQ6IHwNCiAgICAgIGZlYXR1cmVzOg0KICAgICAgICB4NTA5X3YyOiB0cnVlDQoNCnJ1bmNtZDoNCiAgLSBzdWRvIC4vdG1wL2dtaXRzL3NhbHRfaW5pdC5zaA0KICAtIHN1ZG8gaG9zdG5hbWVjdGwgc2V0LWhvc3RuYW1lIGJpcmRiYXRoLXRlc3QtbmV0c3ZjLTAxIA0K",
            "guest_customization_is_overridable": false,
            "guest_customization_sysprep": {},
            "guest_customization_sysprep_custom_key_values": {},
            "guest_os_id": "",
            "hardware_clock_timezone": "UTC",
            "host_reference": {
              "kind": "host",
              "name": "10.42.36.28",
              "uuid": "b7c0426f-f7f5-4722-a7ce-451b7d0c8cc6"
            },
            "hypervisor_type": null,
            "id": "f1c56a9d-f3a6-4296-9c40-962900b18cb7",
            "is_vcpu_hard_pinned": false,
            "machine_type": "PC",
            "memory_size_mib": 4096,
            "metadata": {
              "creation_time": "2024-09-05 12:26:27 +0000 UTC",
              "last_update_time": "2024-09-05 12:26:27 +0000 UTC",
              "name": "",
              "spec_hash": "",
              "spec_version": "0",
              "uuid": "f1c56a9d-f3a6-4296-9c40-962900b18cb7"
            },
            "name": "birdbath-test-netsvc-01",
            "ngt_credentials": {},
            "ngt_enabled_capability_list": [],
            "nic_list": [
              {
                "ip_endpoint_list": [
                  {
                    "ip": "10.42.36.49",
                    "type": "ASSIGNED"
                  }
                ],
                "is_connected": "true",
                "mac_address": "50:6b:8d:fe:3f:7b",
                "model": "",
                "network_function_chain_reference": {},
                "network_function_nic_type": "",
                "nic_type": "NORMAL_NIC",
                "num_queues": 0,
                "subnet_name": "primary",
                "subnet_uuid": "cf2006f1-9acf-47a9-b8fa-18d87e72af5d",
                "uuid": "f22d196d-d863-4933-905c-a0cacb97017a"
              }
            ],
            "nic_list_status": [
              {
                "floating_ip": "",
                "ip_endpoint_list": [
                  {
                    "ip": "10.42.36.49",
                    "type": "ASSIGNED"
                  }
                ],
                "is_connected": "true",
                "mac_address": "50:6b:8d:fe:3f:7b",
                "model": "",
                "network_function_chain_reference": {},
                "network_function_nic_type": "",
                "nic_type": "NORMAL_NIC",
                "num_queues": 0,
                "subnet_name": "primary",
                "subnet_uuid": "cf2006f1-9acf-47a9-b8fa-18d87e72af5d",
                "uuid": "f22d196d-d863-4933-905c-a0cacb97017a"
              }
            ],
            "num_sockets": 1,
            "num_vcpus_per_socket": 2,
            "num_vnuma_nodes": 0,
            "nutanix_guest_tools": {},
            "owner_reference": {
              "kind": "user",
              "name": "admin",
              "uuid": "00000000-0000-0000-0000-000000000000"
            },
            "parent_reference": {},
            "power_state": "ON",
            "power_state_mechanism": "HARD",
            "project_reference": {
              "kind": "project",
              "name": "_internal",
              "uuid": "638f7fe8-11c2-4f10-b14d-8410ffd22958"
            },
            "serial_port_list": [],
            "should_fail_on_script_failure": false,
            "state": "COMPLETE",
            "timeouts": null,
            "use_hot_add": true,
            "vga_console_enabled": true
          },
          "sensitive_attributes": [],
          "private": "eyJlMmJmYjczMC1lY2FhLTExZTYtOGY4OC0zNDM2M2JjN2M0YzAiOnsiY3JlYXRlIjozNjAwMDAwMDAwMDAwLCJkZWxldGUiOjM2MDAwMDAwMDAwMDAsInVwZGF0ZSI6MzYwMDAwMDAwMDAwMH0sInNjaGVtYV92ZXJzaW9uIjoiMSJ9"
        }
      ]
    },
    {
      "module": "module.opensrch-01",
      "mode": "managed",
      "type": "nutanix_virtual_machine",
      "name": "vm",
      "provider": "provider[\"registry.terraform.io/nutanix/nutanix\"]",
      "instances": [
        {
          "schema_version": 1,
          "attributes": {
            "api_version": "3.1",
            "availability_zone_reference": {},
            "boot_device_disk_address": {},
            "boot_device_mac_address": "",
            "boot_device_order_list": [],
            "boot_type": "",
            "categories": [],
            "cloud_init_cdrom_uuid": "df90e56e-b9d4-4c77-9b6a-47e0287add64",
            "cluster_name": "PHX-POC036",
            "cluster_uuid": "00062139-bb4d-225a-0000-00000002ad3c",
            "description": "My Terraform managed VM",
            "disk_list": [
              {
                "data_source_reference": {
                  "kind": "image",
                  "uuid": "4fe6a7d3-35ee-4158-932a-070dadd7bc78"
                },
                "device_properties": [
                  {
                    "device_type": "DISK",
                    "disk_address": {
                      "adapter_type": "SCSI",
                      "device_index": "0"
                    }
                  }
                ],
                "disk_size_bytes": 3758096384,
                "disk_size_mib": 3584,
                "storage_config": [
                  {
                    "flash_mode": "",
                    "storage_container_reference": [
                      {
                        "kind": "storage_container",
                        "name": "SelfServiceContainer",
                        "url": "",
                        "uuid": "13c0e787-e618-46b3-869e-32b630fc7a03"
                      }
                    ]
                  }
                ],
                "uuid": "e5f3973d-dee0-4ac2-bb5e-2c1f6d5afaaf",
                "volume_group_reference": {}
              },
              {
                "data_source_reference": {},
                "device_properties": [
                  {
                    "device_type": "DISK",
                    "disk_address": {
                      "adapter_type": "SCSI",
                      "device_index": "1"
                    }
                  }
                ],
                "disk_size_bytes": 42949672960,
                "disk_size_mib": 40960,
                "storage_config": [
                  {
                    "flash_mode": "",
                    "storage_container_reference": [
                      {
                        "kind": "storage_container",
                        "name": "SelfServiceContainer",
                        "url": "",
                        "uuid": "13c0e787-e618-46b3-869e-32b630fc7a03"
                      }
                    ]
                  }
                ],
                "uuid": "ac39f26b-a253-4166-9f7e-67dd3be7cd21",
                "volume_group_reference": {}
              }
            ],
            "enable_cpu_passthrough": false,
            "enable_script_exec": false,
            "gpu_list": [],
            "guest_customization_cloud_init_custom_key_values": {},
            "guest_customization_cloud_init_meta_data": "",
            "guest_customization_cloud_init_user_data": "I2Nsb3VkLWNvbmZpZw0KdmVyc2lvbjogMQ0KcGFja2FnZV91cGRhdGU6IHRydWUNCmhvc3RuYW1lOiBiaXJkYmF0aC10ZXN0LW9wZW5zY3JjaC0wMQ0KbWFuYWdlX2V0Y19ob3N0czogdHJ1ZQ0KbWFuYWdlX3Jlc29sdl9jb25mOiB0cnVlDQpyZXNvbHZfY29uZjoNCiAgbmFtZXNlcnZlcnM6DQogICAgLSA4LjguOC44DQogICAgLSA4LjguNC40DQpwYWNrYWdlczoNCiAgLSBnaXQNCiAgLSBweXRob24taXMtcHl0aG9uMw0KICAtIHB5dGhvbjMtZ251cGcNCndyaXRlX2ZpbGVzOg0KIyBTYWx0IEJvb3RzdHJhcCBzY3JpcHQNCiAgLSBwYXRoOiAvdG1wL2dtaXRzL3NhbHRfaW5pdC5zaA0KICAgIHBlcm1pc3Npb25zOiAnMDUwMCcNCiAgICBjb250ZW50OiB8DQogICAgICAjIS9iaW4vYmFzaA0KICAgICAgDQogICAgICBleHBvcnQgREVCSUFOX0ZST05URU5EPW5vbmludGVyYWN0aXZlDQoNCiAgICAgIFNBTFRfR1BHX1VSTD0naHR0cHM6Ly9yZXBvLnNhbHRwcm9qZWN0LmlvL3NhbHQvcHkzL3VidW50dS8yMi4wNC9hbWQ2NC9TQUxULVBST0pFQ1QtR1BHLVBVQktFWS0yMDIzLmdwZycNCiAgICAgIFNBTFRfUkVQT19VUkw9J2h0dHBzOi8vcmVwby5zYWx0cHJvamVjdC5pby9zYWx0L3B5My91YnVudHUvMjIuMDQvYW1kNjQvbGF0ZXN0Jw0KICAgICAgS0VZUklOR19ESVI9Jy9ldGMvYXB0L2tleXJpbmdzJw0KDQogICAgICBjdXJsIC1mc1NMIC1vICRLRVlSSU5HX0RJUi9zYWx0LWFyY2hpdmUta2V5cmluZy0yMDIzLmdwZyAkU0FMVF9HUEdfVVJMDQogICAgICBlY2hvICJkZWIgW3NpZ25lZC1ieT0kS0VZUklOR19ESVIvc2FsdC1hcmNoaXZlLWtleXJpbmctMjAyMy5ncGcgYXJjaD1hbWQ2NF0gJFNBTFRfUkVQT19VUkwgamFtbXkgbWFpbiIgfCB0ZWUgL2V0Yy9hcHQvc291cmNlcy5saXN0LmQvc2FsdC5saXN0DQoNCiAgICAgIGFwdC1nZXQgdXBkYXRlICYmIGFwdC1nZXQgaW5zdGFsbCAtcXEgc2FsdC1taW5pb24gLXkNCiMgU2FsdCBtaW5pb24gY29uZmlnIGZpbGVzDQogIC0gcGF0aDogL2V0Yy9zYWx0L21pbmlvbi5kLzk5LW1hc3Rlci1hZGRyZXNzLmNvbmYNCiAgICBwZXJtaXNzaW9uczogJzA2NDQnDQogICAgY29udGVudDogfA0KICAgICAgbWFzdGVyOiBiaXJkYmF0aC10ZXN0LWNmZy0wMQ0KICAtIHBhdGg6IC9ldGMvc2FsdC9taW5pb24uZC9taW5pb25faWQuY29uZg0KICAgIHBlcm1pc3Npb25zOiAnMDY0NCcNCiAgICBjb250ZW50OiB8DQogICAgICBpZDogYmlyZGJhdGgtdGVzdC1vcGVuc2NyY2gtMDENCiAgLSBwYXRoOiAvZXRjL3NhbHQvbWluaW9uLmQveDUwOS5jb25mDQogICAgcGVybWlzc2lvbnM6ICcwNjQ0Jw0KICAgIGNvbnRlbnQ6IHwNCiAgICAgIGZlYXR1cmVzOg0KICAgICAgICB4NTA5X3YyOiB0cnVlDQoNCnJ1bmNtZDoNCiAgLSBzdWRvIC4vdG1wL2dtaXRzL3NhbHRfaW5pdC5zaA0KICAtIHN1ZG8gaG9zdG5hbWVjdGwgc2V0LWhvc3RuYW1lIGJpcmRiYXRoLXRlc3Qtb3BlbnNjcmNoLTAxIA0K",
            "guest_customization_is_overridable": false,
            "guest_customization_sysprep": {},
            "guest_customization_sysprep_custom_key_values": {},
            "guest_os_id": "",
            "hardware_clock_timezone": "UTC",
            "host_reference": {
              "kind": "host",
              "name": "10.42.36.28",
              "uuid": "b7c0426f-f7f5-4722-a7ce-451b7d0c8cc6"
            },
            "hypervisor_type": null,
            "id": "172d00dc-22a9-4397-80a6-7e052c53e6e0",
            "is_vcpu_hard_pinned": false,
            "machine_type": "PC",
            "memory_size_mib": 4096,
            "metadata": {
              "creation_time": "2024-09-05 12:26:26 +0000 UTC",
              "last_update_time": "2024-09-05 12:26:26 +0000 UTC",
              "name": "",
              "spec_hash": "",
              "spec_version": "0",
              "uuid": "172d00dc-22a9-4397-80a6-7e052c53e6e0"
            },
            "name": "birdbath-test-openscrch-01",
            "ngt_credentials": {},
            "ngt_enabled_capability_list": [],
            "nic_list": [
              {
                "ip_endpoint_list": [
                  {
                    "ip": "10.42.36.71",
                    "type": "ASSIGNED"
                  }
                ],
                "is_connected": "true",
                "mac_address": "50:6b:8d:af:14:b9",
                "model": "",
                "network_function_chain_reference": {},
                "network_function_nic_type": "",
                "nic_type": "NORMAL_NIC",
                "num_queues": 0,
                "subnet_name": "primary",
                "subnet_uuid": "cf2006f1-9acf-47a9-b8fa-18d87e72af5d",
                "uuid": "9c19ef8b-9c38-453c-aab1-391c5f9e2835"
              }
            ],
            "nic_list_status": [
              {
                "floating_ip": "",
                "ip_endpoint_list": [
                  {
                    "ip": "10.42.36.71",
                    "type": "ASSIGNED"
                  }
                ],
                "is_connected": "true",
                "mac_address": "50:6b:8d:af:14:b9",
                "model": "",
                "network_function_chain_reference": {},
                "network_function_nic_type": "",
                "nic_type": "NORMAL_NIC",
                "num_queues": 0,
                "subnet_name": "primary",
                "subnet_uuid": "cf2006f1-9acf-47a9-b8fa-18d87e72af5d",
                "uuid": "9c19ef8b-9c38-453c-aab1-391c5f9e2835"
              }
            ],
            "num_sockets": 1,
            "num_vcpus_per_socket": 2,
            "num_vnuma_nodes": 0,
            "nutanix_guest_tools": {},
            "owner_reference": {
              "kind": "user",
              "name": "admin",
              "uuid": "00000000-0000-0000-0000-000000000000"
            },
            "parent_reference": {},
            "power_state": "ON",
            "power_state_mechanism": "HARD",
            "project_reference": {
              "kind": "project",
              "name": "_internal",
              "uuid": "638f7fe8-11c2-4f10-b14d-8410ffd22958"
            },
            "serial_port_list": [],
            "should_fail_on_script_failure": false,
            "state": "COMPLETE",
            "timeouts": null,
            "use_hot_add": true,
            "vga_console_enabled": true
          },
          "sensitive_attributes": [],
          "private": "eyJlMmJmYjczMC1lY2FhLTExZTYtOGY4OC0zNDM2M2JjN2M0YzAiOnsiY3JlYXRlIjozNjAwMDAwMDAwMDAwLCJkZWxldGUiOjM2MDAwMDAwMDAwMDAsInVwZGF0ZSI6MzYwMDAwMDAwMDAwMH0sInNjaGVtYV92ZXJzaW9uIjoiMSJ9"
        }
      ]
    },
    {
      "module": "module.opensrch-02",
      "mode": "managed",
      "type": "nutanix_virtual_machine",
      "name": "vm",
      "provider": "provider[\"registry.terraform.io/nutanix/nutanix\"]",
      "instances": [
        {
          "schema_version": 1,
          "attributes": {
            "api_version": "3.1",
            "availability_zone_reference": {},
            "boot_device_disk_address": {},
            "boot_device_mac_address": "",
            "boot_device_order_list": [],
            "boot_type": "",
            "categories": [],
            "cloud_init_cdrom_uuid": "5adc124e-a070-4023-bd75-5ac73be8800d",
            "cluster_name": "PHX-POC036",
            "cluster_uuid": "00062139-bb4d-225a-0000-00000002ad3c",
            "description": "My Terraform managed VM",
            "disk_list": [
              {
                "data_source_reference": {
                  "kind": "image",
                  "uuid": "4fe6a7d3-35ee-4158-932a-070dadd7bc78"
                },
                "device_properties": [
                  {
                    "device_type": "DISK",
                    "disk_address": {
                      "adapter_type": "SCSI",
                      "device_index": "0"
                    }
                  }
                ],
                "disk_size_bytes": 3758096384,
                "disk_size_mib": 3584,
                "storage_config": [
                  {
                    "flash_mode": "",
                    "storage_container_reference": [
                      {
                        "kind": "storage_container",
                        "name": "SelfServiceContainer",
                        "url": "",
                        "uuid": "13c0e787-e618-46b3-869e-32b630fc7a03"
                      }
                    ]
                  }
                ],
                "uuid": "63641173-40a4-4563-9cfd-720c2ee39721",
                "volume_group_reference": {}
              },
              {
                "data_source_reference": {},
                "device_properties": [
                  {
                    "device_type": "DISK",
                    "disk_address": {
                      "adapter_type": "SCSI",
                      "device_index": "1"
                    }
                  }
                ],
                "disk_size_bytes": 42949672960,
                "disk_size_mib": 40960,
                "storage_config": [
                  {
                    "flash_mode": "",
                    "storage_container_reference": [
                      {
                        "kind": "storage_container",
                        "name": "SelfServiceContainer",
                        "url": "",
                        "uuid": "13c0e787-e618-46b3-869e-32b630fc7a03"
                      }
                    ]
                  }
                ],
                "uuid": "e660bdf7-59f0-43e6-a46c-384048ba8478",
                "volume_group_reference": {}
              }
            ],
            "enable_cpu_passthrough": false,
            "enable_script_exec": false,
            "gpu_list": [],
            "guest_customization_cloud_init_custom_key_values": {},
            "guest_customization_cloud_init_meta_data": "",
            "guest_customization_cloud_init_user_data": "I2Nsb3VkLWNvbmZpZw0KdmVyc2lvbjogMQ0KcGFja2FnZV91cGRhdGU6IHRydWUNCmhvc3RuYW1lOiBiaXJkYmF0aC10ZXN0LW9wZW5zY3JjaC0wMg0KbWFuYWdlX2V0Y19ob3N0czogdHJ1ZQ0KbWFuYWdlX3Jlc29sdl9jb25mOiB0cnVlDQpyZXNvbHZfY29uZjoNCiAgbmFtZXNlcnZlcnM6DQogICAgLSA4LjguOC44DQogICAgLSA4LjguNC40DQpwYWNrYWdlczoNCiAgLSBnaXQNCiAgLSBweXRob24taXMtcHl0aG9uMw0KICAtIHB5dGhvbjMtZ251cGcNCndyaXRlX2ZpbGVzOg0KIyBTYWx0IEJvb3RzdHJhcCBzY3JpcHQNCiAgLSBwYXRoOiAvdG1wL2dtaXRzL3NhbHRfaW5pdC5zaA0KICAgIHBlcm1pc3Npb25zOiAnMDUwMCcNCiAgICBjb250ZW50OiB8DQogICAgICAjIS9iaW4vYmFzaA0KICAgICAgDQogICAgICBleHBvcnQgREVCSUFOX0ZST05URU5EPW5vbmludGVyYWN0aXZlDQoNCiAgICAgIFNBTFRfR1BHX1VSTD0naHR0cHM6Ly9yZXBvLnNhbHRwcm9qZWN0LmlvL3NhbHQvcHkzL3VidW50dS8yMi4wNC9hbWQ2NC9TQUxULVBST0pFQ1QtR1BHLVBVQktFWS0yMDIzLmdwZycNCiAgICAgIFNBTFRfUkVQT19VUkw9J2h0dHBzOi8vcmVwby5zYWx0cHJvamVjdC5pby9zYWx0L3B5My91YnVudHUvMjIuMDQvYW1kNjQvbGF0ZXN0Jw0KICAgICAgS0VZUklOR19ESVI9Jy9ldGMvYXB0L2tleXJpbmdzJw0KDQogICAgICBjdXJsIC1mc1NMIC1vICRLRVlSSU5HX0RJUi9zYWx0LWFyY2hpdmUta2V5cmluZy0yMDIzLmdwZyAkU0FMVF9HUEdfVVJMDQogICAgICBlY2hvICJkZWIgW3NpZ25lZC1ieT0kS0VZUklOR19ESVIvc2FsdC1hcmNoaXZlLWtleXJpbmctMjAyMy5ncGcgYXJjaD1hbWQ2NF0gJFNBTFRfUkVQT19VUkwgamFtbXkgbWFpbiIgfCB0ZWUgL2V0Yy9hcHQvc291cmNlcy5saXN0LmQvc2FsdC5saXN0DQoNCiAgICAgIGFwdC1nZXQgdXBkYXRlICYmIGFwdC1nZXQgaW5zdGFsbCAtcXEgc2FsdC1taW5pb24gLXkNCiMgU2FsdCBtaW5pb24gY29uZmlnIGZpbGVzDQogIC0gcGF0aDogL2V0Yy9zYWx0L21pbmlvbi5kLzk5LW1hc3Rlci1hZGRyZXNzLmNvbmYNCiAgICBwZXJtaXNzaW9uczogJzA2NDQnDQogICAgY29udGVudDogfA0KICAgICAgbWFzdGVyOiBiaXJkYmF0aC10ZXN0LWNmZy0wMQ0KICAtIHBhdGg6IC9ldGMvc2FsdC9taW5pb24uZC9taW5pb25faWQuY29uZg0KICAgIHBlcm1pc3Npb25zOiAnMDY0NCcNCiAgICBjb250ZW50OiB8DQogICAgICBpZDogYmlyZGJhdGgtdGVzdC1vcGVuc2NyY2gtMDINCiAgLSBwYXRoOiAvZXRjL3NhbHQvbWluaW9uLmQveDUwOS5jb25mDQogICAgcGVybWlzc2lvbnM6ICcwNjQ0Jw0KICAgIGNvbnRlbnQ6IHwNCiAgICAgIGZlYXR1cmVzOg0KICAgICAgICB4NTA5X3YyOiB0cnVlDQoNCnJ1bmNtZDoNCiAgLSBzdWRvIC4vdG1wL2dtaXRzL3NhbHRfaW5pdC5zaA0KICAtIHN1ZG8gaG9zdG5hbWVjdGwgc2V0LWhvc3RuYW1lIGJpcmRiYXRoLXRlc3Qtb3BlbnNjcmNoLTAyIA0K",
            "guest_customization_is_overridable": false,
            "guest_customization_sysprep": {},
            "guest_customization_sysprep_custom_key_values": {},
            "guest_os_id": "",
            "hardware_clock_timezone": "UTC",
            "host_reference": {
              "kind": "host",
              "name": "10.42.36.26",
              "uuid": "43e9bfa4-1662-48d9-97ff-050f46d8ab13"
            },
            "hypervisor_type": null,
            "id": "b1f26141-93e4-482c-80c2-762ef9105119",
            "is_vcpu_hard_pinned": false,
            "machine_type": "PC",
            "memory_size_mib": 4096,
            "metadata": {
              "creation_time": "2024-09-05 12:26:26 +0000 UTC",
              "last_update_time": "2024-09-05 12:26:26 +0000 UTC",
              "name": "",
              "spec_hash": "",
              "spec_version": "0",
              "uuid": "b1f26141-93e4-482c-80c2-762ef9105119"
            },
            "name": "birdbath-test-openscrch-02",
            "ngt_credentials": {},
            "ngt_enabled_capability_list": [],
            "nic_list": [
              {
                "ip_endpoint_list": [
                  {
                    "ip": "10.42.36.111",
                    "type": "ASSIGNED"
                  }
                ],
                "is_connected": "true",
                "mac_address": "50:6b:8d:d3:41:46",
                "model": "",
                "network_function_chain_reference": {},
                "network_function_nic_type": "",
                "nic_type": "NORMAL_NIC",
                "num_queues": 0,
                "subnet_name": "primary",
                "subnet_uuid": "cf2006f1-9acf-47a9-b8fa-18d87e72af5d",
                "uuid": "0025d963-e287-4e0c-94e4-a0f19ae7627e"
              }
            ],
            "nic_list_status": [
              {
                "floating_ip": "",
                "ip_endpoint_list": [
                  {
                    "ip": "10.42.36.111",
                    "type": "ASSIGNED"
                  }
                ],
                "is_connected": "true",
                "mac_address": "50:6b:8d:d3:41:46",
                "model": "",
                "network_function_chain_reference": {},
                "network_function_nic_type": "",
                "nic_type": "NORMAL_NIC",
                "num_queues": 0,
                "subnet_name": "primary",
                "subnet_uuid": "cf2006f1-9acf-47a9-b8fa-18d87e72af5d",
                "uuid": "0025d963-e287-4e0c-94e4-a0f19ae7627e"
              }
            ],
            "num_sockets": 1,
            "num_vcpus_per_socket": 2,
            "num_vnuma_nodes": 0,
            "nutanix_guest_tools": {},
            "owner_reference": {
              "kind": "user",
              "name": "admin",
              "uuid": "00000000-0000-0000-0000-000000000000"
            },
            "parent_reference": {},
            "power_state": "ON",
            "power_state_mechanism": "HARD",
            "project_reference": {
              "kind": "project",
              "name": "_internal",
              "uuid": "638f7fe8-11c2-4f10-b14d-8410ffd22958"
            },
            "serial_port_list": [],
            "should_fail_on_script_failure": false,
            "state": "COMPLETE",
            "timeouts": null,
            "use_hot_add": true,
            "vga_console_enabled": true
          },
          "sensitive_attributes": [],
          "private": "eyJlMmJmYjczMC1lY2FhLTExZTYtOGY4OC0zNDM2M2JjN2M0YzAiOnsiY3JlYXRlIjozNjAwMDAwMDAwMDAwLCJkZWxldGUiOjM2MDAwMDAwMDAwMDAsInVwZGF0ZSI6MzYwMDAwMDAwMDAwMH0sInNjaGVtYV92ZXJzaW9uIjoiMSJ9"
        }
      ]
    },
    {
      "module": "module.opensrch-03",
      "mode": "managed",
      "type": "nutanix_virtual_machine",
      "name": "vm",
      "provider": "provider[\"registry.terraform.io/nutanix/nutanix\"]",
      "instances": [
        {
          "schema_version": 1,
          "attributes": {
            "api_version": "3.1",
            "availability_zone_reference": {},
            "boot_device_disk_address": {},
            "boot_device_mac_address": "",
            "boot_device_order_list": [],
            "boot_type": "",
            "categories": [],
            "cloud_init_cdrom_uuid": "6528552b-04d7-4f33-8745-fc299a78e9eb",
            "cluster_name": "PHX-POC036",
            "cluster_uuid": "00062139-bb4d-225a-0000-00000002ad3c",
            "description": "My Terraform managed VM",
            "disk_list": [
              {
                "data_source_reference": {
                  "kind": "image",
                  "uuid": "4fe6a7d3-35ee-4158-932a-070dadd7bc78"
                },
                "device_properties": [
                  {
                    "device_type": "DISK",
                    "disk_address": {
                      "adapter_type": "SCSI",
                      "device_index": "0"
                    }
                  }
                ],
                "disk_size_bytes": 3758096384,
                "disk_size_mib": 3584,
                "storage_config": [
                  {
                    "flash_mode": "",
                    "storage_container_reference": [
                      {
                        "kind": "storage_container",
                        "name": "SelfServiceContainer",
                        "url": "",
                        "uuid": "13c0e787-e618-46b3-869e-32b630fc7a03"
                      }
                    ]
                  }
                ],
                "uuid": "783926cd-c628-486f-99a6-26185830f1e9",
                "volume_group_reference": {}
              },
              {
                "data_source_reference": {},
                "device_properties": [
                  {
                    "device_type": "DISK",
                    "disk_address": {
                      "adapter_type": "SCSI",
                      "device_index": "1"
                    }
                  }
                ],
                "disk_size_bytes": 42949672960,
                "disk_size_mib": 40960,
                "storage_config": [
                  {
                    "flash_mode": "",
                    "storage_container_reference": [
                      {
                        "kind": "storage_container",
                        "name": "SelfServiceContainer",
                        "url": "",
                        "uuid": "13c0e787-e618-46b3-869e-32b630fc7a03"
                      }
                    ]
                  }
                ],
                "uuid": "c408bf9c-167f-4cfc-9000-781f6aad2539",
                "volume_group_reference": {}
              }
            ],
            "enable_cpu_passthrough": false,
            "enable_script_exec": false,
            "gpu_list": [],
            "guest_customization_cloud_init_custom_key_values": {},
            "guest_customization_cloud_init_meta_data": "",
            "guest_customization_cloud_init_user_data": "I2Nsb3VkLWNvbmZpZw0KdmVyc2lvbjogMQ0KcGFja2FnZV91cGRhdGU6IHRydWUNCmhvc3RuYW1lOiBiaXJkYmF0aC10ZXN0LW9wZW5zY3JjaC0wMw0KbWFuYWdlX2V0Y19ob3N0czogdHJ1ZQ0KbWFuYWdlX3Jlc29sdl9jb25mOiB0cnVlDQpyZXNvbHZfY29uZjoNCiAgbmFtZXNlcnZlcnM6DQogICAgLSA4LjguOC44DQogICAgLSA4LjguNC40DQpwYWNrYWdlczoNCiAgLSBnaXQNCiAgLSBweXRob24taXMtcHl0aG9uMw0KICAtIHB5dGhvbjMtZ251cGcNCndyaXRlX2ZpbGVzOg0KIyBTYWx0IEJvb3RzdHJhcCBzY3JpcHQNCiAgLSBwYXRoOiAvdG1wL2dtaXRzL3NhbHRfaW5pdC5zaA0KICAgIHBlcm1pc3Npb25zOiAnMDUwMCcNCiAgICBjb250ZW50OiB8DQogICAgICAjIS9iaW4vYmFzaA0KICAgICAgDQogICAgICBleHBvcnQgREVCSUFOX0ZST05URU5EPW5vbmludGVyYWN0aXZlDQoNCiAgICAgIFNBTFRfR1BHX1VSTD0naHR0cHM6Ly9yZXBvLnNhbHRwcm9qZWN0LmlvL3NhbHQvcHkzL3VidW50dS8yMi4wNC9hbWQ2NC9TQUxULVBST0pFQ1QtR1BHLVBVQktFWS0yMDIzLmdwZycNCiAgICAgIFNBTFRfUkVQT19VUkw9J2h0dHBzOi8vcmVwby5zYWx0cHJvamVjdC5pby9zYWx0L3B5My91YnVudHUvMjIuMDQvYW1kNjQvbGF0ZXN0Jw0KICAgICAgS0VZUklOR19ESVI9Jy9ldGMvYXB0L2tleXJpbmdzJw0KDQogICAgICBjdXJsIC1mc1NMIC1vICRLRVlSSU5HX0RJUi9zYWx0LWFyY2hpdmUta2V5cmluZy0yMDIzLmdwZyAkU0FMVF9HUEdfVVJMDQogICAgICBlY2hvICJkZWIgW3NpZ25lZC1ieT0kS0VZUklOR19ESVIvc2FsdC1hcmNoaXZlLWtleXJpbmctMjAyMy5ncGcgYXJjaD1hbWQ2NF0gJFNBTFRfUkVQT19VUkwgamFtbXkgbWFpbiIgfCB0ZWUgL2V0Yy9hcHQvc291cmNlcy5saXN0LmQvc2FsdC5saXN0DQoNCiAgICAgIGFwdC1nZXQgdXBkYXRlICYmIGFwdC1nZXQgaW5zdGFsbCAtcXEgc2FsdC1taW5pb24gLXkNCiMgU2FsdCBtaW5pb24gY29uZmlnIGZpbGVzDQogIC0gcGF0aDogL2V0Yy9zYWx0L21pbmlvbi5kLzk5LW1hc3Rlci1hZGRyZXNzLmNvbmYNCiAgICBwZXJtaXNzaW9uczogJzA2NDQnDQogICAgY29udGVudDogfA0KICAgICAgbWFzdGVyOiBiaXJkYmF0aC10ZXN0LWNmZy0wMQ0KICAtIHBhdGg6IC9ldGMvc2FsdC9taW5pb24uZC9taW5pb25faWQuY29uZg0KICAgIHBlcm1pc3Npb25zOiAnMDY0NCcNCiAgICBjb250ZW50OiB8DQogICAgICBpZDogYmlyZGJhdGgtdGVzdC1vcGVuc2NyY2gtMDMNCiAgLSBwYXRoOiAvZXRjL3NhbHQvbWluaW9uLmQveDUwOS5jb25mDQogICAgcGVybWlzc2lvbnM6ICcwNjQ0Jw0KICAgIGNvbnRlbnQ6IHwNCiAgICAgIGZlYXR1cmVzOg0KICAgICAgICB4NTA5X3YyOiB0cnVlDQoNCnJ1bmNtZDoNCiAgLSBzdWRvIC4vdG1wL2dtaXRzL3NhbHRfaW5pdC5zaA0KICAtIHN1ZG8gaG9zdG5hbWVjdGwgc2V0LWhvc3RuYW1lIGJpcmRiYXRoLXRlc3Qtb3BlbnNjcmNoLTAzIA0K",
            "guest_customization_is_overridable": false,
            "guest_customization_sysprep": {},
            "guest_customization_sysprep_custom_key_values": {},
            "guest_os_id": "",
            "hardware_clock_timezone": "UTC",
            "host_reference": {
              "kind": "host",
              "name": "10.42.36.28",
              "uuid": "b7c0426f-f7f5-4722-a7ce-451b7d0c8cc6"
            },
            "hypervisor_type": null,
            "id": "4ddfc501-36bb-4cc2-8ebd-df932fe165d5",
            "is_vcpu_hard_pinned": false,
            "machine_type": "PC",
            "memory_size_mib": 4096,
            "metadata": {
              "creation_time": "2024-09-05 12:26:25 +0000 UTC",
              "last_update_time": "2024-09-05 12:26:25 +0000 UTC",
              "name": "",
              "spec_hash": "",
              "spec_version": "0",
              "uuid": "4ddfc501-36bb-4cc2-8ebd-df932fe165d5"
            },
            "name": "birdbath-test-openscrch-03",
            "ngt_credentials": {},
            "ngt_enabled_capability_list": [],
            "nic_list": [
              {
                "ip_endpoint_list": [
                  {
                    "ip": "10.42.36.109",
                    "type": "ASSIGNED"
                  }
                ],
                "is_connected": "true",
                "mac_address": "50:6b:8d:ee:46:4b",
                "model": "",
                "network_function_chain_reference": {},
                "network_function_nic_type": "",
                "nic_type": "NORMAL_NIC",
                "num_queues": 0,
                "subnet_name": "primary",
                "subnet_uuid": "cf2006f1-9acf-47a9-b8fa-18d87e72af5d",
                "uuid": "be421f26-2fdc-426d-836c-0d3eb850da8f"
              }
            ],
            "nic_list_status": [
              {
                "floating_ip": "",
                "ip_endpoint_list": [
                  {
                    "ip": "10.42.36.109",
                    "type": "ASSIGNED"
                  }
                ],
                "is_connected": "true",
                "mac_address": "50:6b:8d:ee:46:4b",
                "model": "",
                "network_function_chain_reference": {},
                "network_function_nic_type": "",
                "nic_type": "NORMAL_NIC",
                "num_queues": 0,
                "subnet_name": "primary",
                "subnet_uuid": "cf2006f1-9acf-47a9-b8fa-18d87e72af5d",
                "uuid": "be421f26-2fdc-426d-836c-0d3eb850da8f"
              }
            ],
            "num_sockets": 1,
            "num_vcpus_per_socket": 2,
            "num_vnuma_nodes": 0,
            "nutanix_guest_tools": {},
            "owner_reference": {
              "kind": "user",
              "name": "admin",
              "uuid": "00000000-0000-0000-0000-000000000000"
            },
            "parent_reference": {},
            "power_state": "ON",
            "power_state_mechanism": "HARD",
            "project_reference": {
              "kind": "project",
              "name": "_internal",
              "uuid": "638f7fe8-11c2-4f10-b14d-8410ffd22958"
            },
            "serial_port_list": [],
            "should_fail_on_script_failure": false,
            "state": "COMPLETE",
            "timeouts": null,
            "use_hot_add": true,
            "vga_console_enabled": true
          },
          "sensitive_attributes": [],
          "private": "eyJlMmJmYjczMC1lY2FhLTExZTYtOGY4OC0zNDM2M2JjN2M0YzAiOnsiY3JlYXRlIjozNjAwMDAwMDAwMDAwLCJkZWxldGUiOjM2MDAwMDAwMDAwMDAsInVwZGF0ZSI6MzYwMDAwMDAwMDAwMH0sInNjaGVtYV92ZXJzaW9uIjoiMSJ9"
        }
      ]
    }
  ],
  "check_results": null
}
